// !$*UTF8*$!
{
	archiveVersion = 1;
	classes = {
	};
	objectVersion = 46;
	objects = {

/* Begin PBXBuildFile section */
		1F2DBBCA1B3300970097CF9D /* G_Hand_Close_light.dat in CopyFiles */ = {isa = PBXBuildFile; fileRef = 1F2DBBC71B3300970097CF9D /* G_Hand_Close_light.dat */; };
		1F2DBBCB1B3300970097CF9D /* G_Hand_L.dat in CopyFiles */ = {isa = PBXBuildFile; fileRef = 1F2DBBC81B3300970097CF9D /* G_Hand_L.dat */; };
		1F2DBBCC1B3300970097CF9D /* Hand_huge.dat in CopyFiles */ = {isa = PBXBuildFile; fileRef = 1F2DBBC91B3300970097CF9D /* Hand_huge.dat */; };
		1FEE89721B1DCB5E0064AEA5 /* interactor.cfg in Resources */ = {isa = PBXBuildFile; fileRef = A1E08DC01B14780B003ED9FF /* interactor.cfg */; };
		1FEE89741B1DCB5E0064AEA5 /* Cinderactor.cpp in Sources */ = {isa = PBXBuildFile; fileRef = A1E08DBC1B147715003ED9FF /* Cinderactor.cpp */; };
		1FEE89751B1DCB5E0064AEA5 /* mainApp.cpp in Sources */ = {isa = PBXBuildFile; fileRef = 00C07B8D0FFDB748004801EA /* mainApp.cpp */; };
		1FEE89761B1DCB5E0064AEA5 /* MovingRect.cpp in Sources */ = {isa = PBXBuildFile; fileRef = A1E08DBD1B147715003ED9FF /* MovingRect.cpp */; };
		1FEE89781B1DCB5E0064AEA5 /* Cocoa.framework in Frameworks */ = {isa = PBXBuildFile; fileRef = 1058C7A1FEA54F0111CA2CBB /* Cocoa.framework */; };
		1FEE89791B1DCB5E0064AEA5 /* OpenGL.framework in Frameworks */ = {isa = PBXBuildFile; fileRef = 0091D8F80E81B9330029341E /* OpenGL.framework */; };
		1FEE897A1B1DCB5E0064AEA5 /* Carbon.framework in Frameworks */ = {isa = PBXBuildFile; fileRef = 53E3CDFB0E86099300238D2B /* Carbon.framework */; };
		1FEE897B1B1DCB5E0064AEA5 /* CoreVideo.framework in Frameworks */ = {isa = PBXBuildFile; fileRef = 5323E6B10EAFCA74003A9687 /* CoreVideo.framework */; };
		1FEE897C1B1DCB5E0064AEA5 /* QTKit.framework in Frameworks */ = {isa = PBXBuildFile; fileRef = 5323E6B50EAFCA7E003A9687 /* QTKit.framework */; };
		1FEE897D1B1DCB5E0064AEA5 /* QuickTime.framework in Frameworks */ = {isa = PBXBuildFile; fileRef = 0097E3E40F3E9819005A4392 /* QuickTime.framework */; };
		1FEE897E1B1DCB5E0064AEA5 /* Accelerate.framework in Frameworks */ = {isa = PBXBuildFile; fileRef = 00B784AF0FF439BC000DE1D7 /* Accelerate.framework */; };
		1FEE897F1B1DCB5E0064AEA5 /* AudioToolbox.framework in Frameworks */ = {isa = PBXBuildFile; fileRef = 00B784B00FF439BC000DE1D7 /* AudioToolbox.framework */; };
		1FEE89801B1DCB5E0064AEA5 /* AudioUnit.framework in Frameworks */ = {isa = PBXBuildFile; fileRef = 00B784B10FF439BC000DE1D7 /* AudioUnit.framework */; };
		1FEE89811B1DCB5E0064AEA5 /* CoreAudio.framework in Frameworks */ = {isa = PBXBuildFile; fileRef = 00B784B20FF439BC000DE1D7 /* CoreAudio.framework */; };
		A1055A8F1B26F9070053CE48 /* Images.xcassets in Resources */ = {isa = PBXBuildFile; fileRef = A1055A8D1B26F8F80053CE48 /* Images.xcassets */; };
		A1055AAF1B27302C0053CE48 /* help.png in Resources */ = {isa = PBXBuildFile; fileRef = A1055AAD1B27302C0053CE48 /* help.png */; };
		A1C2F8621B413B2C001CFA33 /* GrabDrop-Info.plist in Resources */ = {isa = PBXBuildFile; fileRef = A1C2F8611B413B2C001CFA33 /* GrabDrop-Info.plist */; };
		A603E6B51DA38E0F004AF78E /* OpenNI.ini in CopyFiles */ = {isa = PBXBuildFile; fileRef = A603E6901DA38E0F004AF78E /* OpenNI.ini */; };
		A603E6B61DA38E0F004AF78E /* libwebp.4.dylib in CopyFiles */ = {isa = PBXBuildFile; fileRef = A603E6911DA38E0F004AF78E /* libwebp.4.dylib */; settings = {ATTRIBUTES = (CodeSignOnCopy, ); }; };
		A603E6B71DA38E0F004AF78E /* libusb-1.0.0.dylib in CopyFiles */ = {isa = PBXBuildFile; fileRef = A603E6921DA38E0F004AF78E /* libusb-1.0.0.dylib */; settings = {ATTRIBUTES = (CodeSignOnCopy, ); }; };
		A603E6B81DA38E0F004AF78E /* libturbojpeg.0.dylib in CopyFiles */ = {isa = PBXBuildFile; fileRef = A603E6931DA38E0F004AF78E /* libturbojpeg.0.dylib */; settings = {ATTRIBUTES = (CodeSignOnCopy, ); }; };
		A603E6B91DA38E0F004AF78E /* libtiff.5.dylib in CopyFiles */ = {isa = PBXBuildFile; fileRef = A603E6941DA38E0F004AF78E /* libtiff.5.dylib */; settings = {ATTRIBUTES = (CodeSignOnCopy, ); }; };
		A603E6BA1DA38E0F004AF78E /* libssl.1.0.0.dylib in CopyFiles */ = {isa = PBXBuildFile; fileRef = A603E6951DA38E0F004AF78E /* libssl.1.0.0.dylib */; settings = {ATTRIBUTES = (CodeSignOnCopy, ); }; };
		A603E6BB1DA38E0F004AF78E /* libPSLink.dylib in CopyFiles */ = {isa = PBXBuildFile; fileRef = A603E6961DA38E0F004AF78E /* libPSLink.dylib */; settings = {ATTRIBUTES = (CodeSignOnCopy, ); }; };
		A603E6BC1DA38E0F004AF78E /* libPS1080.dylib in CopyFiles */ = {isa = PBXBuildFile; fileRef = A603E6971DA38E0F004AF78E /* libPS1080.dylib */; settings = {ATTRIBUTES = (CodeSignOnCopy, ); }; };
		A603E6BD1DA38E0F004AF78E /* libpng16.16.dylib in CopyFiles */ = {isa = PBXBuildFile; fileRef = A603E6981DA38E0F004AF78E /* libpng16.16.dylib */; settings = {ATTRIBUTES = (CodeSignOnCopy, ); }; };
		A603E6BE1DA38E0F004AF78E /* liborbbec.dylib in CopyFiles */ = {isa = PBXBuildFile; fileRef = A603E6991DA38E0F004AF78E /* liborbbec.dylib */; settings = {ATTRIBUTES = (CodeSignOnCopy, ); }; };
		A603E6BF1DA38E0F004AF78E /* libOpenNI2.dylib in CopyFiles */ = {isa = PBXBuildFile; fileRef = A603E69A1DA38E0F004AF78E /* libOpenNI2.dylib */; settings = {ATTRIBUTES = (CodeSignOnCopy, ); }; };
		A603E6C01DA38E0F004AF78E /* libopencv_videoio.3.0.dylib in CopyFiles */ = {isa = PBXBuildFile; fileRef = A603E69B1DA38E0F004AF78E /* libopencv_videoio.3.0.dylib */; settings = {ATTRIBUTES = (CodeSignOnCopy, ); }; };
		A603E6C11DA38E0F004AF78E /* libopencv_video.3.0.dylib in CopyFiles */ = {isa = PBXBuildFile; fileRef = A603E69C1DA38E0F004AF78E /* libopencv_video.3.0.dylib */; settings = {ATTRIBUTES = (CodeSignOnCopy, ); }; };
		A603E6C21DA38E0F004AF78E /* libopencv_objdetect.3.0.dylib in CopyFiles */ = {isa = PBXBuildFile; fileRef = A603E69D1DA38E0F004AF78E /* libopencv_objdetect.3.0.dylib */; settings = {ATTRIBUTES = (CodeSignOnCopy, ); }; };
		A603E6C31DA38E0F004AF78E /* libopencv_ml.3.0.dylib in CopyFiles */ = {isa = PBXBuildFile; fileRef = A603E69E1DA38E0F004AF78E /* libopencv_ml.3.0.dylib */; settings = {ATTRIBUTES = (CodeSignOnCopy, ); }; };
		A603E6C41DA38E0F004AF78E /* libopencv_imgproc.3.0.dylib in CopyFiles */ = {isa = PBXBuildFile; fileRef = A603E69F1DA38E0F004AF78E /* libopencv_imgproc.3.0.dylib */; settings = {ATTRIBUTES = (CodeSignOnCopy, ); }; };
		A603E6C51DA38E0F004AF78E /* libopencv_imgcodecs.3.0.dylib in CopyFiles */ = {isa = PBXBuildFile; fileRef = A603E6A01DA38E0F004AF78E /* libopencv_imgcodecs.3.0.dylib */; settings = {ATTRIBUTES = (CodeSignOnCopy, ); }; };
		A603E6C61DA38E0F004AF78E /* libopencv_highgui.3.0.dylib in CopyFiles */ = {isa = PBXBuildFile; fileRef = A603E6A11DA38E0F004AF78E /* libopencv_highgui.3.0.dylib */; settings = {ATTRIBUTES = (CodeSignOnCopy, ); }; };
		A603E6C71DA38E0F004AF78E /* libopencv_flann.3.0.dylib in CopyFiles */ = {isa = PBXBuildFile; fileRef = A603E6A21DA38E0F004AF78E /* libopencv_flann.3.0.dylib */; settings = {ATTRIBUTES = (CodeSignOnCopy, ); }; };
		A603E6C81DA38E0F004AF78E /* libopencv_features2d.3.0.dylib in CopyFiles */ = {isa = PBXBuildFile; fileRef = A603E6A31DA38E0F004AF78E /* libopencv_features2d.3.0.dylib */; settings = {ATTRIBUTES = (CodeSignOnCopy, ); }; };
		A603E6C91DA38E0F004AF78E /* libopencv_core.3.0.dylib in CopyFiles */ = {isa = PBXBuildFile; fileRef = A603E6A41DA38E0F004AF78E /* libopencv_core.3.0.dylib */; settings = {ATTRIBUTES = (CodeSignOnCopy, ); }; };
		A603E6CA1DA38E0F004AF78E /* libopencv_calib3d.3.0.dylib in CopyFiles */ = {isa = PBXBuildFile; fileRef = A603E6A51DA38E0F004AF78E /* libopencv_calib3d.3.0.dylib */; settings = {ATTRIBUTES = (CodeSignOnCopy, ); }; };
		A603E6CB1DA38E0F004AF78E /* libjpeg.9.dylib in CopyFiles */ = {isa = PBXBuildFile; fileRef = A603E6A61DA38E0F004AF78E /* libjpeg.9.dylib */; settings = {ATTRIBUTES = (CodeSignOnCopy, ); }; };
		A603E6CC1DA38E0F004AF78E /* libintl.8.dylib in CopyFiles */ = {isa = PBXBuildFile; fileRef = A603E6A71DA38E0F004AF78E /* libintl.8.dylib */; settings = {ATTRIBUTES = (CodeSignOnCopy, ); }; };
		A603E6CD1DA38E0F004AF78E /* libidn.11.dylib in CopyFiles */ = {isa = PBXBuildFile; fileRef = A603E6A81DA38E0F004AF78E /* libidn.11.dylib */; settings = {ATTRIBUTES = (CodeSignOnCopy, ); }; };
		A603E6CE1DA38E0F004AF78E /* libiconv.2.dylib in CopyFiles */ = {isa = PBXBuildFile; fileRef = A603E6A91DA38E0F004AF78E /* libiconv.2.dylib */; settings = {ATTRIBUTES = (CodeSignOnCopy, ); }; };
		A603E6CF1DA38E0F004AF78E /* libglfw3.3.1.dylib in CopyFiles */ = {isa = PBXBuildFile; fileRef = A603E6AA1DA38E0F004AF78E /* libglfw3.3.1.dylib */; settings = {ATTRIBUTES = (CodeSignOnCopy, ); }; };
		A603E6D01DA38E0F004AF78E /* libfreenect2.0.1.dylib in CopyFiles */ = {isa = PBXBuildFile; fileRef = A603E6AB1DA38E0F004AF78E /* libfreenect2.0.1.dylib */; settings = {ATTRIBUTES = (CodeSignOnCopy, ); }; };
		A603E6D11DA38E0F004AF78E /* libfreenect2.0.1.0.dylib in CopyFiles */ = {isa = PBXBuildFile; fileRef = A603E6AC1DA38E0F004AF78E /* libfreenect2.0.1.0.dylib */; settings = {ATTRIBUTES = (CodeSignOnCopy, ); }; };
		A603E6D21DA38E0F004AF78E /* libcurl.4.dylib in CopyFiles */ = {isa = PBXBuildFile; fileRef = A603E6AD1DA38E0F004AF78E /* libcurl.4.dylib */; settings = {ATTRIBUTES = (CodeSignOnCopy, ); }; };
		A603E6D31DA38E0F004AF78E /* libcrypto.1.0.0.dylib in CopyFiles */ = {isa = PBXBuildFile; fileRef = A603E6AE1DA38E0F004AF78E /* libcrypto.1.0.0.dylib */; settings = {ATTRIBUTES = (CodeSignOnCopy, ); }; };
		A603E6D41DA38E0F004AF78E /* libboost_thread-mt.dylib in CopyFiles */ = {isa = PBXBuildFile; fileRef = A603E6AF1DA38E0F004AF78E /* libboost_thread-mt.dylib */; settings = {ATTRIBUTES = (CodeSignOnCopy, ); }; };
		A603E6D51DA38E0F004AF78E /* libboost_system-mt.dylib in CopyFiles */ = {isa = PBXBuildFile; fileRef = A603E6B01DA38E0F004AF78E /* libboost_system-mt.dylib */; settings = {ATTRIBUTES = (CodeSignOnCopy, ); }; };
		A603E6D61DA38E0F004AF78E /* libboost_serialization-mt.dylib in CopyFiles */ = {isa = PBXBuildFile; fileRef = A603E6B11DA38E0F004AF78E /* libboost_serialization-mt.dylib */; settings = {ATTRIBUTES = (CodeSignOnCopy, ); }; };
		A603E6D71DA38E0F004AF78E /* libboost_program_options-mt.dylib in CopyFiles */ = {isa = PBXBuildFile; fileRef = A603E6B21DA38E0F004AF78E /* libboost_program_options-mt.dylib */; settings = {ATTRIBUTES = (CodeSignOnCopy, ); }; };
		A603E6D81DA38E0F004AF78E /* libboost_filesystem-mt.dylib in CopyFiles */ = {isa = PBXBuildFile; fileRef = A603E6B31DA38E0F004AF78E /* libboost_filesystem-mt.dylib */; settings = {ATTRIBUTES = (CodeSignOnCopy, ); }; };
		A603E6D91DA38E0F004AF78E /* libboost_date_time-mt.dylib in CopyFiles */ = {isa = PBXBuildFile; fileRef = A603E6B41DA38E0F004AF78E /* libboost_date_time-mt.dylib */; settings = {ATTRIBUTES = (CodeSignOnCopy, ); }; };
/* End PBXBuildFile section */

/* Begin PBXCopyFilesBuildPhase section */
		1FEE89821B1DCB5E0064AEA5 /* CopyFiles */ = {
			isa = PBXCopyFilesBuildPhase;
			buildActionMask = 2147483647;
			dstPath = Models;
			dstSubfolderSpec = 7;
			files = (
				1F2DBBCA1B3300970097CF9D /* G_Hand_Close_light.dat in CopyFiles */,
				1F2DBBCB1B3300970097CF9D /* G_Hand_L.dat in CopyFiles */,
				1F2DBBCC1B3300970097CF9D /* Hand_huge.dat in CopyFiles */,
			);
			runOnlyForDeploymentPostprocessing = 0;
		};
		1FEE898E1B1DCCDD0064AEA5 /* CopyFiles */ = {
			isa = PBXCopyFilesBuildPhase;
			buildActionMask = 2147483647;
			dstPath = "";
			dstSubfolderSpec = 6;
			files = (
				A603E6B51DA38E0F004AF78E /* OpenNI.ini in CopyFiles */,
				A603E6B61DA38E0F004AF78E /* libwebp.4.dylib in CopyFiles */,
				A603E6B71DA38E0F004AF78E /* libusb-1.0.0.dylib in CopyFiles */,
				A603E6B81DA38E0F004AF78E /* libturbojpeg.0.dylib in CopyFiles */,
				A603E6B91DA38E0F004AF78E /* libtiff.5.dylib in CopyFiles */,
				A603E6BA1DA38E0F004AF78E /* libssl.1.0.0.dylib in CopyFiles */,
				A603E6BB1DA38E0F004AF78E /* libPSLink.dylib in CopyFiles */,
				A603E6BC1DA38E0F004AF78E /* libPS1080.dylib in CopyFiles */,
				A603E6BD1DA38E0F004AF78E /* libpng16.16.dylib in CopyFiles */,
				A603E6BE1DA38E0F004AF78E /* liborbbec.dylib in CopyFiles */,
				A603E6BF1DA38E0F004AF78E /* libOpenNI2.dylib in CopyFiles */,
				A603E6C01DA38E0F004AF78E /* libopencv_videoio.3.0.dylib in CopyFiles */,
				A603E6C11DA38E0F004AF78E /* libopencv_video.3.0.dylib in CopyFiles */,
				A603E6C21DA38E0F004AF78E /* libopencv_objdetect.3.0.dylib in CopyFiles */,
				A603E6C31DA38E0F004AF78E /* libopencv_ml.3.0.dylib in CopyFiles */,
				A603E6C41DA38E0F004AF78E /* libopencv_imgproc.3.0.dylib in CopyFiles */,
				A603E6C51DA38E0F004AF78E /* libopencv_imgcodecs.3.0.dylib in CopyFiles */,
				A603E6C61DA38E0F004AF78E /* libopencv_highgui.3.0.dylib in CopyFiles */,
				A603E6C71DA38E0F004AF78E /* libopencv_flann.3.0.dylib in CopyFiles */,
				A603E6C81DA38E0F004AF78E /* libopencv_features2d.3.0.dylib in CopyFiles */,
				A603E6C91DA38E0F004AF78E /* libopencv_core.3.0.dylib in CopyFiles */,
				A603E6CA1DA38E0F004AF78E /* libopencv_calib3d.3.0.dylib in CopyFiles */,
				A603E6CB1DA38E0F004AF78E /* libjpeg.9.dylib in CopyFiles */,
				A603E6CC1DA38E0F004AF78E /* libintl.8.dylib in CopyFiles */,
				A603E6CD1DA38E0F004AF78E /* libidn.11.dylib in CopyFiles */,
				A603E6CE1DA38E0F004AF78E /* libiconv.2.dylib in CopyFiles */,
				A603E6CF1DA38E0F004AF78E /* libglfw3.3.1.dylib in CopyFiles */,
				A603E6D01DA38E0F004AF78E /* libfreenect2.0.1.dylib in CopyFiles */,
				A603E6D11DA38E0F004AF78E /* libfreenect2.0.1.0.dylib in CopyFiles */,
				A603E6D21DA38E0F004AF78E /* libcurl.4.dylib in CopyFiles */,
				A603E6D31DA38E0F004AF78E /* libcrypto.1.0.0.dylib in CopyFiles */,
				A603E6D41DA38E0F004AF78E /* libboost_thread-mt.dylib in CopyFiles */,
				A603E6D51DA38E0F004AF78E /* libboost_system-mt.dylib in CopyFiles */,
				A603E6D61DA38E0F004AF78E /* libboost_serialization-mt.dylib in CopyFiles */,
				A603E6D71DA38E0F004AF78E /* libboost_program_options-mt.dylib in CopyFiles */,
				A603E6D81DA38E0F004AF78E /* libboost_filesystem-mt.dylib in CopyFiles */,
				A603E6D91DA38E0F004AF78E /* libboost_date_time-mt.dylib in CopyFiles */,
			);
			runOnlyForDeploymentPostprocessing = 0;
		};
/* End PBXCopyFilesBuildPhase section */

/* Begin PBXFileReference section */
		0091D8F80E81B9330029341E /* OpenGL.framework */ = {isa = PBXFileReference; lastKnownFileType = wrapper.framework; name = OpenGL.framework; path = /System/Library/Frameworks/OpenGL.framework; sourceTree = "<absolute>"; };
		0097E3E40F3E9819005A4392 /* QuickTime.framework */ = {isa = PBXFileReference; lastKnownFileType = wrapper.framework; name = QuickTime.framework; path = /System/Library/Frameworks/QuickTime.framework; sourceTree = "<absolute>"; };
		00B784AF0FF439BC000DE1D7 /* Accelerate.framework */ = {isa = PBXFileReference; lastKnownFileType = wrapper.framework; name = Accelerate.framework; path = System/Library/Frameworks/Accelerate.framework; sourceTree = SDKROOT; };
		00B784B00FF439BC000DE1D7 /* AudioToolbox.framework */ = {isa = PBXFileReference; lastKnownFileType = wrapper.framework; name = AudioToolbox.framework; path = System/Library/Frameworks/AudioToolbox.framework; sourceTree = SDKROOT; };
		00B784B10FF439BC000DE1D7 /* AudioUnit.framework */ = {isa = PBXFileReference; lastKnownFileType = wrapper.framework; name = AudioUnit.framework; path = System/Library/Frameworks/AudioUnit.framework; sourceTree = SDKROOT; };
		00B784B20FF439BC000DE1D7 /* CoreAudio.framework */ = {isa = PBXFileReference; lastKnownFileType = wrapper.framework; name = CoreAudio.framework; path = System/Library/Frameworks/CoreAudio.framework; sourceTree = SDKROOT; };
		00C07B8D0FFDB748004801EA /* mainApp.cpp */ = {isa = PBXFileReference; fileEncoding = 4; lastKnownFileType = sourcecode.cpp.cpp; name = mainApp.cpp; path = ../src/mainApp.cpp; sourceTree = SOURCE_ROOT; };
		1058C7A1FEA54F0111CA2CBB /* Cocoa.framework */ = {isa = PBXFileReference; lastKnownFileType = wrapper.framework; name = Cocoa.framework; path = /System/Library/Frameworks/Cocoa.framework; sourceTree = "<absolute>"; };
		13E42FB307B3F0F600E4EEF1 /* CoreData.framework */ = {isa = PBXFileReference; lastKnownFileType = wrapper.framework; name = CoreData.framework; path = /System/Library/Frameworks/CoreData.framework; sourceTree = "<absolute>"; };
		1F2DBB801B33000F0097CF9D /* libboost_date_time-mt.dylib */ = {isa = PBXFileReference; lastKnownFileType = "compiled.mach-o.dylib"; name = "libboost_date_time-mt.dylib"; path = "../../../../lib/libboost_date_time-mt.dylib"; sourceTree = "<group>"; };
		1F2DBB811B33000F0097CF9D /* libboost_filesystem-mt.dylib */ = {isa = PBXFileReference; lastKnownFileType = "compiled.mach-o.dylib"; name = "libboost_filesystem-mt.dylib"; path = "../../../../lib/libboost_filesystem-mt.dylib"; sourceTree = "<group>"; };
		1F2DBB821B33000F0097CF9D /* libboost_program_options-mt.dylib */ = {isa = PBXFileReference; lastKnownFileType = "compiled.mach-o.dylib"; name = "libboost_program_options-mt.dylib"; path = "../../../../lib/libboost_program_options-mt.dylib"; sourceTree = "<group>"; };
		1F2DBB831B33000F0097CF9D /* libboost_serialization-mt.dylib */ = {isa = PBXFileReference; lastKnownFileType = "compiled.mach-o.dylib"; name = "libboost_serialization-mt.dylib"; path = "../../../../lib/libboost_serialization-mt.dylib"; sourceTree = "<group>"; };
		1F2DBB841B33000F0097CF9D /* libboost_system-mt.dylib */ = {isa = PBXFileReference; lastKnownFileType = "compiled.mach-o.dylib"; name = "libboost_system-mt.dylib"; path = "../../../../lib/libboost_system-mt.dylib"; sourceTree = "<group>"; };
		1F2DBB851B33000F0097CF9D /* libboost_thread-mt.dylib */ = {isa = PBXFileReference; lastKnownFileType = "compiled.mach-o.dylib"; name = "libboost_thread-mt.dylib"; path = "../../../../lib/libboost_thread-mt.dylib"; sourceTree = "<group>"; };
		1F2DBB861B33000F0097CF9D /* libcrypto.1.0.0.dylib */ = {isa = PBXFileReference; lastKnownFileType = "compiled.mach-o.dylib"; name = libcrypto.1.0.0.dylib; path = ../../../../lib/libcrypto.1.0.0.dylib; sourceTree = "<group>"; };
		1F2DBB871B33000F0097CF9D /* libcurl.4.dylib */ = {isa = PBXFileReference; lastKnownFileType = "compiled.mach-o.dylib"; name = libcurl.4.dylib; path = ../../../../lib/libcurl.4.dylib; sourceTree = "<group>"; };
		1F2DBB881B33000F0097CF9D /* libiconv.2.dylib */ = {isa = PBXFileReference; lastKnownFileType = "compiled.mach-o.dylib"; name = libiconv.2.dylib; path = ../../../../lib/libiconv.2.dylib; sourceTree = "<group>"; };
		1F2DBB891B33000F0097CF9D /* libidn.11.dylib */ = {isa = PBXFileReference; lastKnownFileType = "compiled.mach-o.dylib"; name = libidn.11.dylib; path = ../../../../lib/libidn.11.dylib; sourceTree = "<group>"; };
		1F2DBB8A1B33000F0097CF9D /* libintl.8.dylib */ = {isa = PBXFileReference; lastKnownFileType = "compiled.mach-o.dylib"; name = libintl.8.dylib; path = ../../../../lib/libintl.8.dylib; sourceTree = "<group>"; };
		1F2DBB8B1B33000F0097CF9D /* libjpeg.9.dylib */ = {isa = PBXFileReference; lastKnownFileType = "compiled.mach-o.dylib"; name = libjpeg.9.dylib; path = ../../../../lib/libjpeg.9.dylib; sourceTree = "<group>"; };
		1F2DBB8C1B33000F0097CF9D /* liblzma.5.dylib */ = {isa = PBXFileReference; lastKnownFileType = "compiled.mach-o.dylib"; name = liblzma.5.dylib; path = ../../../../lib/liblzma.5.dylib; sourceTree = "<group>"; };
		1F2DBB8D1B33000F0097CF9D /* libOniFile.dylib */ = {isa = PBXFileReference; lastKnownFileType = "compiled.mach-o.dylib"; name = libOniFile.dylib; path = ../../../../lib/libOniFile.dylib; sourceTree = "<group>"; };
		1F2DBB8E1B33000F0097CF9D /* libopencv_calib3d.3.0.dylib */ = {isa = PBXFileReference; lastKnownFileType = "compiled.mach-o.dylib"; name = libopencv_calib3d.3.0.dylib; path = ../../../../lib/libopencv_calib3d.3.0.dylib; sourceTree = "<group>"; };
		1F2DBB8F1B33000F0097CF9D /* libopencv_core.3.0.dylib */ = {isa = PBXFileReference; lastKnownFileType = "compiled.mach-o.dylib"; name = libopencv_core.3.0.dylib; path = ../../../../lib/libopencv_core.3.0.dylib; sourceTree = "<group>"; };
		1F2DBB901B33000F0097CF9D /* libopencv_features2d.3.0.dylib */ = {isa = PBXFileReference; lastKnownFileType = "compiled.mach-o.dylib"; name = libopencv_features2d.3.0.dylib; path = ../../../../lib/libopencv_features2d.3.0.dylib; sourceTree = "<group>"; };
		1F2DBB911B33000F0097CF9D /* libopencv_flann.3.0.dylib */ = {isa = PBXFileReference; lastKnownFileType = "compiled.mach-o.dylib"; name = libopencv_flann.3.0.dylib; path = ../../../../lib/libopencv_flann.3.0.dylib; sourceTree = "<group>"; };
		1F2DBB921B33000F0097CF9D /* libopencv_highgui.3.0.dylib */ = {isa = PBXFileReference; lastKnownFileType = "compiled.mach-o.dylib"; name = libopencv_highgui.3.0.dylib; path = ../../../../lib/libopencv_highgui.3.0.dylib; sourceTree = "<group>"; };
		1F2DBB931B33000F0097CF9D /* libopencv_imgcodecs.3.0.dylib */ = {isa = PBXFileReference; lastKnownFileType = "compiled.mach-o.dylib"; name = libopencv_imgcodecs.3.0.dylib; path = ../../../../lib/libopencv_imgcodecs.3.0.dylib; sourceTree = "<group>"; };
		1F2DBB941B33000F0097CF9D /* libopencv_imgproc.3.0.dylib */ = {isa = PBXFileReference; lastKnownFileType = "compiled.mach-o.dylib"; name = libopencv_imgproc.3.0.dylib; path = ../../../../lib/libopencv_imgproc.3.0.dylib; sourceTree = "<group>"; };
		1F2DBB951B33000F0097CF9D /* libopencv_ml.3.0.dylib */ = {isa = PBXFileReference; lastKnownFileType = "compiled.mach-o.dylib"; name = libopencv_ml.3.0.dylib; path = ../../../../lib/libopencv_ml.3.0.dylib; sourceTree = "<group>"; };
		1F2DBB961B33000F0097CF9D /* libopencv_objdetect.3.0.dylib */ = {isa = PBXFileReference; lastKnownFileType = "compiled.mach-o.dylib"; name = libopencv_objdetect.3.0.dylib; path = ../../../../lib/libopencv_objdetect.3.0.dylib; sourceTree = "<group>"; };
		1F2DBB971B33000F0097CF9D /* libopencv_video.3.0.dylib */ = {isa = PBXFileReference; lastKnownFileType = "compiled.mach-o.dylib"; name = libopencv_video.3.0.dylib; path = ../../../../lib/libopencv_video.3.0.dylib; sourceTree = "<group>"; };
		1F2DBB981B33000F0097CF9D /* libopencv_videoio.3.0.dylib */ = {isa = PBXFileReference; lastKnownFileType = "compiled.mach-o.dylib"; name = libopencv_videoio.3.0.dylib; path = ../../../../lib/libopencv_videoio.3.0.dylib; sourceTree = "<group>"; };
		1F2DBB991B33000F0097CF9D /* libOpenNI2.dylib */ = {isa = PBXFileReference; lastKnownFileType = "compiled.mach-o.dylib"; name = libOpenNI2.dylib; path = ../../../../lib/libOpenNI2.dylib; sourceTree = "<group>"; };
		1F2DBB9A1B33000F0097CF9D /* libpng15.15.dylib */ = {isa = PBXFileReference; lastKnownFileType = "compiled.mach-o.dylib"; name = libpng15.15.dylib; path = ../../../../lib/libpng15.15.dylib; sourceTree = "<group>"; };
		1F2DBB9B1B33000F0097CF9D /* libPS1080.dylib */ = {isa = PBXFileReference; lastKnownFileType = "compiled.mach-o.dylib"; name = libPS1080.dylib; path = ../../../../lib/libPS1080.dylib; sourceTree = "<group>"; };
		1F2DBB9C1B33000F0097CF9D /* libPSLink.dylib */ = {isa = PBXFileReference; lastKnownFileType = "compiled.mach-o.dylib"; name = libPSLink.dylib; path = ../../../../lib/libPSLink.dylib; sourceTree = "<group>"; };
		1F2DBB9D1B33000F0097CF9D /* libssl.1.0.0.dylib */ = {isa = PBXFileReference; lastKnownFileType = "compiled.mach-o.dylib"; name = libssl.1.0.0.dylib; path = ../../../../lib/libssl.1.0.0.dylib; sourceTree = "<group>"; };
		1F2DBB9E1B33000F0097CF9D /* libtiff.5.dylib */ = {isa = PBXFileReference; lastKnownFileType = "compiled.mach-o.dylib"; name = libtiff.5.dylib; path = ../../../../lib/libtiff.5.dylib; sourceTree = "<group>"; };
		1F2DBB9F1B33000F0097CF9D /* libusb-1.0.0.dylib */ = {isa = PBXFileReference; lastKnownFileType = "compiled.mach-o.dylib"; name = "libusb-1.0.0.dylib"; path = "../../../../lib/libusb-1.0.0.dylib"; sourceTree = "<group>"; };
		1F2DBBA01B3300100097CF9D /* libwebp.4.dylib */ = {isa = PBXFileReference; lastKnownFileType = "compiled.mach-o.dylib"; name = libwebp.4.dylib; path = ../../../../lib/libwebp.4.dylib; sourceTree = "<group>"; };
		1F2DBBA11B3300100097CF9D /* libz.1.dylib */ = {isa = PBXFileReference; lastKnownFileType = "compiled.mach-o.dylib"; name = libz.1.dylib; path = ../../../../lib/libz.1.dylib; sourceTree = "<group>"; };
		1F2DBBA21B3300100097CF9D /* OpenNI.ini */ = {isa = PBXFileReference; lastKnownFileType = text; name = OpenNI.ini; path = ../../../../lib/OpenNI.ini; sourceTree = "<group>"; };
		1F2DBBC71B3300970097CF9D /* G_Hand_Close_light.dat */ = {isa = PBXFileReference; lastKnownFileType = text; name = G_Hand_Close_light.dat; path = ../../../../data/G_Hand_Close_light.dat; sourceTree = "<group>"; };
		1F2DBBC81B3300970097CF9D /* G_Hand_L.dat */ = {isa = PBXFileReference; lastKnownFileType = text; name = G_Hand_L.dat; path = ../../../../data/G_Hand_L.dat; sourceTree = "<group>"; };
		1F2DBBC91B3300970097CF9D /* Hand_huge.dat */ = {isa = PBXFileReference; lastKnownFileType = text; name = Hand_huge.dat; path = ../../../../data/Hand_huge.dat; sourceTree = "<group>"; };
		1FEE898C1B1DCB5E0064AEA5 /* GrabDrop.app */ = {isa = PBXFileReference; explicitFileType = wrapper.application; includeInIndex = 0; path = GrabDrop.app; sourceTree = BUILT_PRODUCTS_DIR; };
		29B97324FDCFA39411CA2CEA /* AppKit.framework */ = {isa = PBXFileReference; lastKnownFileType = wrapper.framework; name = AppKit.framework; path = /System/Library/Frameworks/AppKit.framework; sourceTree = "<absolute>"; };
		29B97325FDCFA39411CA2CEA /* Foundation.framework */ = {isa = PBXFileReference; lastKnownFileType = wrapper.framework; name = Foundation.framework; path = /System/Library/Frameworks/Foundation.framework; sourceTree = "<absolute>"; };
		32CA4F630368D1EE00C91783 /* GrabDrop_Prefix.pch */ = {isa = PBXFileReference; fileEncoding = 4; lastKnownFileType = sourcecode.c.h; path = GrabDrop_Prefix.pch; sourceTree = "<group>"; };
		5323E6B10EAFCA74003A9687 /* CoreVideo.framework */ = {isa = PBXFileReference; lastKnownFileType = wrapper.framework; name = CoreVideo.framework; path = /System/Library/Frameworks/CoreVideo.framework; sourceTree = "<absolute>"; };
		5323E6B50EAFCA7E003A9687 /* QTKit.framework */ = {isa = PBXFileReference; lastKnownFileType = wrapper.framework; name = QTKit.framework; path = /System/Library/Frameworks/QTKit.framework; sourceTree = "<absolute>"; };
		53E3CDFB0E86099300238D2B /* Carbon.framework */ = {isa = PBXFileReference; lastKnownFileType = wrapper.framework; name = Carbon.framework; path = /System/Library/Frameworks/Carbon.framework; sourceTree = "<absolute>"; };
		8D1107310486CEB800E47090 /* Info.plist */ = {isa = PBXFileReference; fileEncoding = 4; lastKnownFileType = text.plist.xml; path = Info.plist; sourceTree = "<group>"; };
		A1055A8D1B26F8F80053CE48 /* Images.xcassets */ = {isa = PBXFileReference; lastKnownFileType = folder.assetcatalog; name = Images.xcassets; path = GrabDrop_10_8/Images.xcassets; sourceTree = "<group>"; };
		A1055AAD1B27302C0053CE48 /* help.png */ = {isa = PBXFileReference; lastKnownFileType = image.png; name = help.png; path = ../resources/help.png; sourceTree = "<group>"; };
		A1055AB01B2730350053CE48 /* Help.h */ = {isa = PBXFileReference; fileEncoding = 4; lastKnownFileType = sourcecode.c.h; path = Help.h; sourceTree = "<group>"; };
		A1055AB21B2730750053CE48 /* resource.h */ = {isa = PBXFileReference; fileEncoding = 4; lastKnownFileType = sourcecode.c.h; name = resource.h; path = ../include/resource.h; sourceTree = "<group>"; };
		A1C2F8611B413B2C001CFA33 /* GrabDrop-Info.plist */ = {isa = PBXFileReference; fileEncoding = 4; lastKnownFileType = text.plist.xml; path = "GrabDrop-Info.plist"; sourceTree = "<group>"; };
		A1E08DB91B147715003ED9FF /* Cinderactor.h */ = {isa = PBXFileReference; fileEncoding = 4; lastKnownFileType = sourcecode.c.h; path = Cinderactor.h; sourceTree = "<group>"; };
		A1E08DBA1B147715003ED9FF /* MovingRect.h */ = {isa = PBXFileReference; fileEncoding = 4; lastKnownFileType = sourcecode.c.h; path = MovingRect.h; sourceTree = "<group>"; };
		A1E08DBC1B147715003ED9FF /* Cinderactor.cpp */ = {isa = PBXFileReference; fileEncoding = 4; lastKnownFileType = sourcecode.cpp.cpp; path = Cinderactor.cpp; sourceTree = "<group>"; };
		A1E08DBD1B147715003ED9FF /* MovingRect.cpp */ = {isa = PBXFileReference; fileEncoding = 4; lastKnownFileType = sourcecode.cpp.cpp; path = MovingRect.cpp; sourceTree = "<group>"; };
		A1E08DC01B14780B003ED9FF /* interactor.cfg */ = {isa = PBXFileReference; fileEncoding = 4; lastKnownFileType = text; name = interactor.cfg; path = ../resources/interactor.cfg; sourceTree = "<group>"; };
		A603E6901DA38E0F004AF78E /* OpenNI.ini */ = {isa = PBXFileReference; lastKnownFileType = text; name = OpenNI.ini; path = ../../../../third_party/lib/OpenNI.ini; sourceTree = "<group>"; };
		A603E6911DA38E0F004AF78E /* libwebp.4.dylib */ = {isa = PBXFileReference; lastKnownFileType = "compiled.mach-o.dylib"; name = libwebp.4.dylib; path = ../../../../third_party/lib/libwebp.4.dylib; sourceTree = "<group>"; };
		A603E6921DA38E0F004AF78E /* libusb-1.0.0.dylib */ = {isa = PBXFileReference; lastKnownFileType = "compiled.mach-o.dylib"; name = "libusb-1.0.0.dylib"; path = "../../../../third_party/lib/libusb-1.0.0.dylib"; sourceTree = "<group>"; };
		A603E6931DA38E0F004AF78E /* libturbojpeg.0.dylib */ = {isa = PBXFileReference; lastKnownFileType = "compiled.mach-o.dylib"; name = libturbojpeg.0.dylib; path = ../../../../third_party/lib/libturbojpeg.0.dylib; sourceTree = "<group>"; };
		A603E6941DA38E0F004AF78E /* libtiff.5.dylib */ = {isa = PBXFileReference; lastKnownFileType = "compiled.mach-o.dylib"; name = libtiff.5.dylib; path = ../../../../third_party/lib/libtiff.5.dylib; sourceTree = "<group>"; };
		A603E6951DA38E0F004AF78E /* libssl.1.0.0.dylib */ = {isa = PBXFileReference; lastKnownFileType = "compiled.mach-o.dylib"; name = libssl.1.0.0.dylib; path = ../../../../third_party/lib/libssl.1.0.0.dylib; sourceTree = "<group>"; };
		A603E6961DA38E0F004AF78E /* libPSLink.dylib */ = {isa = PBXFileReference; lastKnownFileType = "compiled.mach-o.dylib"; name = libPSLink.dylib; path = ../../../../third_party/lib/libPSLink.dylib; sourceTree = "<group>"; };
		A603E6971DA38E0F004AF78E /* libPS1080.dylib */ = {isa = PBXFileReference; lastKnownFileType = "compiled.mach-o.dylib"; name = libPS1080.dylib; path = ../../../../third_party/lib/libPS1080.dylib; sourceTree = "<group>"; };
		A603E6981DA38E0F004AF78E /* libpng16.16.dylib */ = {isa = PBXFileReference; lastKnownFileType = "compiled.mach-o.dylib"; name = libpng16.16.dylib; path = ../../../../third_party/lib/libpng16.16.dylib; sourceTree = "<group>"; };
		A603E6991DA38E0F004AF78E /* liborbbec.dylib */ = {isa = PBXFileReference; lastKnownFileType = "compiled.mach-o.dylib"; name = liborbbec.dylib; path = ../../../../third_party/lib/liborbbec.dylib; sourceTree = "<group>"; };
		A603E69A1DA38E0F004AF78E /* libOpenNI2.dylib */ = {isa = PBXFileReference; lastKnownFileType = "compiled.mach-o.dylib"; name = libOpenNI2.dylib; path = ../../../../third_party/lib/libOpenNI2.dylib; sourceTree = "<group>"; };
		A603E69B1DA38E0F004AF78E /* libopencv_videoio.3.0.dylib */ = {isa = PBXFileReference; lastKnownFileType = "compiled.mach-o.dylib"; name = libopencv_videoio.3.0.dylib; path = ../../../../third_party/lib/libopencv_videoio.3.0.dylib; sourceTree = "<group>"; };
		A603E69C1DA38E0F004AF78E /* libopencv_video.3.0.dylib */ = {isa = PBXFileReference; lastKnownFileType = "compiled.mach-o.dylib"; name = libopencv_video.3.0.dylib; path = ../../../../third_party/lib/libopencv_video.3.0.dylib; sourceTree = "<group>"; };
		A603E69D1DA38E0F004AF78E /* libopencv_objdetect.3.0.dylib */ = {isa = PBXFileReference; lastKnownFileType = "compiled.mach-o.dylib"; name = libopencv_objdetect.3.0.dylib; path = ../../../../third_party/lib/libopencv_objdetect.3.0.dylib; sourceTree = "<group>"; };
		A603E69E1DA38E0F004AF78E /* libopencv_ml.3.0.dylib */ = {isa = PBXFileReference; lastKnownFileType = "compiled.mach-o.dylib"; name = libopencv_ml.3.0.dylib; path = ../../../../third_party/lib/libopencv_ml.3.0.dylib; sourceTree = "<group>"; };
		A603E69F1DA38E0F004AF78E /* libopencv_imgproc.3.0.dylib */ = {isa = PBXFileReference; lastKnownFileType = "compiled.mach-o.dylib"; name = libopencv_imgproc.3.0.dylib; path = ../../../../third_party/lib/libopencv_imgproc.3.0.dylib; sourceTree = "<group>"; };
		A603E6A01DA38E0F004AF78E /* libopencv_imgcodecs.3.0.dylib */ = {isa = PBXFileReference; lastKnownFileType = "compiled.mach-o.dylib"; name = libopencv_imgcodecs.3.0.dylib; path = ../../../../third_party/lib/libopencv_imgcodecs.3.0.dylib; sourceTree = "<group>"; };
		A603E6A11DA38E0F004AF78E /* libopencv_highgui.3.0.dylib */ = {isa = PBXFileReference; lastKnownFileType = "compiled.mach-o.dylib"; name = libopencv_highgui.3.0.dylib; path = ../../../../third_party/lib/libopencv_highgui.3.0.dylib; sourceTree = "<group>"; };
		A603E6A21DA38E0F004AF78E /* libopencv_flann.3.0.dylib */ = {isa = PBXFileReference; lastKnownFileType = "compiled.mach-o.dylib"; name = libopencv_flann.3.0.dylib; path = ../../../../third_party/lib/libopencv_flann.3.0.dylib; sourceTree = "<group>"; };
		A603E6A31DA38E0F004AF78E /* libopencv_features2d.3.0.dylib */ = {isa = PBXFileReference; lastKnownFileType = "compiled.mach-o.dylib"; name = libopencv_features2d.3.0.dylib; path = ../../../../third_party/lib/libopencv_features2d.3.0.dylib; sourceTree = "<group>"; };
		A603E6A41DA38E0F004AF78E /* libopencv_core.3.0.dylib */ = {isa = PBXFileReference; lastKnownFileType = "compiled.mach-o.dylib"; name = libopencv_core.3.0.dylib; path = ../../../../third_party/lib/libopencv_core.3.0.dylib; sourceTree = "<group>"; };
		A603E6A51DA38E0F004AF78E /* libopencv_calib3d.3.0.dylib */ = {isa = PBXFileReference; lastKnownFileType = "compiled.mach-o.dylib"; name = libopencv_calib3d.3.0.dylib; path = ../../../../third_party/lib/libopencv_calib3d.3.0.dylib; sourceTree = "<group>"; };
		A603E6A61DA38E0F004AF78E /* libjpeg.9.dylib */ = {isa = PBXFileReference; lastKnownFileType = "compiled.mach-o.dylib"; name = libjpeg.9.dylib; path = ../../../../third_party/lib/libjpeg.9.dylib; sourceTree = "<group>"; };
		A603E6A71DA38E0F004AF78E /* libintl.8.dylib */ = {isa = PBXFileReference; lastKnownFileType = "compiled.mach-o.dylib"; name = libintl.8.dylib; path = ../../../../third_party/lib/libintl.8.dylib; sourceTree = "<group>"; };
		A603E6A81DA38E0F004AF78E /* libidn.11.dylib */ = {isa = PBXFileReference; lastKnownFileType = "compiled.mach-o.dylib"; name = libidn.11.dylib; path = ../../../../third_party/lib/libidn.11.dylib; sourceTree = "<group>"; };
		A603E6A91DA38E0F004AF78E /* libiconv.2.dylib */ = {isa = PBXFileReference; lastKnownFileType = "compiled.mach-o.dylib"; name = libiconv.2.dylib; path = ../../../../third_party/lib/libiconv.2.dylib; sourceTree = "<group>"; };
		A603E6AA1DA38E0F004AF78E /* libglfw3.3.1.dylib */ = {isa = PBXFileReference; lastKnownFileType = "compiled.mach-o.dylib"; name = libglfw3.3.1.dylib; path = ../../../../third_party/lib/libglfw3.3.1.dylib; sourceTree = "<group>"; };
		A603E6AB1DA38E0F004AF78E /* libfreenect2.0.1.dylib */ = {isa = PBXFileReference; lastKnownFileType = "compiled.mach-o.dylib"; name = libfreenect2.0.1.dylib; path = ../../../../third_party/lib/libfreenect2.0.1.dylib; sourceTree = "<group>"; };
		A603E6AC1DA38E0F004AF78E /* libfreenect2.0.1.0.dylib */ = {isa = PBXFileReference; lastKnownFileType = "compiled.mach-o.dylib"; name = libfreenect2.0.1.0.dylib; path = ../../../../third_party/lib/libfreenect2.0.1.0.dylib; sourceTree = "<group>"; };
		A603E6AD1DA38E0F004AF78E /* libcurl.4.dylib */ = {isa = PBXFileReference; lastKnownFileType = "compiled.mach-o.dylib"; name = libcurl.4.dylib; path = ../../../../third_party/lib/libcurl.4.dylib; sourceTree = "<group>"; };
		A603E6AE1DA38E0F004AF78E /* libcrypto.1.0.0.dylib */ = {isa = PBXFileReference; lastKnownFileType = "compiled.mach-o.dylib"; name = libcrypto.1.0.0.dylib; path = ../../../../third_party/lib/libcrypto.1.0.0.dylib; sourceTree = "<group>"; };
		A603E6AF1DA38E0F004AF78E /* libboost_thread-mt.dylib */ = {isa = PBXFileReference; lastKnownFileType = "compiled.mach-o.dylib"; name = "libboost_thread-mt.dylib"; path = "../../../../third_party/lib/libboost_thread-mt.dylib"; sourceTree = "<group>"; };
		A603E6B01DA38E0F004AF78E /* libboost_system-mt.dylib */ = {isa = PBXFileReference; lastKnownFileType = "compiled.mach-o.dylib"; name = "libboost_system-mt.dylib"; path = "../../../../third_party/lib/libboost_system-mt.dylib"; sourceTree = "<group>"; };
		A603E6B11DA38E0F004AF78E /* libboost_serialization-mt.dylib */ = {isa = PBXFileReference; lastKnownFileType = "compiled.mach-o.dylib"; name = "libboost_serialization-mt.dylib"; path = "../../../../third_party/lib/libboost_serialization-mt.dylib"; sourceTree = "<group>"; };
		A603E6B21DA38E0F004AF78E /* libboost_program_options-mt.dylib */ = {isa = PBXFileReference; lastKnownFileType = "compiled.mach-o.dylib"; name = "libboost_program_options-mt.dylib"; path = "../../../../third_party/lib/libboost_program_options-mt.dylib"; sourceTree = "<group>"; };
		A603E6B31DA38E0F004AF78E /* libboost_filesystem-mt.dylib */ = {isa = PBXFileReference; lastKnownFileType = "compiled.mach-o.dylib"; name = "libboost_filesystem-mt.dylib"; path = "../../../../third_party/lib/libboost_filesystem-mt.dylib"; sourceTree = "<group>"; };
		A603E6B41DA38E0F004AF78E /* libboost_date_time-mt.dylib */ = {isa = PBXFileReference; lastKnownFileType = "compiled.mach-o.dylib"; name = "libboost_date_time-mt.dylib"; path = "../../../../third_party/lib/libboost_date_time-mt.dylib"; sourceTree = "<group>"; };
/* End PBXFileReference section */

/* Begin PBXFrameworksBuildPhase section */
		1FEE89771B1DCB5E0064AEA5 /* Frameworks */ = {
			isa = PBXFrameworksBuildPhase;
			buildActionMask = 2147483647;
			files = (
				1FEE89781B1DCB5E0064AEA5 /* Cocoa.framework in Frameworks */,
				1FEE89791B1DCB5E0064AEA5 /* OpenGL.framework in Frameworks */,
				1FEE897A1B1DCB5E0064AEA5 /* Carbon.framework in Frameworks */,
				1FEE897B1B1DCB5E0064AEA5 /* CoreVideo.framework in Frameworks */,
				1FEE897C1B1DCB5E0064AEA5 /* QTKit.framework in Frameworks */,
				1FEE897D1B1DCB5E0064AEA5 /* QuickTime.framework in Frameworks */,
				1FEE897E1B1DCB5E0064AEA5 /* Accelerate.framework in Frameworks */,
				1FEE897F1B1DCB5E0064AEA5 /* AudioToolbox.framework in Frameworks */,
				1FEE89801B1DCB5E0064AEA5 /* AudioUnit.framework in Frameworks */,
				1FEE89811B1DCB5E0064AEA5 /* CoreAudio.framework in Frameworks */,
			);
			runOnlyForDeploymentPostprocessing = 0;
		};
/* End PBXFrameworksBuildPhase section */

/* Begin PBXGroup section */
		080E96DDFE201D6D7F000001 /* Source */ = {
			isa = PBXGroup;
			children = (
				00C07B8D0FFDB748004801EA /* mainApp.cpp */,
			);
			name = Source;
			sourceTree = "<group>";
		};
		1058C7A0FEA54F0111CA2CBB /* Linked Frameworks */ = {
			isa = PBXGroup;
			children = (
				00B784AF0FF439BC000DE1D7 /* Accelerate.framework */,
				00B784B00FF439BC000DE1D7 /* AudioToolbox.framework */,
				00B784B10FF439BC000DE1D7 /* AudioUnit.framework */,
				00B784B20FF439BC000DE1D7 /* CoreAudio.framework */,
				0097E3E40F3E9819005A4392 /* QuickTime.framework */,
				5323E6B50EAFCA7E003A9687 /* QTKit.framework */,
				5323E6B10EAFCA74003A9687 /* CoreVideo.framework */,
				53E3CDFB0E86099300238D2B /* Carbon.framework */,
				0091D8F80E81B9330029341E /* OpenGL.framework */,
				1058C7A1FEA54F0111CA2CBB /* Cocoa.framework */,
			);
			name = "Linked Frameworks";
			sourceTree = "<group>";
		};
		1058C7A2FEA54F0111CA2CBB /* Other Frameworks */ = {
			isa = PBXGroup;
			children = (
				29B97324FDCFA39411CA2CEA /* AppKit.framework */,
				13E42FB307B3F0F600E4EEF1 /* CoreData.framework */,
				29B97325FDCFA39411CA2CEA /* Foundation.framework */,
			);
			name = "Other Frameworks";
			sourceTree = "<group>";
		};
		19C28FACFE9D520D11CA2CBB /* Products */ = {
			isa = PBXGroup;
			children = (
				1FEE898C1B1DCB5E0064AEA5 /* GrabDrop.app */,
			);
			name = Products;
			sourceTree = "<group>";
		};
		1F2DBBC61B3300220097CF9D /* libs */ = {
			isa = PBXGroup;
			children = (
				1F2DBB801B33000F0097CF9D /* libboost_date_time-mt.dylib */,
				1F2DBB811B33000F0097CF9D /* libboost_filesystem-mt.dylib */,
				1F2DBB821B33000F0097CF9D /* libboost_program_options-mt.dylib */,
				1F2DBB831B33000F0097CF9D /* libboost_serialization-mt.dylib */,
				1F2DBB841B33000F0097CF9D /* libboost_system-mt.dylib */,
				1F2DBB851B33000F0097CF9D /* libboost_thread-mt.dylib */,
				1F2DBB861B33000F0097CF9D /* libcrypto.1.0.0.dylib */,
				1F2DBB871B33000F0097CF9D /* libcurl.4.dylib */,
				1F2DBB881B33000F0097CF9D /* libiconv.2.dylib */,
				1F2DBB891B33000F0097CF9D /* libidn.11.dylib */,
				1F2DBB8A1B33000F0097CF9D /* libintl.8.dylib */,
				1F2DBB8B1B33000F0097CF9D /* libjpeg.9.dylib */,
				1F2DBB8C1B33000F0097CF9D /* liblzma.5.dylib */,
				1F2DBB8D1B33000F0097CF9D /* libOniFile.dylib */,
				1F2DBB8E1B33000F0097CF9D /* libopencv_calib3d.3.0.dylib */,
				1F2DBB8F1B33000F0097CF9D /* libopencv_core.3.0.dylib */,
				1F2DBB901B33000F0097CF9D /* libopencv_features2d.3.0.dylib */,
				1F2DBB911B33000F0097CF9D /* libopencv_flann.3.0.dylib */,
				1F2DBB921B33000F0097CF9D /* libopencv_highgui.3.0.dylib */,
				1F2DBB931B33000F0097CF9D /* libopencv_imgcodecs.3.0.dylib */,
				1F2DBB941B33000F0097CF9D /* libopencv_imgproc.3.0.dylib */,
				1F2DBB951B33000F0097CF9D /* libopencv_ml.3.0.dylib */,
				1F2DBB961B33000F0097CF9D /* libopencv_objdetect.3.0.dylib */,
				1F2DBB971B33000F0097CF9D /* libopencv_video.3.0.dylib */,
				1F2DBB981B33000F0097CF9D /* libopencv_videoio.3.0.dylib */,
				1F2DBB991B33000F0097CF9D /* libOpenNI2.dylib */,
				1F2DBB9A1B33000F0097CF9D /* libpng15.15.dylib */,
				1F2DBB9B1B33000F0097CF9D /* libPS1080.dylib */,
				1F2DBB9C1B33000F0097CF9D /* libPSLink.dylib */,
				1F2DBB9D1B33000F0097CF9D /* libssl.1.0.0.dylib */,
				1F2DBB9E1B33000F0097CF9D /* libtiff.5.dylib */,
				1F2DBB9F1B33000F0097CF9D /* libusb-1.0.0.dylib */,
				1F2DBBA01B3300100097CF9D /* libwebp.4.dylib */,
				1F2DBBA11B3300100097CF9D /* libz.1.dylib */,
				1F2DBBA21B3300100097CF9D /* OpenNI.ini */,
			);
			name = libs;
			sourceTree = "<group>";
		};
		1F2DBBCD1B3300BE0097CF9D /* Models */ = {
			isa = PBXGroup;
			children = (
				1F2DBBC71B3300970097CF9D /* G_Hand_Close_light.dat */,
				1F2DBBC81B3300970097CF9D /* G_Hand_L.dat */,
				1F2DBBC91B3300970097CF9D /* Hand_huge.dat */,
			);
			name = Models;
			sourceTree = "<group>";
		};
		29B97314FDCFA39411CA2CEA /* Earthquake */ = {
			isa = PBXGroup;
			children = (
				A603E6901DA38E0F004AF78E /* OpenNI.ini */,
				A603E6911DA38E0F004AF78E /* libwebp.4.dylib */,
				A603E6921DA38E0F004AF78E /* libusb-1.0.0.dylib */,
				A603E6931DA38E0F004AF78E /* libturbojpeg.0.dylib */,
				A603E6941DA38E0F004AF78E /* libtiff.5.dylib */,
				A603E6951DA38E0F004AF78E /* libssl.1.0.0.dylib */,
				A603E6961DA38E0F004AF78E /* libPSLink.dylib */,
				A603E6971DA38E0F004AF78E /* libPS1080.dylib */,
				A603E6981DA38E0F004AF78E /* libpng16.16.dylib */,
				A603E6991DA38E0F004AF78E /* liborbbec.dylib */,
				A603E69A1DA38E0F004AF78E /* libOpenNI2.dylib */,
				A603E69B1DA38E0F004AF78E /* libopencv_videoio.3.0.dylib */,
				A603E69C1DA38E0F004AF78E /* libopencv_video.3.0.dylib */,
				A603E69D1DA38E0F004AF78E /* libopencv_objdetect.3.0.dylib */,
				A603E69E1DA38E0F004AF78E /* libopencv_ml.3.0.dylib */,
				A603E69F1DA38E0F004AF78E /* libopencv_imgproc.3.0.dylib */,
				A603E6A01DA38E0F004AF78E /* libopencv_imgcodecs.3.0.dylib */,
				A603E6A11DA38E0F004AF78E /* libopencv_highgui.3.0.dylib */,
				A603E6A21DA38E0F004AF78E /* libopencv_flann.3.0.dylib */,
				A603E6A31DA38E0F004AF78E /* libopencv_features2d.3.0.dylib */,
				A603E6A41DA38E0F004AF78E /* libopencv_core.3.0.dylib */,
				A603E6A51DA38E0F004AF78E /* libopencv_calib3d.3.0.dylib */,
				A603E6A61DA38E0F004AF78E /* libjpeg.9.dylib */,
				A603E6A71DA38E0F004AF78E /* libintl.8.dylib */,
				A603E6A81DA38E0F004AF78E /* libidn.11.dylib */,
				A603E6A91DA38E0F004AF78E /* libiconv.2.dylib */,
				A603E6AA1DA38E0F004AF78E /* libglfw3.3.1.dylib */,
				A603E6AB1DA38E0F004AF78E /* libfreenect2.0.1.dylib */,
				A603E6AC1DA38E0F004AF78E /* libfreenect2.0.1.0.dylib */,
				A603E6AD1DA38E0F004AF78E /* libcurl.4.dylib */,
				A603E6AE1DA38E0F004AF78E /* libcrypto.1.0.0.dylib */,
				A603E6AF1DA38E0F004AF78E /* libboost_thread-mt.dylib */,
				A603E6B01DA38E0F004AF78E /* libboost_system-mt.dylib */,
				A603E6B11DA38E0F004AF78E /* libboost_serialization-mt.dylib */,
				A603E6B21DA38E0F004AF78E /* libboost_program_options-mt.dylib */,
				A603E6B31DA38E0F004AF78E /* libboost_filesystem-mt.dylib */,
				A603E6B41DA38E0F004AF78E /* libboost_date_time-mt.dylib */,
				A1C2F8611B413B2C001CFA33 /* GrabDrop-Info.plist */,
				1F2DBBC61B3300220097CF9D /* libs */,
				A1E08DB71B147715003ED9FF /* cindergestooslib */,
				E104C53C0FFAB250008D4255 /* Headers */,
				080E96DDFE201D6D7F000001 /* Source */,
				29B97315FDCFA39411CA2CEA /* Other Sources */,
				29B97317FDCFA39411CA2CEA /* Resources */,
				29B97323FDCFA39411CA2CEA /* Frameworks */,
				19C28FACFE9D520D11CA2CBB /* Products */,
			);
			name = Earthquake;
			sourceTree = "<group>";
		};
		29B97315FDCFA39411CA2CEA /* Other Sources */ = {
			isa = PBXGroup;
			children = (
				32CA4F630368D1EE00C91783 /* GrabDrop_Prefix.pch */,
			);
			name = "Other Sources";
			sourceTree = "<group>";
		};
		29B97317FDCFA39411CA2CEA /* Resources */ = {
			isa = PBXGroup;
			children = (
				A1055AAD1B27302C0053CE48 /* help.png */,
				A1055A8D1B26F8F80053CE48 /* Images.xcassets */,
				1F2DBBCD1B3300BE0097CF9D /* Models */,
				A1E08DC01B14780B003ED9FF /* interactor.cfg */,
				8D1107310486CEB800E47090 /* Info.plist */,
			);
			name = Resources;
			sourceTree = "<group>";
		};
		29B97323FDCFA39411CA2CEA /* Frameworks */ = {
			isa = PBXGroup;
			children = (
				1058C7A0FEA54F0111CA2CBB /* Linked Frameworks */,
				1058C7A2FEA54F0111CA2CBB /* Other Frameworks */,
			);
			name = Frameworks;
			sourceTree = "<group>";
		};
		A1E08DB71B147715003ED9FF /* cindergestooslib */ = {
			isa = PBXGroup;
			children = (
				A1E08DB81B147715003ED9FF /* include */,
				A1E08DBB1B147715003ED9FF /* src */,
			);
			name = cindergestooslib;
			path = ../../../cindergestooslib;
			sourceTree = "<group>";
		};
		A1E08DB81B147715003ED9FF /* include */ = {
			isa = PBXGroup;
			children = (
				A1055AB01B2730350053CE48 /* Help.h */,
				A1E08DB91B147715003ED9FF /* Cinderactor.h */,
				A1E08DBA1B147715003ED9FF /* MovingRect.h */,
			);
			path = include;
			sourceTree = "<group>";
		};
		A1E08DBB1B147715003ED9FF /* src */ = {
			isa = PBXGroup;
			children = (
				A1E08DBC1B147715003ED9FF /* Cinderactor.cpp */,
				A1E08DBD1B147715003ED9FF /* MovingRect.cpp */,
			);
			path = src;
			sourceTree = "<group>";
		};
		E104C53C0FFAB250008D4255 /* Headers */ = {
			isa = PBXGroup;
			children = (
				A1055AB21B2730750053CE48 /* resource.h */,
			);
			name = Headers;
			sourceTree = "<group>";
		};
/* End PBXGroup section */

/* Begin PBXNativeTarget section */
		1FEE89701B1DCB5E0064AEA5 /* GrabDrop */ = {
			isa = PBXNativeTarget;
			buildConfigurationList = 1FEE89891B1DCB5E0064AEA5 /* Build configuration list for PBXNativeTarget "GrabDrop" */;
			buildPhases = (
				1FEE89711B1DCB5E0064AEA5 /* Resources */,
				1FEE89731B1DCB5E0064AEA5 /* Sources */,
				1FEE89771B1DCB5E0064AEA5 /* Frameworks */,
				1FEE89821B1DCB5E0064AEA5 /* CopyFiles */,
				1FEE898E1B1DCCDD0064AEA5 /* CopyFiles */,
			);
			buildRules = (
			);
			dependencies = (
			);
			name = GrabDrop;
			productInstallPath = "$(HOME)/Applications";
			productName = Earthquake;
			productReference = 1FEE898C1B1DCB5E0064AEA5 /* GrabDrop.app */;
			productType = "com.apple.product-type.application";
		};
/* End PBXNativeTarget section */

/* Begin PBXProject section */
		29B97313FDCFA39411CA2CEA /* Project object */ = {
			isa = PBXProject;
			attributes = {
				LastUpgradeCheck = 0420;
			};
			buildConfigurationList = C01FCF4E08A954540054247B /* Build configuration list for PBXProject "GrabDrop" */;
			compatibilityVersion = "Xcode 3.2";
			developmentRegion = English;
			hasScannedForEncodings = 1;
			knownRegions = (
				English,
				Japanese,
				French,
				German,
			);
			mainGroup = 29B97314FDCFA39411CA2CEA /* Earthquake */;
			projectDirPath = "";
			projectRoot = "";
			targets = (
				1FEE89701B1DCB5E0064AEA5 /* GrabDrop */,
			);
		};
/* End PBXProject section */

/* Begin PBXResourcesBuildPhase section */
		1FEE89711B1DCB5E0064AEA5 /* Resources */ = {
			isa = PBXResourcesBuildPhase;
			buildActionMask = 2147483647;
			files = (
				1FEE89721B1DCB5E0064AEA5 /* interactor.cfg in Resources */,
				A1055A8F1B26F9070053CE48 /* Images.xcassets in Resources */,
				A1055AAF1B27302C0053CE48 /* help.png in Resources */,
				A1C2F8621B413B2C001CFA33 /* GrabDrop-Info.plist in Resources */,
			);
			runOnlyForDeploymentPostprocessing = 0;
		};
/* End PBXResourcesBuildPhase section */

/* Begin PBXSourcesBuildPhase section */
		1FEE89731B1DCB5E0064AEA5 /* Sources */ = {
			isa = PBXSourcesBuildPhase;
			buildActionMask = 2147483647;
			files = (
				1FEE89741B1DCB5E0064AEA5 /* Cinderactor.cpp in Sources */,
				1FEE89751B1DCB5E0064AEA5 /* mainApp.cpp in Sources */,
				1FEE89761B1DCB5E0064AEA5 /* MovingRect.cpp in Sources */,
			);
			runOnlyForDeploymentPostprocessing = 0;
		};
/* End PBXSourcesBuildPhase section */

/* Begin XCBuildConfiguration section */
		1FEE898A1B1DCB5E0064AEA5 /* Debug */ = {
			isa = XCBuildConfiguration;
			buildSettings = {
				ASSETCATALOG_COMPILER_APPICON_NAME = AppIcon;
				CINDER_PATH = ../../../lib/macos/cinder_0.8.6_mac;
				COPY_PHASE_STRIP = NO;
				FEZOOLIB_PATH = ../../../../lib/release/;
				FEZOOLIB_PATH_DEV = ../../../..;
				GCC_DYNAMIC_NO_PIC = NO;
				GCC_MODEL_TUNING = G5;
				GCC_OPTIMIZATION_LEVEL = 0;
				GCC_PRECOMPILE_PREFIX_HEADER = YES;
				GCC_PREFIX_HEADER = GrabDrop_Prefix.pch;
				GCC_SYMBOLS_PRIVATE_EXTERN = NO;
				GESTOOS_SDK_LIB_PATH_DEV = "../../../../gestoosdk-osx-dependencies/osx_10_8";
				GESTOOS_SDK_PATH = ../../../..;
				HEADER_SEARCH_PATHS = (
					"$(CINDER_PATH)/boost",
					/usr/local/include,
					"\"$(GESTOOS_SDK_PATH)/third_party/include/OpenNI2/Include\"/**",
					"\"$(GESTOOS_SDK_PATH)/include\"",
					"\"$(GESTOOS_SDK_PATH)/third_party/include\"",
				);
				INFOPLIST_FILE = "GrabDrop-Info.plist";
				INSTALL_PATH = "$(HOME)/Applications";
				LD_RUNPATH_SEARCH_PATHS = "@executable_path/";
				LIBRARY_SEARCH_PATHS = (
					"$(inherited)",
					"\"$(GESTOOS_SDK_PATH)/lib\"",
					"$(PROJECT_DIR)",
					"\"$(GESTOOS_SDK_PATH)/third_party/lib\"",
				);
				OTHER_LDFLAGS = (
					"$(CINDER_PATH)/lib/libcinder_d.a",
					"-lOpenNI2",
					"$(GESTOOS_SDK_PATH)/lib/release/libfezoolib.a",
					"-lopencv_highgui.3.0",
					"-lopencv_objdetect.3.0",
					"-lopencv_imgproc.3.0",
					"-lopencv_imgcodecs.3.0",
					"-lopencv_core.3.0",
					"-lopencv_calib3d.3.0",
					"-lopencv_video.3.0",
					"-lopencv_flann.3.0",
					"-lopencv_features2d.3.0",
					"-lopencv_ml.3.0",
					"-lboost_program_options-mt",
					"-lboost_date_time-mt",
					"-lboost_filesystem-mt",
					"-lboost_system-mt",
					"-lboost_thread-mt",
					"-lboost_serialization-mt",
					"-lcurl.4",
					"-lfreenect2.0.1",
				);
				PRODUCT_NAME = GrabDrop;
				USER_HEADER_SEARCH_PATHS = "$(CINDER_PATH)/include ../include";
				WRAPPER_EXTENSION = app;
				ZERO_LINK = YES;
			};
			name = Debug;
		};
		1FEE898B1B1DCB5E0064AEA5 /* Release */ = {
			isa = XCBuildConfiguration;
			buildSettings = {
				ASSETCATALOG_COMPILER_APPICON_NAME = AppIcon;
				CINDER_PATH = ../../../lib/macos/cinder_0.8.6_mac;
				DEAD_CODE_STRIPPING = YES;
				DEBUG_INFORMATION_FORMAT = "dwarf-with-dsym";
				FEZOOLIB_PATH = ../../../../lib/release/;
				FEZOOLIB_PATH_DEV = ../../../..;
				GCC_FAST_MATH = YES;
				GCC_MODEL_TUNING = G5;
				GCC_OPTIMIZATION_LEVEL = 3;
				GCC_PRECOMPILE_PREFIX_HEADER = YES;
				GCC_PREFIX_HEADER = GrabDrop_Prefix.pch;
				GCC_SYMBOLS_PRIVATE_EXTERN = NO;
				GESTOOS_SDK_LIB_PATH_DEV = "../../../../gestoosdk-osx-dependencies/osx_10_8";
				GESTOOS_SDK_PATH = ../../../..;
				HEADER_SEARCH_PATHS = (
					"$(CINDER_PATH)/boost",
					/usr/local/include,
					"\"$(GESTOOS_SDK_PATH)/third_party/include/OpenNI2/Include\"/**",
					"\"$(GESTOOS_SDK_PATH)/include\"",
					"\"$(GESTOOS_SDK_PATH)/third_party/include\"",
				);
				INFOPLIST_FILE = "GrabDrop-Info.plist";
				INSTALL_PATH = "$(HOME)/Applications";
				LD_RUNPATH_SEARCH_PATHS = "@executable_path/";
				LIBRARY_SEARCH_PATHS = (
					"$(inherited)",
					"\"$(GESTOOS_SDK_PATH)/lib\"",
					"$(PROJECT_DIR)",
					"\"$(GESTOOS_SDK_PATH)/third_party/lib\"",
				);
				OTHER_LDFLAGS = (
					"$(CINDER_PATH)/lib/libcinder.a",
					"-lOpenNI2",
					"$(GESTOOS_SDK_PATH)/lib/release/libfezoolib.a",
					"-lopencv_highgui.3.0",
					"-lopencv_objdetect.3.0",
					"-lopencv_imgproc.3.0",
					"-lopencv_imgcodecs.3.0",
					"-lopencv_core.3.0",
					"-lopencv_calib3d.3.0",
					"-lopencv_video.3.0",
					"-lopencv_flann.3.0",
					"-lopencv_features2d.3.0",
					"-lopencv_ml.3.0",
					"-lboost_program_options-mt",
					"-lboost_date_time-mt",
					"-lboost_filesystem-mt",
					"-lboost_system-mt",
					"-lboost_thread-mt",
					"-lboost_serialization-mt",
					"-lcurl.4",
					"-lfreenect2.0.1",
				);
				PRODUCT_NAME = GrabDrop;
				STRIP_INSTALLED_PRODUCT = YES;
				USER_HEADER_SEARCH_PATHS = "$(CINDER_PATH)/include ../include";
				WRAPPER_EXTENSION = app;
			};
			name = Release;
		};
		C01FCF4F08A954540054247B /* Debug */ = {
			isa = XCBuildConfiguration;
			buildSettings = {
				ALWAYS_SEARCH_USER_PATHS = NO;
				ARCHS = (
					i386,
					x86_64,
				);
				CINDER_PATH = ../../..;
				CLANG_CXX_LANGUAGE_STANDARD = "c++0x";
				CLANG_CXX_LIBRARY = "libc++";
				GCC_INLINES_ARE_PRIVATE_EXTERN = YES;
				GCC_WARN_ABOUT_RETURN_TYPE = YES;
				GCC_WARN_UNUSED_VARIABLE = YES;
				HEADER_SEARCH_PATHS = "$(CINDER_PATH)/boost";
				MACOSX_DEPLOYMENT_TARGET = 10.7;
				ONLY_ACTIVE_ARCH = YES;
				SDKROOT = macosx;
				USER_HEADER_SEARCH_PATHS = "$(CINDER_PATH)/include ../include";
			};
			name = Debug;
		};
		C01FCF5008A954540054247B /* Release */ = {
			isa = XCBuildConfiguration;
			buildSettings = {
				ALWAYS_SEARCH_USER_PATHS = NO;
				ARCHS = (
					i386,
					x86_64,
				);
				CINDER_PATH = ../../..;
				CLANG_CXX_LANGUAGE_STANDARD = "c++0x";
				CLANG_CXX_LIBRARY = "libc++";
				GCC_INLINES_ARE_PRIVATE_EXTERN = YES;
				GCC_WARN_ABOUT_RETURN_TYPE = YES;
				GCC_WARN_UNUSED_VARIABLE = YES;
				HEADER_SEARCH_PATHS = "$(CINDER_PATH)/boost";
				MACOSX_DEPLOYMENT_TARGET = 10.7;
				ONLY_ACTIVE_ARCH = YES;
				SDKROOT = macosx;
				USER_HEADER_SEARCH_PATHS = "$(CINDER_PATH)/include ../include";
			};
			name = Release;
		};
/* End XCBuildConfiguration section */

/* Begin XCConfigurationList section */
		1FEE89891B1DCB5E0064AEA5 /* Build configuration list for PBXNativeTarget "GrabDrop" */ = {
			isa = XCConfigurationList;
			buildConfigurations = (
				1FEE898A1B1DCB5E0064AEA5 /* Debug */,
				1FEE898B1B1DCB5E0064AEA5 /* Release */,
			);
			defaultConfigurationIsVisible = 0;
			defaultConfigurationName = Release;
		};
		C01FCF4E08A954540054247B /* Build configuration list for PBXProject "GrabDrop" */ = {
			isa = XCConfigurationList;
			buildConfigurations = (
				C01FCF4F08A954540054247B /* Debug */,
				C01FCF5008A954540054247B /* Release */,
			);
			defaultConfigurationIsVisible = 0;
			defaultConfigurationName = Release;
		};
/* End XCConfigurationList section */
	};
	rootObject = 29B97313FDCFA39411CA2CEA /* Project object */;
}
