// !$*UTF8*$!
{
	archiveVersion = 1;
	classes = {
	};
	objectVersion = 46;
	objects = {

/* Begin PBXBuildFile section */
		0091D8F90E81B9330029341E /* OpenGL.framework in Frameworks */ = {isa = PBXBuildFile; fileRef = 0091D8F80E81B9330029341E /* OpenGL.framework */; };
		0097E3E50F3E9819005A4392 /* QuickTime.framework in Frameworks */ = {isa = PBXBuildFile; fileRef = 0097E3E40F3E9819005A4392 /* QuickTime.framework */; };
		00B784B30FF439BC000DE1D7 /* Accelerate.framework in Frameworks */ = {isa = PBXBuildFile; fileRef = 00B784AF0FF439BC000DE1D7 /* Accelerate.framework */; };
		00B784B40FF439BC000DE1D7 /* AudioToolbox.framework in Frameworks */ = {isa = PBXBuildFile; fileRef = 00B784B00FF439BC000DE1D7 /* AudioToolbox.framework */; };
		00B784B50FF439BC000DE1D7 /* AudioUnit.framework in Frameworks */ = {isa = PBXBuildFile; fileRef = 00B784B10FF439BC000DE1D7 /* AudioUnit.framework */; };
		00B784B60FF439BC000DE1D7 /* CoreAudio.framework in Frameworks */ = {isa = PBXBuildFile; fileRef = 00B784B20FF439BC000DE1D7 /* CoreAudio.framework */; };
		00C07B910FFDB748004801EA /* mainApp.cpp in Sources */ = {isa = PBXBuildFile; fileRef = 00C07B8D0FFDB748004801EA /* mainApp.cpp */; };
		1F9BF9E71B1DD14A0021271F /* libopencv_objdetect.3.0.dylib in CopyFiles */ = {isa = PBXBuildFile; fileRef = 1F9BF9B71B1DD1490021271F /* libopencv_objdetect.3.0.dylib */; };
		1F9BF9E81B1DD14A0021271F /* libopencv_video.3.0.dylib in CopyFiles */ = {isa = PBXBuildFile; fileRef = 1F9BF9B81B1DD1490021271F /* libopencv_video.3.0.dylib */; };
		1F9BF9E91B1DD14A0021271F /* libopencv_videoio.3.0.dylib in CopyFiles */ = {isa = PBXBuildFile; fileRef = 1F9BF9B91B1DD1490021271F /* libopencv_videoio.3.0.dylib */; };
		1F9BF9EA1B1DD14A0021271F /* liborc-0.4.0.dylib in CopyFiles */ = {isa = PBXBuildFile; fileRef = 1F9BF9BA1B1DD1490021271F /* liborc-0.4.0.dylib */; };
		1F9BF9EB1B1DD14A0021271F /* libpng16.16.dylib in CopyFiles */ = {isa = PBXBuildFile; fileRef = 1F9BF9BB1B1DD1490021271F /* libpng16.16.dylib */; };
		1F9BF9EC1B1DD14A0021271F /* libssl.1.0.0.dylib in CopyFiles */ = {isa = PBXBuildFile; fileRef = 1F9BF9BC1B1DD1490021271F /* libssl.1.0.0.dylib */; };
		1F9BF9ED1B1DD14A0021271F /* libtiff.5.dylib in CopyFiles */ = {isa = PBXBuildFile; fileRef = 1F9BF9BD1B1DD1490021271F /* libtiff.5.dylib */; };
		1F9BF9EE1B1DD14A0021271F /* libusb-1.0.0.dylib in CopyFiles */ = {isa = PBXBuildFile; fileRef = 1F9BF9BE1B1DD1490021271F /* libusb-1.0.0.dylib */; };
		1F9BF9EF1B1DD14A0021271F /* libwebp.5.dylib in CopyFiles */ = {isa = PBXBuildFile; fileRef = 1F9BF9BF1B1DD1490021271F /* libwebp.5.dylib */; };
		1F9BF9F01B1DD14A0021271F /* libz.1.dylib in CopyFiles */ = {isa = PBXBuildFile; fileRef = 1F9BF9C01B1DD1490021271F /* libz.1.dylib */; };
		1F9BF9F11B1DD14A0021271F /* libopencv_features2d.3.0.dylib in CopyFiles */ = {isa = PBXBuildFile; fileRef = 1F9BF9C11B1DD1490021271F /* libopencv_features2d.3.0.dylib */; };
		1F9BF9F21B1DD14A0021271F /* libopencv_flann.3.0.dylib in CopyFiles */ = {isa = PBXBuildFile; fileRef = 1F9BF9C21B1DD1490021271F /* libopencv_flann.3.0.dylib */; };
		1F9BF9F31B1DD14A0021271F /* libopencv_highgui.3.0.dylib in CopyFiles */ = {isa = PBXBuildFile; fileRef = 1F9BF9C31B1DD1490021271F /* libopencv_highgui.3.0.dylib */; };
		1F9BF9F41B1DD14A0021271F /* libopencv_imgcodecs.3.0.dylib in CopyFiles */ = {isa = PBXBuildFile; fileRef = 1F9BF9C41B1DD1490021271F /* libopencv_imgcodecs.3.0.dylib */; };
		1F9BF9F51B1DD14A0021271F /* libopencv_imgproc.3.0.dylib in CopyFiles */ = {isa = PBXBuildFile; fileRef = 1F9BF9C51B1DD1490021271F /* libopencv_imgproc.3.0.dylib */; };
		1F9BF9F61B1DD14A0021271F /* libopencv_ml.3.0.dylib in CopyFiles */ = {isa = PBXBuildFile; fileRef = 1F9BF9C61B1DD1490021271F /* libopencv_ml.3.0.dylib */; };
		1F9BF9F71B1DD14A0021271F /* OpenNI.ini in CopyFiles */ = {isa = PBXBuildFile; fileRef = 1F9BF9C71B1DD1490021271F /* OpenNI.ini */; };
		1F9BF9F81B1DD14A0021271F /* libboost_date_time-mt.dylib in CopyFiles */ = {isa = PBXBuildFile; fileRef = 1F9BF9C81B1DD1490021271F /* libboost_date_time-mt.dylib */; };
		1F9BF9F91B1DD14A0021271F /* libboost_filesystem-mt.dylib in CopyFiles */ = {isa = PBXBuildFile; fileRef = 1F9BF9C91B1DD1490021271F /* libboost_filesystem-mt.dylib */; };
		1F9BF9FA1B1DD14A0021271F /* libboost_program_options-mt.dylib in CopyFiles */ = {isa = PBXBuildFile; fileRef = 1F9BF9CA1B1DD1490021271F /* libboost_program_options-mt.dylib */; };
		1F9BF9FB1B1DD14A0021271F /* libboost_serialization-mt.dylib in CopyFiles */ = {isa = PBXBuildFile; fileRef = 1F9BF9CB1B1DD1490021271F /* libboost_serialization-mt.dylib */; };
		1F9BF9FC1B1DD14A0021271F /* libboost_system-mt.dylib in CopyFiles */ = {isa = PBXBuildFile; fileRef = 1F9BF9CC1B1DD1490021271F /* libboost_system-mt.dylib */; };
		1F9BF9FD1B1DD14A0021271F /* libboost_thread-mt.dylib in CopyFiles */ = {isa = PBXBuildFile; fileRef = 1F9BF9CD1B1DD1490021271F /* libboost_thread-mt.dylib */; };
		1F9BF9FE1B1DD14A0021271F /* libcrypto.1.0.0.dylib in CopyFiles */ = {isa = PBXBuildFile; fileRef = 1F9BF9CE1B1DD1490021271F /* libcrypto.1.0.0.dylib */; };
		1F9BF9FF1B1DD14A0021271F /* libcurl.4.dylib in CopyFiles */ = {isa = PBXBuildFile; fileRef = 1F9BF9CF1B1DD1490021271F /* libcurl.4.dylib */; };
		1F9BFA001B1DD14A0021271F /* libffi.6.dylib in CopyFiles */ = {isa = PBXBuildFile; fileRef = 1F9BF9D01B1DD1490021271F /* libffi.6.dylib */; };
		1F9BFA011B1DD14A0021271F /* libglib-2.0.0.dylib in CopyFiles */ = {isa = PBXBuildFile; fileRef = 1F9BF9D11B1DD1490021271F /* libglib-2.0.0.dylib */; };
		1F9BFA021B1DD14A0021271F /* libgmodule-2.0.0.dylib in CopyFiles */ = {isa = PBXBuildFile; fileRef = 1F9BF9D21B1DD1490021271F /* libgmodule-2.0.0.dylib */; };
		1F9BFA031B1DD14A0021271F /* libgobject-2.0.0.dylib in CopyFiles */ = {isa = PBXBuildFile; fileRef = 1F9BF9D31B1DD1490021271F /* libgobject-2.0.0.dylib */; };
		1F9BFA041B1DD14A0021271F /* libgstapp-1.0.0.dylib in CopyFiles */ = {isa = PBXBuildFile; fileRef = 1F9BF9D41B1DD1490021271F /* libgstapp-1.0.0.dylib */; };
		1F9BFA051B1DD14A0021271F /* libgstaudio-1.0.0.dylib in CopyFiles */ = {isa = PBXBuildFile; fileRef = 1F9BF9D51B1DD1490021271F /* libgstaudio-1.0.0.dylib */; };
		1F9BFA061B1DD14A0021271F /* libgstbase-1.0.0.dylib in CopyFiles */ = {isa = PBXBuildFile; fileRef = 1F9BF9D61B1DD1490021271F /* libgstbase-1.0.0.dylib */; };
		1F9BFA071B1DD14A0021271F /* libgstpbutils-1.0.0.dylib in CopyFiles */ = {isa = PBXBuildFile; fileRef = 1F9BF9D71B1DD1490021271F /* libgstpbutils-1.0.0.dylib */; };
		1F9BFA081B1DD14A0021271F /* libgstreamer-1.0.0.dylib in CopyFiles */ = {isa = PBXBuildFile; fileRef = 1F9BF9D81B1DD1490021271F /* libgstreamer-1.0.0.dylib */; };
		1F9BFA091B1DD14A0021271F /* libgstriff-1.0.0.dylib in CopyFiles */ = {isa = PBXBuildFile; fileRef = 1F9BF9D91B1DD1490021271F /* libgstriff-1.0.0.dylib */; };
		1F9BFA0A1B1DD14A0021271F /* libgsttag-1.0.0.dylib in CopyFiles */ = {isa = PBXBuildFile; fileRef = 1F9BF9DA1B1DD1490021271F /* libgsttag-1.0.0.dylib */; };
		1F9BFA0B1B1DD14A0021271F /* libgstvideo-1.0.0.dylib in CopyFiles */ = {isa = PBXBuildFile; fileRef = 1F9BF9DB1B1DD1490021271F /* libgstvideo-1.0.0.dylib */; };
		1F9BFA0C1B1DD14A0021271F /* libiconv.2.dylib in CopyFiles */ = {isa = PBXBuildFile; fileRef = 1F9BF9DC1B1DD1490021271F /* libiconv.2.dylib */; };
		1F9BFA0D1B1DD14A0021271F /* libidn.11.dylib in CopyFiles */ = {isa = PBXBuildFile; fileRef = 1F9BF9DD1B1DD1490021271F /* libidn.11.dylib */; };
		1F9BFA0E1B1DD14A0021271F /* libintl.8.dylib in CopyFiles */ = {isa = PBXBuildFile; fileRef = 1F9BF9DE1B1DD14A0021271F /* libintl.8.dylib */; };
		1F9BFA0F1B1DD14A0021271F /* libjpeg.9.dylib in CopyFiles */ = {isa = PBXBuildFile; fileRef = 1F9BF9DF1B1DD14A0021271F /* libjpeg.9.dylib */; };
		1F9BFA101B1DD14A0021271F /* liblzma.5.dylib in CopyFiles */ = {isa = PBXBuildFile; fileRef = 1F9BF9E01B1DD14A0021271F /* liblzma.5.dylib */; };
		1F9BFA111B1DD14A0021271F /* libOniFile.dylib in CopyFiles */ = {isa = PBXBuildFile; fileRef = 1F9BF9E11B1DD14A0021271F /* libOniFile.dylib */; };
		1F9BFA121B1DD14A0021271F /* libopencv_calib3d.3.0.dylib in CopyFiles */ = {isa = PBXBuildFile; fileRef = 1F9BF9E21B1DD14A0021271F /* libopencv_calib3d.3.0.dylib */; };
		1F9BFA131B1DD14A0021271F /* libopencv_core.3.0.dylib in CopyFiles */ = {isa = PBXBuildFile; fileRef = 1F9BF9E31B1DD14A0021271F /* libopencv_core.3.0.dylib */; };
		1F9BFA141B1DD14A0021271F /* libOpenNI2.dylib in CopyFiles */ = {isa = PBXBuildFile; fileRef = 1F9BF9E41B1DD14A0021271F /* libOpenNI2.dylib */; };
		1F9BFA151B1DD14A0021271F /* libPS1080.dylib in CopyFiles */ = {isa = PBXBuildFile; fileRef = 1F9BF9E51B1DD14A0021271F /* libPS1080.dylib */; };
		1F9BFA161B1DD14A0021271F /* libPSLink.dylib in CopyFiles */ = {isa = PBXBuildFile; fileRef = 1F9BF9E61B1DD14A0021271F /* libPSLink.dylib */; };
		1F9BFA191B1DD1550021271F /* interactor.cfg in Resources */ = {isa = PBXBuildFile; fileRef = A1E08DCB1B147B19003ED9FF /* interactor.cfg */; };
		1F9BFA1B1B1DD1550021271F /* Cinderactor.cpp in Sources */ = {isa = PBXBuildFile; fileRef = A1E08DC71B147AD2003ED9FF /* Cinderactor.cpp */; };
		1F9BFA1C1B1DD1550021271F /* mainApp.cpp in Sources */ = {isa = PBXBuildFile; fileRef = 00C07B8D0FFDB748004801EA /* mainApp.cpp */; };
		1F9BFA1D1B1DD1550021271F /* MovingRect.cpp in Sources */ = {isa = PBXBuildFile; fileRef = A1E08DC81B147AD2003ED9FF /* MovingRect.cpp */; };
		1F9BFA1F1B1DD1550021271F /* Cocoa.framework in Frameworks */ = {isa = PBXBuildFile; fileRef = 1058C7A1FEA54F0111CA2CBB /* Cocoa.framework */; };
		1F9BFA201B1DD1550021271F /* OpenGL.framework in Frameworks */ = {isa = PBXBuildFile; fileRef = 0091D8F80E81B9330029341E /* OpenGL.framework */; };
		1F9BFA211B1DD1550021271F /* Carbon.framework in Frameworks */ = {isa = PBXBuildFile; fileRef = 53E3CDFB0E86099300238D2B /* Carbon.framework */; };
		1F9BFA221B1DD1550021271F /* CoreVideo.framework in Frameworks */ = {isa = PBXBuildFile; fileRef = 5323E6B10EAFCA74003A9687 /* CoreVideo.framework */; };
		1F9BFA231B1DD1550021271F /* QTKit.framework in Frameworks */ = {isa = PBXBuildFile; fileRef = 5323E6B50EAFCA7E003A9687 /* QTKit.framework */; };
		1F9BFA241B1DD1550021271F /* QuickTime.framework in Frameworks */ = {isa = PBXBuildFile; fileRef = 0097E3E40F3E9819005A4392 /* QuickTime.framework */; };
		1F9BFA251B1DD1550021271F /* Accelerate.framework in Frameworks */ = {isa = PBXBuildFile; fileRef = 00B784AF0FF439BC000DE1D7 /* Accelerate.framework */; };
		1F9BFA261B1DD1550021271F /* AudioToolbox.framework in Frameworks */ = {isa = PBXBuildFile; fileRef = 00B784B00FF439BC000DE1D7 /* AudioToolbox.framework */; };
		1F9BFA271B1DD1550021271F /* AudioUnit.framework in Frameworks */ = {isa = PBXBuildFile; fileRef = 00B784B10FF439BC000DE1D7 /* AudioUnit.framework */; };
		1F9BFA281B1DD1550021271F /* CoreAudio.framework in Frameworks */ = {isa = PBXBuildFile; fileRef = 00B784B20FF439BC000DE1D7 /* CoreAudio.framework */; };
		1F9BFA841B1DD1BF0021271F /* libopencv_videoio.3.0.dylib in CopyFiles */ = {isa = PBXBuildFile; fileRef = 1F9BFA611B1DD1BE0021271F /* libopencv_videoio.3.0.dylib */; };
		1F9BFA851B1DD1BF0021271F /* libpng15.15.dylib in CopyFiles */ = {isa = PBXBuildFile; fileRef = 1F9BFA621B1DD1BE0021271F /* libpng15.15.dylib */; };
		1F9BFA861B1DD1BF0021271F /* libssl.1.0.0.dylib in CopyFiles */ = {isa = PBXBuildFile; fileRef = 1F9BFA631B1DD1BE0021271F /* libssl.1.0.0.dylib */; };
		1F9BFA871B1DD1BF0021271F /* libtiff.5.dylib in CopyFiles */ = {isa = PBXBuildFile; fileRef = 1F9BFA641B1DD1BE0021271F /* libtiff.5.dylib */; };
		1F9BFA881B1DD1BF0021271F /* libusb-1.0.0.dylib in CopyFiles */ = {isa = PBXBuildFile; fileRef = 1F9BFA651B1DD1BE0021271F /* libusb-1.0.0.dylib */; };
		1F9BFA891B1DD1BF0021271F /* libwebp.4.dylib in CopyFiles */ = {isa = PBXBuildFile; fileRef = 1F9BFA661B1DD1BE0021271F /* libwebp.4.dylib */; };
		1F9BFA8A1B1DD1BF0021271F /* libz.1.dylib in CopyFiles */ = {isa = PBXBuildFile; fileRef = 1F9BFA671B1DD1BE0021271F /* libz.1.dylib */; };
		1F9BFA8B1B1DD1BF0021271F /* libopencv_features2d.3.0.dylib in CopyFiles */ = {isa = PBXBuildFile; fileRef = 1F9BFA681B1DD1BE0021271F /* libopencv_features2d.3.0.dylib */; };
		1F9BFA8C1B1DD1BF0021271F /* libopencv_flann.3.0.dylib in CopyFiles */ = {isa = PBXBuildFile; fileRef = 1F9BFA691B1DD1BE0021271F /* libopencv_flann.3.0.dylib */; };
		1F9BFA8D1B1DD1BF0021271F /* libopencv_highgui.3.0.dylib in CopyFiles */ = {isa = PBXBuildFile; fileRef = 1F9BFA6A1B1DD1BF0021271F /* libopencv_highgui.3.0.dylib */; };
		1F9BFA8E1B1DD1BF0021271F /* libopencv_imgcodecs.3.0.dylib in CopyFiles */ = {isa = PBXBuildFile; fileRef = 1F9BFA6B1B1DD1BF0021271F /* libopencv_imgcodecs.3.0.dylib */; };
		1F9BFA8F1B1DD1BF0021271F /* libopencv_imgproc.3.0.dylib in CopyFiles */ = {isa = PBXBuildFile; fileRef = 1F9BFA6C1B1DD1BF0021271F /* libopencv_imgproc.3.0.dylib */; };
		1F9BFA901B1DD1BF0021271F /* libopencv_ml.3.0.dylib in CopyFiles */ = {isa = PBXBuildFile; fileRef = 1F9BFA6D1B1DD1BF0021271F /* libopencv_ml.3.0.dylib */; };
		1F9BFA911B1DD1BF0021271F /* libopencv_objdetect.3.0.dylib in CopyFiles */ = {isa = PBXBuildFile; fileRef = 1F9BFA6E1B1DD1BF0021271F /* libopencv_objdetect.3.0.dylib */; };
		1F9BFA921B1DD1BF0021271F /* libopencv_video.3.0.dylib in CopyFiles */ = {isa = PBXBuildFile; fileRef = 1F9BFA6F1B1DD1BF0021271F /* libopencv_video.3.0.dylib */; };
		1F9BFA931B1DD1BF0021271F /* libiconv.2.dylib in CopyFiles */ = {isa = PBXBuildFile; fileRef = 1F9BFA701B1DD1BF0021271F /* libiconv.2.dylib */; };
		1F9BFA941B1DD1BF0021271F /* libidn.11.dylib in CopyFiles */ = {isa = PBXBuildFile; fileRef = 1F9BFA711B1DD1BF0021271F /* libidn.11.dylib */; };
		1F9BFA951B1DD1BF0021271F /* libintl.8.dylib in CopyFiles */ = {isa = PBXBuildFile; fileRef = 1F9BFA721B1DD1BF0021271F /* libintl.8.dylib */; };
		1F9BFA961B1DD1BF0021271F /* libjpeg.9.dylib in CopyFiles */ = {isa = PBXBuildFile; fileRef = 1F9BFA731B1DD1BF0021271F /* libjpeg.9.dylib */; };
		1F9BFA971B1DD1BF0021271F /* liblzma.5.dylib in CopyFiles */ = {isa = PBXBuildFile; fileRef = 1F9BFA741B1DD1BF0021271F /* liblzma.5.dylib */; };
		1F9BFA981B1DD1BF0021271F /* libopencv_calib3d.3.0.dylib in CopyFiles */ = {isa = PBXBuildFile; fileRef = 1F9BFA751B1DD1BF0021271F /* libopencv_calib3d.3.0.dylib */; };
		1F9BFA991B1DD1BF0021271F /* libopencv_core.3.0.dylib in CopyFiles */ = {isa = PBXBuildFile; fileRef = 1F9BFA761B1DD1BF0021271F /* libopencv_core.3.0.dylib */; };
		1F9BFA9A1B1DD1BF0021271F /* libboost_date_time-mt.dylib in CopyFiles */ = {isa = PBXBuildFile; fileRef = 1F9BFA771B1DD1BF0021271F /* libboost_date_time-mt.dylib */; };
		1F9BFA9B1B1DD1BF0021271F /* libboost_filesystem-mt.dylib in CopyFiles */ = {isa = PBXBuildFile; fileRef = 1F9BFA781B1DD1BF0021271F /* libboost_filesystem-mt.dylib */; };
		1F9BFA9C1B1DD1BF0021271F /* libboost_program_options-mt.dylib in CopyFiles */ = {isa = PBXBuildFile; fileRef = 1F9BFA791B1DD1BF0021271F /* libboost_program_options-mt.dylib */; };
		1F9BFA9D1B1DD1BF0021271F /* libboost_serialization-mt.dylib in CopyFiles */ = {isa = PBXBuildFile; fileRef = 1F9BFA7A1B1DD1BF0021271F /* libboost_serialization-mt.dylib */; };
		1F9BFA9E1B1DD1BF0021271F /* libboost_system-mt.dylib in CopyFiles */ = {isa = PBXBuildFile; fileRef = 1F9BFA7B1B1DD1BF0021271F /* libboost_system-mt.dylib */; };
		1F9BFA9F1B1DD1BF0021271F /* libboost_thread-mt.dylib in CopyFiles */ = {isa = PBXBuildFile; fileRef = 1F9BFA7C1B1DD1BF0021271F /* libboost_thread-mt.dylib */; };
		1F9BFAA01B1DD1BF0021271F /* libcrypto.1.0.0.dylib in CopyFiles */ = {isa = PBXBuildFile; fileRef = 1F9BFA7D1B1DD1BF0021271F /* libcrypto.1.0.0.dylib */; };
		1F9BFAA11B1DD1BF0021271F /* libcurl.4.dylib in CopyFiles */ = {isa = PBXBuildFile; fileRef = 1F9BFA7E1B1DD1BF0021271F /* libcurl.4.dylib */; };
		1F9BFAA21B1DD1BF0021271F /* libOniFile.dylib in CopyFiles */ = {isa = PBXBuildFile; fileRef = 1F9BFA7F1B1DD1BF0021271F /* libOniFile.dylib */; };
		1F9BFAA31B1DD1BF0021271F /* libOpenNI2.dylib in CopyFiles */ = {isa = PBXBuildFile; fileRef = 1F9BFA801B1DD1BF0021271F /* libOpenNI2.dylib */; };
		1F9BFAA41B1DD1BF0021271F /* libPS1080.dylib in CopyFiles */ = {isa = PBXBuildFile; fileRef = 1F9BFA811B1DD1BF0021271F /* libPS1080.dylib */; };
		1F9BFAA51B1DD1BF0021271F /* libPSLink.dylib in CopyFiles */ = {isa = PBXBuildFile; fileRef = 1F9BFA821B1DD1BF0021271F /* libPSLink.dylib */; };
		1F9BFAA61B1DD1BF0021271F /* OpenNI.ini in CopyFiles */ = {isa = PBXBuildFile; fileRef = 1F9BFA831B1DD1BF0021271F /* OpenNI.ini */; };
		1F9BFAA81B1DD1DB0021271F /* hand_detector_light.dat in CopyFiles */ = {isa = PBXBuildFile; fileRef = 1F9BFAA71B1DD1DB0021271F /* hand_detector_light.dat */; };
		1F9BFAAA1B1DD1EF0021271F /* hand_detector_light.dat in CopyFiles */ = {isa = PBXBuildFile; fileRef = 1F9BFAA91B1DD1EF0021271F /* hand_detector_light.dat */; };
		5323E6B20EAFCA74003A9687 /* CoreVideo.framework in Frameworks */ = {isa = PBXBuildFile; fileRef = 5323E6B10EAFCA74003A9687 /* CoreVideo.framework */; };
		5323E6B60EAFCA7E003A9687 /* QTKit.framework in Frameworks */ = {isa = PBXBuildFile; fileRef = 5323E6B50EAFCA7E003A9687 /* QTKit.framework */; };
		53E3CDFC0E86099300238D2B /* Carbon.framework in Frameworks */ = {isa = PBXBuildFile; fileRef = 53E3CDFB0E86099300238D2B /* Carbon.framework */; };
		8D11072F0486CEB800E47090 /* Cocoa.framework in Frameworks */ = {isa = PBXBuildFile; fileRef = 1058C7A1FEA54F0111CA2CBB /* Cocoa.framework */; };
		A1E08DC91B147AD2003ED9FF /* Cinderactor.cpp in Sources */ = {isa = PBXBuildFile; fileRef = A1E08DC71B147AD2003ED9FF /* Cinderactor.cpp */; };
		A1E08DCA1B147AD2003ED9FF /* MovingRect.cpp in Sources */ = {isa = PBXBuildFile; fileRef = A1E08DC81B147AD2003ED9FF /* MovingRect.cpp */; };
		A1E08DCC1B147B19003ED9FF /* interactor.cfg in Resources */ = {isa = PBXBuildFile; fileRef = A1E08DCB1B147B19003ED9FF /* interactor.cfg */; };
/* End PBXBuildFile section */

/* Begin PBXCopyFilesBuildPhase section */
		1F9BF9B61B1DD12B0021271F /* CopyFiles */ = {
			isa = PBXCopyFilesBuildPhase;
			buildActionMask = 2147483647;
			dstPath = "";
			dstSubfolderSpec = 6;
			files = (
				1F9BF9E71B1DD14A0021271F /* libopencv_objdetect.3.0.dylib in CopyFiles */,
				1F9BF9E81B1DD14A0021271F /* libopencv_video.3.0.dylib in CopyFiles */,
				1F9BF9E91B1DD14A0021271F /* libopencv_videoio.3.0.dylib in CopyFiles */,
				1F9BF9EA1B1DD14A0021271F /* liborc-0.4.0.dylib in CopyFiles */,
				1F9BF9EB1B1DD14A0021271F /* libpng16.16.dylib in CopyFiles */,
				1F9BF9EC1B1DD14A0021271F /* libssl.1.0.0.dylib in CopyFiles */,
				1F9BF9ED1B1DD14A0021271F /* libtiff.5.dylib in CopyFiles */,
				1F9BF9EE1B1DD14A0021271F /* libusb-1.0.0.dylib in CopyFiles */,
				1F9BF9EF1B1DD14A0021271F /* libwebp.5.dylib in CopyFiles */,
				1F9BF9F01B1DD14A0021271F /* libz.1.dylib in CopyFiles */,
				1F9BF9F11B1DD14A0021271F /* libopencv_features2d.3.0.dylib in CopyFiles */,
				1F9BF9F21B1DD14A0021271F /* libopencv_flann.3.0.dylib in CopyFiles */,
				1F9BF9F31B1DD14A0021271F /* libopencv_highgui.3.0.dylib in CopyFiles */,
				1F9BF9F41B1DD14A0021271F /* libopencv_imgcodecs.3.0.dylib in CopyFiles */,
				1F9BF9F51B1DD14A0021271F /* libopencv_imgproc.3.0.dylib in CopyFiles */,
				1F9BF9F61B1DD14A0021271F /* libopencv_ml.3.0.dylib in CopyFiles */,
				1F9BF9F71B1DD14A0021271F /* OpenNI.ini in CopyFiles */,
				1F9BF9F81B1DD14A0021271F /* libboost_date_time-mt.dylib in CopyFiles */,
				1F9BF9F91B1DD14A0021271F /* libboost_filesystem-mt.dylib in CopyFiles */,
				1F9BF9FA1B1DD14A0021271F /* libboost_program_options-mt.dylib in CopyFiles */,
				1F9BF9FB1B1DD14A0021271F /* libboost_serialization-mt.dylib in CopyFiles */,
				1F9BF9FC1B1DD14A0021271F /* libboost_system-mt.dylib in CopyFiles */,
				1F9BF9FD1B1DD14A0021271F /* libboost_thread-mt.dylib in CopyFiles */,
				1F9BF9FE1B1DD14A0021271F /* libcrypto.1.0.0.dylib in CopyFiles */,
				1F9BF9FF1B1DD14A0021271F /* libcurl.4.dylib in CopyFiles */,
				1F9BFA001B1DD14A0021271F /* libffi.6.dylib in CopyFiles */,
				1F9BFA011B1DD14A0021271F /* libglib-2.0.0.dylib in CopyFiles */,
				1F9BFA021B1DD14A0021271F /* libgmodule-2.0.0.dylib in CopyFiles */,
				1F9BFA031B1DD14A0021271F /* libgobject-2.0.0.dylib in CopyFiles */,
				1F9BFA041B1DD14A0021271F /* libgstapp-1.0.0.dylib in CopyFiles */,
				1F9BFA051B1DD14A0021271F /* libgstaudio-1.0.0.dylib in CopyFiles */,
				1F9BFA061B1DD14A0021271F /* libgstbase-1.0.0.dylib in CopyFiles */,
				1F9BFA071B1DD14A0021271F /* libgstpbutils-1.0.0.dylib in CopyFiles */,
				1F9BFA081B1DD14A0021271F /* libgstreamer-1.0.0.dylib in CopyFiles */,
				1F9BFA091B1DD14A0021271F /* libgstriff-1.0.0.dylib in CopyFiles */,
				1F9BFA0A1B1DD14A0021271F /* libgsttag-1.0.0.dylib in CopyFiles */,
				1F9BFA0B1B1DD14A0021271F /* libgstvideo-1.0.0.dylib in CopyFiles */,
				1F9BFA0C1B1DD14A0021271F /* libiconv.2.dylib in CopyFiles */,
				1F9BFA0D1B1DD14A0021271F /* libidn.11.dylib in CopyFiles */,
				1F9BFA0E1B1DD14A0021271F /* libintl.8.dylib in CopyFiles */,
				1F9BFA0F1B1DD14A0021271F /* libjpeg.9.dylib in CopyFiles */,
				1F9BFA101B1DD14A0021271F /* liblzma.5.dylib in CopyFiles */,
				1F9BFA111B1DD14A0021271F /* libOniFile.dylib in CopyFiles */,
				1F9BFA121B1DD14A0021271F /* libopencv_calib3d.3.0.dylib in CopyFiles */,
				1F9BFA131B1DD14A0021271F /* libopencv_core.3.0.dylib in CopyFiles */,
				1F9BFA141B1DD14A0021271F /* libOpenNI2.dylib in CopyFiles */,
				1F9BFA151B1DD14A0021271F /* libPS1080.dylib in CopyFiles */,
				1F9BFA161B1DD14A0021271F /* libPSLink.dylib in CopyFiles */,
			);
			runOnlyForDeploymentPostprocessing = 0;
		};
		1F9BFA291B1DD1550021271F /* CopyFiles */ = {
			isa = PBXCopyFilesBuildPhase;
			buildActionMask = 2147483647;
			dstPath = Models;
			dstSubfolderSpec = 7;
			files = (
				1F9BFAA81B1DD1DB0021271F /* hand_detector_light.dat in CopyFiles */,
			);
			runOnlyForDeploymentPostprocessing = 0;
		};
		1F9BFA2B1B1DD1550021271F /* CopyFiles */ = {
			isa = PBXCopyFilesBuildPhase;
			buildActionMask = 2147483647;
			dstPath = "";
			dstSubfolderSpec = 6;
			files = (
				1F9BFA841B1DD1BF0021271F /* libopencv_videoio.3.0.dylib in CopyFiles */,
				1F9BFA851B1DD1BF0021271F /* libpng15.15.dylib in CopyFiles */,
				1F9BFA861B1DD1BF0021271F /* libssl.1.0.0.dylib in CopyFiles */,
				1F9BFA871B1DD1BF0021271F /* libtiff.5.dylib in CopyFiles */,
				1F9BFA881B1DD1BF0021271F /* libusb-1.0.0.dylib in CopyFiles */,
				1F9BFA891B1DD1BF0021271F /* libwebp.4.dylib in CopyFiles */,
				1F9BFA8A1B1DD1BF0021271F /* libz.1.dylib in CopyFiles */,
				1F9BFA8B1B1DD1BF0021271F /* libopencv_features2d.3.0.dylib in CopyFiles */,
				1F9BFA8C1B1DD1BF0021271F /* libopencv_flann.3.0.dylib in CopyFiles */,
				1F9BFA8D1B1DD1BF0021271F /* libopencv_highgui.3.0.dylib in CopyFiles */,
				1F9BFA8E1B1DD1BF0021271F /* libopencv_imgcodecs.3.0.dylib in CopyFiles */,
				1F9BFA8F1B1DD1BF0021271F /* libopencv_imgproc.3.0.dylib in CopyFiles */,
				1F9BFA901B1DD1BF0021271F /* libopencv_ml.3.0.dylib in CopyFiles */,
				1F9BFA911B1DD1BF0021271F /* libopencv_objdetect.3.0.dylib in CopyFiles */,
				1F9BFA921B1DD1BF0021271F /* libopencv_video.3.0.dylib in CopyFiles */,
				1F9BFA931B1DD1BF0021271F /* libiconv.2.dylib in CopyFiles */,
				1F9BFA941B1DD1BF0021271F /* libidn.11.dylib in CopyFiles */,
				1F9BFA951B1DD1BF0021271F /* libintl.8.dylib in CopyFiles */,
				1F9BFA961B1DD1BF0021271F /* libjpeg.9.dylib in CopyFiles */,
				1F9BFA971B1DD1BF0021271F /* liblzma.5.dylib in CopyFiles */,
				1F9BFA981B1DD1BF0021271F /* libopencv_calib3d.3.0.dylib in CopyFiles */,
				1F9BFA991B1DD1BF0021271F /* libopencv_core.3.0.dylib in CopyFiles */,
				1F9BFA9A1B1DD1BF0021271F /* libboost_date_time-mt.dylib in CopyFiles */,
				1F9BFA9B1B1DD1BF0021271F /* libboost_filesystem-mt.dylib in CopyFiles */,
				1F9BFA9C1B1DD1BF0021271F /* libboost_program_options-mt.dylib in CopyFiles */,
				1F9BFA9D1B1DD1BF0021271F /* libboost_serialization-mt.dylib in CopyFiles */,
				1F9BFA9E1B1DD1BF0021271F /* libboost_system-mt.dylib in CopyFiles */,
				1F9BFA9F1B1DD1BF0021271F /* libboost_thread-mt.dylib in CopyFiles */,
				1F9BFAA01B1DD1BF0021271F /* libcrypto.1.0.0.dylib in CopyFiles */,
				1F9BFAA11B1DD1BF0021271F /* libcurl.4.dylib in CopyFiles */,
				1F9BFAA21B1DD1BF0021271F /* libOniFile.dylib in CopyFiles */,
				1F9BFAA31B1DD1BF0021271F /* libOpenNI2.dylib in CopyFiles */,
				1F9BFAA41B1DD1BF0021271F /* libPS1080.dylib in CopyFiles */,
				1F9BFAA51B1DD1BF0021271F /* libPSLink.dylib in CopyFiles */,
				1F9BFAA61B1DD1BF0021271F /* OpenNI.ini in CopyFiles */,
			);
			runOnlyForDeploymentPostprocessing = 0;
		};
		A10B06501B0B7EB000507C88 /* CopyFiles */ = {
			isa = PBXCopyFilesBuildPhase;
			buildActionMask = 2147483647;
			dstPath = Models;
			dstSubfolderSpec = 7;
			files = (
				1F9BFAAA1B1DD1EF0021271F /* hand_detector_light.dat in CopyFiles */,
			);
			runOnlyForDeploymentPostprocessing = 0;
		};
/* End PBXCopyFilesBuildPhase section */

/* Begin PBXFileReference section */
		0091D8F80E81B9330029341E /* OpenGL.framework */ = {isa = PBXFileReference; lastKnownFileType = wrapper.framework; name = OpenGL.framework; path = /System/Library/Frameworks/OpenGL.framework; sourceTree = "<absolute>"; };
		0097E3E40F3E9819005A4392 /* QuickTime.framework */ = {isa = PBXFileReference; lastKnownFileType = wrapper.framework; name = QuickTime.framework; path = /System/Library/Frameworks/QuickTime.framework; sourceTree = "<absolute>"; };
		00B784AF0FF439BC000DE1D7 /* Accelerate.framework */ = {isa = PBXFileReference; lastKnownFileType = wrapper.framework; name = Accelerate.framework; path = System/Library/Frameworks/Accelerate.framework; sourceTree = SDKROOT; };
		00B784B00FF439BC000DE1D7 /* AudioToolbox.framework */ = {isa = PBXFileReference; lastKnownFileType = wrapper.framework; name = AudioToolbox.framework; path = System/Library/Frameworks/AudioToolbox.framework; sourceTree = SDKROOT; };
		00B784B10FF439BC000DE1D7 /* AudioUnit.framework */ = {isa = PBXFileReference; lastKnownFileType = wrapper.framework; name = AudioUnit.framework; path = System/Library/Frameworks/AudioUnit.framework; sourceTree = SDKROOT; };
		00B784B20FF439BC000DE1D7 /* CoreAudio.framework */ = {isa = PBXFileReference; lastKnownFileType = wrapper.framework; name = CoreAudio.framework; path = System/Library/Frameworks/CoreAudio.framework; sourceTree = SDKROOT; };
		00C07B8D0FFDB748004801EA /* mainApp.cpp */ = {isa = PBXFileReference; fileEncoding = 4; lastKnownFileType = sourcecode.cpp.cpp; name = mainApp.cpp; path = ../src/mainApp.cpp; sourceTree = SOURCE_ROOT; };
		1058C7A1FEA54F0111CA2CBB /* Cocoa.framework */ = {isa = PBXFileReference; lastKnownFileType = wrapper.framework; name = Cocoa.framework; path = /System/Library/Frameworks/Cocoa.framework; sourceTree = "<absolute>"; };
		13E42FB307B3F0F600E4EEF1 /* CoreData.framework */ = {isa = PBXFileReference; lastKnownFileType = wrapper.framework; name = CoreData.framework; path = /System/Library/Frameworks/CoreData.framework; sourceTree = "<absolute>"; };
		1F9BF9B71B1DD1490021271F /* libopencv_objdetect.3.0.dylib */ = {isa = PBXFileReference; lastKnownFileType = "compiled.mach-o.dylib"; name = libopencv_objdetect.3.0.dylib; path = "../../../../../gestoosdk-osx-dependencies/libopencv_objdetect.3.0.dylib"; sourceTree = "<group>"; };
		1F9BF9B81B1DD1490021271F /* libopencv_video.3.0.dylib */ = {isa = PBXFileReference; lastKnownFileType = "compiled.mach-o.dylib"; name = libopencv_video.3.0.dylib; path = "../../../../../gestoosdk-osx-dependencies/libopencv_video.3.0.dylib"; sourceTree = "<group>"; };
		1F9BF9B91B1DD1490021271F /* libopencv_videoio.3.0.dylib */ = {isa = PBXFileReference; lastKnownFileType = "compiled.mach-o.dylib"; name = libopencv_videoio.3.0.dylib; path = "../../../../../gestoosdk-osx-dependencies/libopencv_videoio.3.0.dylib"; sourceTree = "<group>"; };
		1F9BF9BA1B1DD1490021271F /* liborc-0.4.0.dylib */ = {isa = PBXFileReference; lastKnownFileType = "compiled.mach-o.dylib"; name = "liborc-0.4.0.dylib"; path = "../../../../../gestoosdk-osx-dependencies/liborc-0.4.0.dylib"; sourceTree = "<group>"; };
		1F9BF9BB1B1DD1490021271F /* libpng16.16.dylib */ = {isa = PBXFileReference; lastKnownFileType = "compiled.mach-o.dylib"; name = libpng16.16.dylib; path = "../../../../../gestoosdk-osx-dependencies/libpng16.16.dylib"; sourceTree = "<group>"; };
		1F9BF9BC1B1DD1490021271F /* libssl.1.0.0.dylib */ = {isa = PBXFileReference; lastKnownFileType = "compiled.mach-o.dylib"; name = libssl.1.0.0.dylib; path = "../../../../../gestoosdk-osx-dependencies/libssl.1.0.0.dylib"; sourceTree = "<group>"; };
		1F9BF9BD1B1DD1490021271F /* libtiff.5.dylib */ = {isa = PBXFileReference; lastKnownFileType = "compiled.mach-o.dylib"; name = libtiff.5.dylib; path = "../../../../../gestoosdk-osx-dependencies/libtiff.5.dylib"; sourceTree = "<group>"; };
		1F9BF9BE1B1DD1490021271F /* libusb-1.0.0.dylib */ = {isa = PBXFileReference; lastKnownFileType = "compiled.mach-o.dylib"; name = "libusb-1.0.0.dylib"; path = "../../../../../gestoosdk-osx-dependencies/libusb-1.0.0.dylib"; sourceTree = "<group>"; };
		1F9BF9BF1B1DD1490021271F /* libwebp.5.dylib */ = {isa = PBXFileReference; lastKnownFileType = "compiled.mach-o.dylib"; name = libwebp.5.dylib; path = "../../../../../gestoosdk-osx-dependencies/libwebp.5.dylib"; sourceTree = "<group>"; };
		1F9BF9C01B1DD1490021271F /* libz.1.dylib */ = {isa = PBXFileReference; lastKnownFileType = "compiled.mach-o.dylib"; name = libz.1.dylib; path = "../../../../../gestoosdk-osx-dependencies/libz.1.dylib"; sourceTree = "<group>"; };
		1F9BF9C11B1DD1490021271F /* libopencv_features2d.3.0.dylib */ = {isa = PBXFileReference; lastKnownFileType = "compiled.mach-o.dylib"; name = libopencv_features2d.3.0.dylib; path = "../../../../../gestoosdk-osx-dependencies/libopencv_features2d.3.0.dylib"; sourceTree = "<group>"; };
		1F9BF9C21B1DD1490021271F /* libopencv_flann.3.0.dylib */ = {isa = PBXFileReference; lastKnownFileType = "compiled.mach-o.dylib"; name = libopencv_flann.3.0.dylib; path = "../../../../../gestoosdk-osx-dependencies/libopencv_flann.3.0.dylib"; sourceTree = "<group>"; };
		1F9BF9C31B1DD1490021271F /* libopencv_highgui.3.0.dylib */ = {isa = PBXFileReference; lastKnownFileType = "compiled.mach-o.dylib"; name = libopencv_highgui.3.0.dylib; path = "../../../../../gestoosdk-osx-dependencies/libopencv_highgui.3.0.dylib"; sourceTree = "<group>"; };
		1F9BF9C41B1DD1490021271F /* libopencv_imgcodecs.3.0.dylib */ = {isa = PBXFileReference; lastKnownFileType = "compiled.mach-o.dylib"; name = libopencv_imgcodecs.3.0.dylib; path = "../../../../../gestoosdk-osx-dependencies/libopencv_imgcodecs.3.0.dylib"; sourceTree = "<group>"; };
		1F9BF9C51B1DD1490021271F /* libopencv_imgproc.3.0.dylib */ = {isa = PBXFileReference; lastKnownFileType = "compiled.mach-o.dylib"; name = libopencv_imgproc.3.0.dylib; path = "../../../../../gestoosdk-osx-dependencies/libopencv_imgproc.3.0.dylib"; sourceTree = "<group>"; };
		1F9BF9C61B1DD1490021271F /* libopencv_ml.3.0.dylib */ = {isa = PBXFileReference; lastKnownFileType = "compiled.mach-o.dylib"; name = libopencv_ml.3.0.dylib; path = "../../../../../gestoosdk-osx-dependencies/libopencv_ml.3.0.dylib"; sourceTree = "<group>"; };
		1F9BF9C71B1DD1490021271F /* OpenNI.ini */ = {isa = PBXFileReference; lastKnownFileType = text; name = OpenNI.ini; path = "../../../../../gestoosdk-osx-dependencies/OpenNI.ini"; sourceTree = "<group>"; };
		1F9BF9C81B1DD1490021271F /* libboost_date_time-mt.dylib */ = {isa = PBXFileReference; lastKnownFileType = "compiled.mach-o.dylib"; name = "libboost_date_time-mt.dylib"; path = "../../../../../gestoosdk-osx-dependencies/libboost_date_time-mt.dylib"; sourceTree = "<group>"; };
		1F9BF9C91B1DD1490021271F /* libboost_filesystem-mt.dylib */ = {isa = PBXFileReference; lastKnownFileType = "compiled.mach-o.dylib"; name = "libboost_filesystem-mt.dylib"; path = "../../../../../gestoosdk-osx-dependencies/libboost_filesystem-mt.dylib"; sourceTree = "<group>"; };
		1F9BF9CA1B1DD1490021271F /* libboost_program_options-mt.dylib */ = {isa = PBXFileReference; lastKnownFileType = "compiled.mach-o.dylib"; name = "libboost_program_options-mt.dylib"; path = "../../../../../gestoosdk-osx-dependencies/libboost_program_options-mt.dylib"; sourceTree = "<group>"; };
		1F9BF9CB1B1DD1490021271F /* libboost_serialization-mt.dylib */ = {isa = PBXFileReference; lastKnownFileType = "compiled.mach-o.dylib"; name = "libboost_serialization-mt.dylib"; path = "../../../../../gestoosdk-osx-dependencies/libboost_serialization-mt.dylib"; sourceTree = "<group>"; };
		1F9BF9CC1B1DD1490021271F /* libboost_system-mt.dylib */ = {isa = PBXFileReference; lastKnownFileType = "compiled.mach-o.dylib"; name = "libboost_system-mt.dylib"; path = "../../../../../gestoosdk-osx-dependencies/libboost_system-mt.dylib"; sourceTree = "<group>"; };
		1F9BF9CD1B1DD1490021271F /* libboost_thread-mt.dylib */ = {isa = PBXFileReference; lastKnownFileType = "compiled.mach-o.dylib"; name = "libboost_thread-mt.dylib"; path = "../../../../../gestoosdk-osx-dependencies/libboost_thread-mt.dylib"; sourceTree = "<group>"; };
		1F9BF9CE1B1DD1490021271F /* libcrypto.1.0.0.dylib */ = {isa = PBXFileReference; lastKnownFileType = "compiled.mach-o.dylib"; name = libcrypto.1.0.0.dylib; path = "../../../../../gestoosdk-osx-dependencies/libcrypto.1.0.0.dylib"; sourceTree = "<group>"; };
		1F9BF9CF1B1DD1490021271F /* libcurl.4.dylib */ = {isa = PBXFileReference; lastKnownFileType = "compiled.mach-o.dylib"; name = libcurl.4.dylib; path = "../../../../../gestoosdk-osx-dependencies/libcurl.4.dylib"; sourceTree = "<group>"; };
		1F9BF9D01B1DD1490021271F /* libffi.6.dylib */ = {isa = PBXFileReference; lastKnownFileType = "compiled.mach-o.dylib"; name = libffi.6.dylib; path = "../../../../../gestoosdk-osx-dependencies/libffi.6.dylib"; sourceTree = "<group>"; };
		1F9BF9D11B1DD1490021271F /* libglib-2.0.0.dylib */ = {isa = PBXFileReference; lastKnownFileType = "compiled.mach-o.dylib"; name = "libglib-2.0.0.dylib"; path = "../../../../../gestoosdk-osx-dependencies/libglib-2.0.0.dylib"; sourceTree = "<group>"; };
		1F9BF9D21B1DD1490021271F /* libgmodule-2.0.0.dylib */ = {isa = PBXFileReference; lastKnownFileType = "compiled.mach-o.dylib"; name = "libgmodule-2.0.0.dylib"; path = "../../../../../gestoosdk-osx-dependencies/libgmodule-2.0.0.dylib"; sourceTree = "<group>"; };
		1F9BF9D31B1DD1490021271F /* libgobject-2.0.0.dylib */ = {isa = PBXFileReference; lastKnownFileType = "compiled.mach-o.dylib"; name = "libgobject-2.0.0.dylib"; path = "../../../../../gestoosdk-osx-dependencies/libgobject-2.0.0.dylib"; sourceTree = "<group>"; };
		1F9BF9D41B1DD1490021271F /* libgstapp-1.0.0.dylib */ = {isa = PBXFileReference; lastKnownFileType = "compiled.mach-o.dylib"; name = "libgstapp-1.0.0.dylib"; path = "../../../../../gestoosdk-osx-dependencies/libgstapp-1.0.0.dylib"; sourceTree = "<group>"; };
		1F9BF9D51B1DD1490021271F /* libgstaudio-1.0.0.dylib */ = {isa = PBXFileReference; lastKnownFileType = "compiled.mach-o.dylib"; name = "libgstaudio-1.0.0.dylib"; path = "../../../../../gestoosdk-osx-dependencies/libgstaudio-1.0.0.dylib"; sourceTree = "<group>"; };
		1F9BF9D61B1DD1490021271F /* libgstbase-1.0.0.dylib */ = {isa = PBXFileReference; lastKnownFileType = "compiled.mach-o.dylib"; name = "libgstbase-1.0.0.dylib"; path = "../../../../../gestoosdk-osx-dependencies/libgstbase-1.0.0.dylib"; sourceTree = "<group>"; };
		1F9BF9D71B1DD1490021271F /* libgstpbutils-1.0.0.dylib */ = {isa = PBXFileReference; lastKnownFileType = "compiled.mach-o.dylib"; name = "libgstpbutils-1.0.0.dylib"; path = "../../../../../gestoosdk-osx-dependencies/libgstpbutils-1.0.0.dylib"; sourceTree = "<group>"; };
		1F9BF9D81B1DD1490021271F /* libgstreamer-1.0.0.dylib */ = {isa = PBXFileReference; lastKnownFileType = "compiled.mach-o.dylib"; name = "libgstreamer-1.0.0.dylib"; path = "../../../../../gestoosdk-osx-dependencies/libgstreamer-1.0.0.dylib"; sourceTree = "<group>"; };
		1F9BF9D91B1DD1490021271F /* libgstriff-1.0.0.dylib */ = {isa = PBXFileReference; lastKnownFileType = "compiled.mach-o.dylib"; name = "libgstriff-1.0.0.dylib"; path = "../../../../../gestoosdk-osx-dependencies/libgstriff-1.0.0.dylib"; sourceTree = "<group>"; };
		1F9BF9DA1B1DD1490021271F /* libgsttag-1.0.0.dylib */ = {isa = PBXFileReference; lastKnownFileType = "compiled.mach-o.dylib"; name = "libgsttag-1.0.0.dylib"; path = "../../../../../gestoosdk-osx-dependencies/libgsttag-1.0.0.dylib"; sourceTree = "<group>"; };
		1F9BF9DB1B1DD1490021271F /* libgstvideo-1.0.0.dylib */ = {isa = PBXFileReference; lastKnownFileType = "compiled.mach-o.dylib"; name = "libgstvideo-1.0.0.dylib"; path = "../../../../../gestoosdk-osx-dependencies/libgstvideo-1.0.0.dylib"; sourceTree = "<group>"; };
		1F9BF9DC1B1DD1490021271F /* libiconv.2.dylib */ = {isa = PBXFileReference; lastKnownFileType = "compiled.mach-o.dylib"; name = libiconv.2.dylib; path = "../../../../../gestoosdk-osx-dependencies/libiconv.2.dylib"; sourceTree = "<group>"; };
		1F9BF9DD1B1DD1490021271F /* libidn.11.dylib */ = {isa = PBXFileReference; lastKnownFileType = "compiled.mach-o.dylib"; name = libidn.11.dylib; path = "../../../../../gestoosdk-osx-dependencies/libidn.11.dylib"; sourceTree = "<group>"; };
		1F9BF9DE1B1DD14A0021271F /* libintl.8.dylib */ = {isa = PBXFileReference; lastKnownFileType = "compiled.mach-o.dylib"; name = libintl.8.dylib; path = "../../../../../gestoosdk-osx-dependencies/libintl.8.dylib"; sourceTree = "<group>"; };
		1F9BF9DF1B1DD14A0021271F /* libjpeg.9.dylib */ = {isa = PBXFileReference; lastKnownFileType = "compiled.mach-o.dylib"; name = libjpeg.9.dylib; path = "../../../../../gestoosdk-osx-dependencies/libjpeg.9.dylib"; sourceTree = "<group>"; };
		1F9BF9E01B1DD14A0021271F /* liblzma.5.dylib */ = {isa = PBXFileReference; lastKnownFileType = "compiled.mach-o.dylib"; name = liblzma.5.dylib; path = "../../../../../gestoosdk-osx-dependencies/liblzma.5.dylib"; sourceTree = "<group>"; };
		1F9BF9E11B1DD14A0021271F /* libOniFile.dylib */ = {isa = PBXFileReference; lastKnownFileType = "compiled.mach-o.dylib"; name = libOniFile.dylib; path = "../../../../../gestoosdk-osx-dependencies/libOniFile.dylib"; sourceTree = "<group>"; };
		1F9BF9E21B1DD14A0021271F /* libopencv_calib3d.3.0.dylib */ = {isa = PBXFileReference; lastKnownFileType = "compiled.mach-o.dylib"; name = libopencv_calib3d.3.0.dylib; path = "../../../../../gestoosdk-osx-dependencies/libopencv_calib3d.3.0.dylib"; sourceTree = "<group>"; };
		1F9BF9E31B1DD14A0021271F /* libopencv_core.3.0.dylib */ = {isa = PBXFileReference; lastKnownFileType = "compiled.mach-o.dylib"; name = libopencv_core.3.0.dylib; path = "../../../../../gestoosdk-osx-dependencies/libopencv_core.3.0.dylib"; sourceTree = "<group>"; };
		1F9BF9E41B1DD14A0021271F /* libOpenNI2.dylib */ = {isa = PBXFileReference; lastKnownFileType = "compiled.mach-o.dylib"; name = libOpenNI2.dylib; path = "../../../../../gestoosdk-osx-dependencies/libOpenNI2.dylib"; sourceTree = "<group>"; };
		1F9BF9E51B1DD14A0021271F /* libPS1080.dylib */ = {isa = PBXFileReference; lastKnownFileType = "compiled.mach-o.dylib"; name = libPS1080.dylib; path = "../../../../../gestoosdk-osx-dependencies/libPS1080.dylib"; sourceTree = "<group>"; };
		1F9BF9E61B1DD14A0021271F /* libPSLink.dylib */ = {isa = PBXFileReference; lastKnownFileType = "compiled.mach-o.dylib"; name = libPSLink.dylib; path = "../../../../../gestoosdk-osx-dependencies/libPSLink.dylib"; sourceTree = "<group>"; };
		1F9BFA5F1B1DD1550021271F /* emptyExample.app */ = {isa = PBXFileReference; explicitFileType = wrapper.application; includeInIndex = 0; path = emptyExample.app; sourceTree = BUILT_PRODUCTS_DIR; };
		1F9BFA601B1DD1550021271F /* emptyExample_10_8-Info.plist */ = {isa = PBXFileReference; lastKnownFileType = text.plist.xml; name = "emptyExample_10_8-Info.plist"; path = "/Users/marcel/Development/bitbucket_fezoo/fezoolib/applications/cindersamples/samples/EmptyExample/xcode/emptyExample_10_8-Info.plist"; sourceTree = "<absolute>"; };
		1F9BFA611B1DD1BE0021271F /* libopencv_videoio.3.0.dylib */ = {isa = PBXFileReference; lastKnownFileType = "compiled.mach-o.dylib"; name = libopencv_videoio.3.0.dylib; path = "../../../../../gestoosdk-osx-dependencies/osx_10_8/libopencv_videoio.3.0.dylib"; sourceTree = "<group>"; };
		1F9BFA621B1DD1BE0021271F /* libpng15.15.dylib */ = {isa = PBXFileReference; lastKnownFileType = "compiled.mach-o.dylib"; name = libpng15.15.dylib; path = "../../../../../gestoosdk-osx-dependencies/osx_10_8/libpng15.15.dylib"; sourceTree = "<group>"; };
		1F9BFA631B1DD1BE0021271F /* libssl.1.0.0.dylib */ = {isa = PBXFileReference; lastKnownFileType = "compiled.mach-o.dylib"; name = libssl.1.0.0.dylib; path = "../../../../../gestoosdk-osx-dependencies/osx_10_8/libssl.1.0.0.dylib"; sourceTree = "<group>"; };
		1F9BFA641B1DD1BE0021271F /* libtiff.5.dylib */ = {isa = PBXFileReference; lastKnownFileType = "compiled.mach-o.dylib"; name = libtiff.5.dylib; path = "../../../../../gestoosdk-osx-dependencies/osx_10_8/libtiff.5.dylib"; sourceTree = "<group>"; };
		1F9BFA651B1DD1BE0021271F /* libusb-1.0.0.dylib */ = {isa = PBXFileReference; lastKnownFileType = "compiled.mach-o.dylib"; name = "libusb-1.0.0.dylib"; path = "../../../../../gestoosdk-osx-dependencies/osx_10_8/libusb-1.0.0.dylib"; sourceTree = "<group>"; };
		1F9BFA661B1DD1BE0021271F /* libwebp.4.dylib */ = {isa = PBXFileReference; lastKnownFileType = "compiled.mach-o.dylib"; name = libwebp.4.dylib; path = "../../../../../gestoosdk-osx-dependencies/osx_10_8/libwebp.4.dylib"; sourceTree = "<group>"; };
		1F9BFA671B1DD1BE0021271F /* libz.1.dylib */ = {isa = PBXFileReference; lastKnownFileType = "compiled.mach-o.dylib"; name = libz.1.dylib; path = "../../../../../gestoosdk-osx-dependencies/osx_10_8/libz.1.dylib"; sourceTree = "<group>"; };
		1F9BFA681B1DD1BE0021271F /* libopencv_features2d.3.0.dylib */ = {isa = PBXFileReference; lastKnownFileType = "compiled.mach-o.dylib"; name = libopencv_features2d.3.0.dylib; path = "../../../../../gestoosdk-osx-dependencies/osx_10_8/libopencv_features2d.3.0.dylib"; sourceTree = "<group>"; };
		1F9BFA691B1DD1BE0021271F /* libopencv_flann.3.0.dylib */ = {isa = PBXFileReference; lastKnownFileType = "compiled.mach-o.dylib"; name = libopencv_flann.3.0.dylib; path = "../../../../../gestoosdk-osx-dependencies/osx_10_8/libopencv_flann.3.0.dylib"; sourceTree = "<group>"; };
		1F9BFA6A1B1DD1BF0021271F /* libopencv_highgui.3.0.dylib */ = {isa = PBXFileReference; lastKnownFileType = "compiled.mach-o.dylib"; name = libopencv_highgui.3.0.dylib; path = "../../../../../gestoosdk-osx-dependencies/osx_10_8/libopencv_highgui.3.0.dylib"; sourceTree = "<group>"; };
		1F9BFA6B1B1DD1BF0021271F /* libopencv_imgcodecs.3.0.dylib */ = {isa = PBXFileReference; lastKnownFileType = "compiled.mach-o.dylib"; name = libopencv_imgcodecs.3.0.dylib; path = "../../../../../gestoosdk-osx-dependencies/osx_10_8/libopencv_imgcodecs.3.0.dylib"; sourceTree = "<group>"; };
		1F9BFA6C1B1DD1BF0021271F /* libopencv_imgproc.3.0.dylib */ = {isa = PBXFileReference; lastKnownFileType = "compiled.mach-o.dylib"; name = libopencv_imgproc.3.0.dylib; path = "../../../../../gestoosdk-osx-dependencies/osx_10_8/libopencv_imgproc.3.0.dylib"; sourceTree = "<group>"; };
		1F9BFA6D1B1DD1BF0021271F /* libopencv_ml.3.0.dylib */ = {isa = PBXFileReference; lastKnownFileType = "compiled.mach-o.dylib"; name = libopencv_ml.3.0.dylib; path = "../../../../../gestoosdk-osx-dependencies/osx_10_8/libopencv_ml.3.0.dylib"; sourceTree = "<group>"; };
		1F9BFA6E1B1DD1BF0021271F /* libopencv_objdetect.3.0.dylib */ = {isa = PBXFileReference; lastKnownFileType = "compiled.mach-o.dylib"; name = libopencv_objdetect.3.0.dylib; path = "../../../../../gestoosdk-osx-dependencies/osx_10_8/libopencv_objdetect.3.0.dylib"; sourceTree = "<group>"; };
		1F9BFA6F1B1DD1BF0021271F /* libopencv_video.3.0.dylib */ = {isa = PBXFileReference; lastKnownFileType = "compiled.mach-o.dylib"; name = libopencv_video.3.0.dylib; path = "../../../../../gestoosdk-osx-dependencies/osx_10_8/libopencv_video.3.0.dylib"; sourceTree = "<group>"; };
		1F9BFA701B1DD1BF0021271F /* libiconv.2.dylib */ = {isa = PBXFileReference; lastKnownFileType = "compiled.mach-o.dylib"; name = libiconv.2.dylib; path = "../../../../../gestoosdk-osx-dependencies/osx_10_8/libiconv.2.dylib"; sourceTree = "<group>"; };
		1F9BFA711B1DD1BF0021271F /* libidn.11.dylib */ = {isa = PBXFileReference; lastKnownFileType = "compiled.mach-o.dylib"; name = libidn.11.dylib; path = "../../../../../gestoosdk-osx-dependencies/osx_10_8/libidn.11.dylib"; sourceTree = "<group>"; };
		1F9BFA721B1DD1BF0021271F /* libintl.8.dylib */ = {isa = PBXFileReference; lastKnownFileType = "compiled.mach-o.dylib"; name = libintl.8.dylib; path = "../../../../../gestoosdk-osx-dependencies/osx_10_8/libintl.8.dylib"; sourceTree = "<group>"; };
		1F9BFA731B1DD1BF0021271F /* libjpeg.9.dylib */ = {isa = PBXFileReference; lastKnownFileType = "compiled.mach-o.dylib"; name = libjpeg.9.dylib; path = "../../../../../gestoosdk-osx-dependencies/osx_10_8/libjpeg.9.dylib"; sourceTree = "<group>"; };
		1F9BFA741B1DD1BF0021271F /* liblzma.5.dylib */ = {isa = PBXFileReference; lastKnownFileType = "compiled.mach-o.dylib"; name = liblzma.5.dylib; path = "../../../../../gestoosdk-osx-dependencies/osx_10_8/liblzma.5.dylib"; sourceTree = "<group>"; };
		1F9BFA751B1DD1BF0021271F /* libopencv_calib3d.3.0.dylib */ = {isa = PBXFileReference; lastKnownFileType = "compiled.mach-o.dylib"; name = libopencv_calib3d.3.0.dylib; path = "../../../../../gestoosdk-osx-dependencies/osx_10_8/libopencv_calib3d.3.0.dylib"; sourceTree = "<group>"; };
		1F9BFA761B1DD1BF0021271F /* libopencv_core.3.0.dylib */ = {isa = PBXFileReference; lastKnownFileType = "compiled.mach-o.dylib"; name = libopencv_core.3.0.dylib; path = "../../../../../gestoosdk-osx-dependencies/osx_10_8/libopencv_core.3.0.dylib"; sourceTree = "<group>"; };
		1F9BFA771B1DD1BF0021271F /* libboost_date_time-mt.dylib */ = {isa = PBXFileReference; lastKnownFileType = "compiled.mach-o.dylib"; name = "libboost_date_time-mt.dylib"; path = "../../../../../gestoosdk-osx-dependencies/osx_10_8/libboost_date_time-mt.dylib"; sourceTree = "<group>"; };
		1F9BFA781B1DD1BF0021271F /* libboost_filesystem-mt.dylib */ = {isa = PBXFileReference; lastKnownFileType = "compiled.mach-o.dylib"; name = "libboost_filesystem-mt.dylib"; path = "../../../../../gestoosdk-osx-dependencies/osx_10_8/libboost_filesystem-mt.dylib"; sourceTree = "<group>"; };
		1F9BFA791B1DD1BF0021271F /* libboost_program_options-mt.dylib */ = {isa = PBXFileReference; lastKnownFileType = "compiled.mach-o.dylib"; name = "libboost_program_options-mt.dylib"; path = "../../../../../gestoosdk-osx-dependencies/osx_10_8/libboost_program_options-mt.dylib"; sourceTree = "<group>"; };
		1F9BFA7A1B1DD1BF0021271F /* libboost_serialization-mt.dylib */ = {isa = PBXFileReference; lastKnownFileType = "compiled.mach-o.dylib"; name = "libboost_serialization-mt.dylib"; path = "../../../../../gestoosdk-osx-dependencies/osx_10_8/libboost_serialization-mt.dylib"; sourceTree = "<group>"; };
		1F9BFA7B1B1DD1BF0021271F /* libboost_system-mt.dylib */ = {isa = PBXFileReference; lastKnownFileType = "compiled.mach-o.dylib"; name = "libboost_system-mt.dylib"; path = "../../../../../gestoosdk-osx-dependencies/osx_10_8/libboost_system-mt.dylib"; sourceTree = "<group>"; };
		1F9BFA7C1B1DD1BF0021271F /* libboost_thread-mt.dylib */ = {isa = PBXFileReference; lastKnownFileType = "compiled.mach-o.dylib"; name = "libboost_thread-mt.dylib"; path = "../../../../../gestoosdk-osx-dependencies/osx_10_8/libboost_thread-mt.dylib"; sourceTree = "<group>"; };
		1F9BFA7D1B1DD1BF0021271F /* libcrypto.1.0.0.dylib */ = {isa = PBXFileReference; lastKnownFileType = "compiled.mach-o.dylib"; name = libcrypto.1.0.0.dylib; path = "../../../../../gestoosdk-osx-dependencies/osx_10_8/libcrypto.1.0.0.dylib"; sourceTree = "<group>"; };
		1F9BFA7E1B1DD1BF0021271F /* libcurl.4.dylib */ = {isa = PBXFileReference; lastKnownFileType = "compiled.mach-o.dylib"; name = libcurl.4.dylib; path = "../../../../../gestoosdk-osx-dependencies/osx_10_8/libcurl.4.dylib"; sourceTree = "<group>"; };
		1F9BFA7F1B1DD1BF0021271F /* libOniFile.dylib */ = {isa = PBXFileReference; lastKnownFileType = "compiled.mach-o.dylib"; name = libOniFile.dylib; path = "../../../../../gestoosdk-osx-dependencies/osx_10_8/libOniFile.dylib"; sourceTree = "<group>"; };
		1F9BFA801B1DD1BF0021271F /* libOpenNI2.dylib */ = {isa = PBXFileReference; lastKnownFileType = "compiled.mach-o.dylib"; name = libOpenNI2.dylib; path = "../../../../../gestoosdk-osx-dependencies/osx_10_8/libOpenNI2.dylib"; sourceTree = "<group>"; };
		1F9BFA811B1DD1BF0021271F /* libPS1080.dylib */ = {isa = PBXFileReference; lastKnownFileType = "compiled.mach-o.dylib"; name = libPS1080.dylib; path = "../../../../../gestoosdk-osx-dependencies/osx_10_8/libPS1080.dylib"; sourceTree = "<group>"; };
		1F9BFA821B1DD1BF0021271F /* libPSLink.dylib */ = {isa = PBXFileReference; lastKnownFileType = "compiled.mach-o.dylib"; name = libPSLink.dylib; path = "../../../../../gestoosdk-osx-dependencies/osx_10_8/libPSLink.dylib"; sourceTree = "<group>"; };
		1F9BFA831B1DD1BF0021271F /* OpenNI.ini */ = {isa = PBXFileReference; lastKnownFileType = text; name = OpenNI.ini; path = "../../../../../gestoosdk-osx-dependencies/osx_10_8/OpenNI.ini"; sourceTree = "<group>"; };
		1F9BFAA71B1DD1DB0021271F /* hand_detector_light.dat */ = {isa = PBXFileReference; lastKnownFileType = text; name = hand_detector_light.dat; path = ../../../../../data/hand_detector_light.dat; sourceTree = "<group>"; };
		1F9BFAA91B1DD1EF0021271F /* hand_detector_light.dat */ = {isa = PBXFileReference; lastKnownFileType = text; name = hand_detector_light.dat; path = ../../../../../data/hand_detector_light.dat; sourceTree = "<group>"; };
		29B97324FDCFA39411CA2CEA /* AppKit.framework */ = {isa = PBXFileReference; lastKnownFileType = wrapper.framework; name = AppKit.framework; path = /System/Library/Frameworks/AppKit.framework; sourceTree = "<absolute>"; };
		29B97325FDCFA39411CA2CEA /* Foundation.framework */ = {isa = PBXFileReference; lastKnownFileType = wrapper.framework; name = Foundation.framework; path = /System/Library/Frameworks/Foundation.framework; sourceTree = "<absolute>"; };
		32CA4F630368D1EE00C91783 /* emptyExample_Prefix.pch */ = {isa = PBXFileReference; fileEncoding = 4; lastKnownFileType = sourcecode.c.h; path = emptyExample_Prefix.pch; sourceTree = "<group>"; };
		5323E6B10EAFCA74003A9687 /* CoreVideo.framework */ = {isa = PBXFileReference; lastKnownFileType = wrapper.framework; name = CoreVideo.framework; path = /System/Library/Frameworks/CoreVideo.framework; sourceTree = "<absolute>"; };
		5323E6B50EAFCA7E003A9687 /* QTKit.framework */ = {isa = PBXFileReference; lastKnownFileType = wrapper.framework; name = QTKit.framework; path = /System/Library/Frameworks/QTKit.framework; sourceTree = "<absolute>"; };
		53E3CDFB0E86099300238D2B /* Carbon.framework */ = {isa = PBXFileReference; lastKnownFileType = wrapper.framework; name = Carbon.framework; path = /System/Library/Frameworks/Carbon.framework; sourceTree = "<absolute>"; };
		8D1107310486CEB800E47090 /* Info.plist */ = {isa = PBXFileReference; fileEncoding = 4; lastKnownFileType = text.plist.xml; path = Info.plist; sourceTree = "<group>"; };
		8D1107320486CEB800E47090 /* emptyExample.app */ = {isa = PBXFileReference; explicitFileType = wrapper.application; includeInIndex = 0; path = emptyExample.app; sourceTree = BUILT_PRODUCTS_DIR; };
		A10B06B01B0F14B200507C88 /* hand_detector.dat */ = {isa = PBXFileReference; fileEncoding = 4; lastKnownFileType = text; name = hand_detector.dat; path = ../../../../../data/hand_detector.dat; sourceTree = "<group>"; };
		A1E08DC41B147AD2003ED9FF /* Cinderactor.h */ = {isa = PBXFileReference; fileEncoding = 4; lastKnownFileType = sourcecode.c.h; path = Cinderactor.h; sourceTree = "<group>"; };
		A1E08DC51B147AD2003ED9FF /* MovingRect.h */ = {isa = PBXFileReference; fileEncoding = 4; lastKnownFileType = sourcecode.c.h; path = MovingRect.h; sourceTree = "<group>"; };
		A1E08DC71B147AD2003ED9FF /* Cinderactor.cpp */ = {isa = PBXFileReference; fileEncoding = 4; lastKnownFileType = sourcecode.cpp.cpp; path = Cinderactor.cpp; sourceTree = "<group>"; };
		A1E08DC81B147AD2003ED9FF /* MovingRect.cpp */ = {isa = PBXFileReference; fileEncoding = 4; lastKnownFileType = sourcecode.cpp.cpp; path = MovingRect.cpp; sourceTree = "<group>"; };
		A1E08DCB1B147B19003ED9FF /* interactor.cfg */ = {isa = PBXFileReference; fileEncoding = 4; lastKnownFileType = text; name = interactor.cfg; path = ../resources/interactor.cfg; sourceTree = "<group>"; };
/* End PBXFileReference section */

/* Begin PBXFrameworksBuildPhase section */
		1F9BFA1E1B1DD1550021271F /* Frameworks */ = {
			isa = PBXFrameworksBuildPhase;
			buildActionMask = 2147483647;
			files = (
				1F9BFA1F1B1DD1550021271F /* Cocoa.framework in Frameworks */,
				1F9BFA201B1DD1550021271F /* OpenGL.framework in Frameworks */,
				1F9BFA211B1DD1550021271F /* Carbon.framework in Frameworks */,
				1F9BFA221B1DD1550021271F /* CoreVideo.framework in Frameworks */,
				1F9BFA231B1DD1550021271F /* QTKit.framework in Frameworks */,
				1F9BFA241B1DD1550021271F /* QuickTime.framework in Frameworks */,
				1F9BFA251B1DD1550021271F /* Accelerate.framework in Frameworks */,
				1F9BFA261B1DD1550021271F /* AudioToolbox.framework in Frameworks */,
				1F9BFA271B1DD1550021271F /* AudioUnit.framework in Frameworks */,
				1F9BFA281B1DD1550021271F /* CoreAudio.framework in Frameworks */,
			);
			runOnlyForDeploymentPostprocessing = 0;
		};
		8D11072E0486CEB800E47090 /* Frameworks */ = {
			isa = PBXFrameworksBuildPhase;
			buildActionMask = 2147483647;
			files = (
				8D11072F0486CEB800E47090 /* Cocoa.framework in Frameworks */,
				0091D8F90E81B9330029341E /* OpenGL.framework in Frameworks */,
				53E3CDFC0E86099300238D2B /* Carbon.framework in Frameworks */,
				5323E6B20EAFCA74003A9687 /* CoreVideo.framework in Frameworks */,
				5323E6B60EAFCA7E003A9687 /* QTKit.framework in Frameworks */,
				0097E3E50F3E9819005A4392 /* QuickTime.framework in Frameworks */,
				00B784B30FF439BC000DE1D7 /* Accelerate.framework in Frameworks */,
				00B784B40FF439BC000DE1D7 /* AudioToolbox.framework in Frameworks */,
				00B784B50FF439BC000DE1D7 /* AudioUnit.framework in Frameworks */,
				00B784B60FF439BC000DE1D7 /* CoreAudio.framework in Frameworks */,
			);
			runOnlyForDeploymentPostprocessing = 0;
		};
/* End PBXFrameworksBuildPhase section */

/* Begin PBXGroup section */
		080E96DDFE201D6D7F000001 /* Source */ = {
			isa = PBXGroup;
			children = (
				00C07B8D0FFDB748004801EA /* mainApp.cpp */,
			);
			name = Source;
			sourceTree = "<group>";
		};
		1058C7A0FEA54F0111CA2CBB /* Linked Frameworks */ = {
			isa = PBXGroup;
			children = (
				00B784AF0FF439BC000DE1D7 /* Accelerate.framework */,
				00B784B00FF439BC000DE1D7 /* AudioToolbox.framework */,
				00B784B10FF439BC000DE1D7 /* AudioUnit.framework */,
				00B784B20FF439BC000DE1D7 /* CoreAudio.framework */,
				0097E3E40F3E9819005A4392 /* QuickTime.framework */,
				5323E6B50EAFCA7E003A9687 /* QTKit.framework */,
				5323E6B10EAFCA74003A9687 /* CoreVideo.framework */,
				53E3CDFB0E86099300238D2B /* Carbon.framework */,
				0091D8F80E81B9330029341E /* OpenGL.framework */,
				1058C7A1FEA54F0111CA2CBB /* Cocoa.framework */,
			);
			name = "Linked Frameworks";
			sourceTree = "<group>";
		};
		1058C7A2FEA54F0111CA2CBB /* Other Frameworks */ = {
			isa = PBXGroup;
			children = (
				29B97324FDCFA39411CA2CEA /* AppKit.framework */,
				13E42FB307B3F0F600E4EEF1 /* CoreData.framework */,
				29B97325FDCFA39411CA2CEA /* Foundation.framework */,
			);
			name = "Other Frameworks";
			sourceTree = "<group>";
		};
		19C28FACFE9D520D11CA2CBB /* Products */ = {
			isa = PBXGroup;
			children = (
				8D1107320486CEB800E47090 /* emptyExample.app */,
				1F9BFA5F1B1DD1550021271F /* emptyExample.app */,
			);
			name = Products;
			sourceTree = "<group>";
		};
		29B97314FDCFA39411CA2CEA /* Earthquake */ = {
			isa = PBXGroup;
			children = (
				1F9BFAA91B1DD1EF0021271F /* hand_detector_light.dat */,
				1F9BFAA71B1DD1DB0021271F /* hand_detector_light.dat */,
				1F9BFA611B1DD1BE0021271F /* libopencv_videoio.3.0.dylib */,
				1F9BFA621B1DD1BE0021271F /* libpng15.15.dylib */,
				1F9BFA631B1DD1BE0021271F /* libssl.1.0.0.dylib */,
				1F9BFA641B1DD1BE0021271F /* libtiff.5.dylib */,
				1F9BFA651B1DD1BE0021271F /* libusb-1.0.0.dylib */,
				1F9BFA661B1DD1BE0021271F /* libwebp.4.dylib */,
				1F9BFA671B1DD1BE0021271F /* libz.1.dylib */,
				1F9BFA681B1DD1BE0021271F /* libopencv_features2d.3.0.dylib */,
				1F9BFA691B1DD1BE0021271F /* libopencv_flann.3.0.dylib */,
				1F9BFA6A1B1DD1BF0021271F /* libopencv_highgui.3.0.dylib */,
				1F9BFA6B1B1DD1BF0021271F /* libopencv_imgcodecs.3.0.dylib */,
				1F9BFA6C1B1DD1BF0021271F /* libopencv_imgproc.3.0.dylib */,
				1F9BFA6D1B1DD1BF0021271F /* libopencv_ml.3.0.dylib */,
				1F9BFA6E1B1DD1BF0021271F /* libopencv_objdetect.3.0.dylib */,
				1F9BFA6F1B1DD1BF0021271F /* libopencv_video.3.0.dylib */,
				1F9BFA701B1DD1BF0021271F /* libiconv.2.dylib */,
				1F9BFA711B1DD1BF0021271F /* libidn.11.dylib */,
				1F9BFA721B1DD1BF0021271F /* libintl.8.dylib */,
				1F9BFA731B1DD1BF0021271F /* libjpeg.9.dylib */,
				1F9BFA741B1DD1BF0021271F /* liblzma.5.dylib */,
				1F9BFA751B1DD1BF0021271F /* libopencv_calib3d.3.0.dylib */,
				1F9BFA761B1DD1BF0021271F /* libopencv_core.3.0.dylib */,
				1F9BFA771B1DD1BF0021271F /* libboost_date_time-mt.dylib */,
				1F9BFA781B1DD1BF0021271F /* libboost_filesystem-mt.dylib */,
				1F9BFA791B1DD1BF0021271F /* libboost_program_options-mt.dylib */,
				1F9BFA7A1B1DD1BF0021271F /* libboost_serialization-mt.dylib */,
				1F9BFA7B1B1DD1BF0021271F /* libboost_system-mt.dylib */,
				1F9BFA7C1B1DD1BF0021271F /* libboost_thread-mt.dylib */,
				1F9BFA7D1B1DD1BF0021271F /* libcrypto.1.0.0.dylib */,
				1F9BFA7E1B1DD1BF0021271F /* libcurl.4.dylib */,
				1F9BFA7F1B1DD1BF0021271F /* libOniFile.dylib */,
				1F9BFA801B1DD1BF0021271F /* libOpenNI2.dylib */,
				1F9BFA811B1DD1BF0021271F /* libPS1080.dylib */,
				1F9BFA821B1DD1BF0021271F /* libPSLink.dylib */,
				1F9BFA831B1DD1BF0021271F /* OpenNI.ini */,
				1F9BF9B71B1DD1490021271F /* libopencv_objdetect.3.0.dylib */,
				1F9BF9B81B1DD1490021271F /* libopencv_video.3.0.dylib */,
				1F9BF9B91B1DD1490021271F /* libopencv_videoio.3.0.dylib */,
				1F9BF9BA1B1DD1490021271F /* liborc-0.4.0.dylib */,
				1F9BF9BB1B1DD1490021271F /* libpng16.16.dylib */,
				1F9BF9BC1B1DD1490021271F /* libssl.1.0.0.dylib */,
				1F9BF9BD1B1DD1490021271F /* libtiff.5.dylib */,
				1F9BF9BE1B1DD1490021271F /* libusb-1.0.0.dylib */,
				1F9BF9BF1B1DD1490021271F /* libwebp.5.dylib */,
				1F9BF9C01B1DD1490021271F /* libz.1.dylib */,
				1F9BF9C11B1DD1490021271F /* libopencv_features2d.3.0.dylib */,
				1F9BF9C21B1DD1490021271F /* libopencv_flann.3.0.dylib */,
				1F9BF9C31B1DD1490021271F /* libopencv_highgui.3.0.dylib */,
				1F9BF9C41B1DD1490021271F /* libopencv_imgcodecs.3.0.dylib */,
				1F9BF9C51B1DD1490021271F /* libopencv_imgproc.3.0.dylib */,
				1F9BF9C61B1DD1490021271F /* libopencv_ml.3.0.dylib */,
				1F9BF9C71B1DD1490021271F /* OpenNI.ini */,
				1F9BF9C81B1DD1490021271F /* libboost_date_time-mt.dylib */,
				1F9BF9C91B1DD1490021271F /* libboost_filesystem-mt.dylib */,
				1F9BF9CA1B1DD1490021271F /* libboost_program_options-mt.dylib */,
				1F9BF9CB1B1DD1490021271F /* libboost_serialization-mt.dylib */,
				1F9BF9CC1B1DD1490021271F /* libboost_system-mt.dylib */,
				1F9BF9CD1B1DD1490021271F /* libboost_thread-mt.dylib */,
				1F9BF9CE1B1DD1490021271F /* libcrypto.1.0.0.dylib */,
				1F9BF9CF1B1DD1490021271F /* libcurl.4.dylib */,
				1F9BF9D01B1DD1490021271F /* libffi.6.dylib */,
				1F9BF9D11B1DD1490021271F /* libglib-2.0.0.dylib */,
				1F9BF9D21B1DD1490021271F /* libgmodule-2.0.0.dylib */,
				1F9BF9D31B1DD1490021271F /* libgobject-2.0.0.dylib */,
				1F9BF9D41B1DD1490021271F /* libgstapp-1.0.0.dylib */,
				1F9BF9D51B1DD1490021271F /* libgstaudio-1.0.0.dylib */,
				1F9BF9D61B1DD1490021271F /* libgstbase-1.0.0.dylib */,
				1F9BF9D71B1DD1490021271F /* libgstpbutils-1.0.0.dylib */,
				1F9BF9D81B1DD1490021271F /* libgstreamer-1.0.0.dylib */,
				1F9BF9D91B1DD1490021271F /* libgstriff-1.0.0.dylib */,
				1F9BF9DA1B1DD1490021271F /* libgsttag-1.0.0.dylib */,
				1F9BF9DB1B1DD1490021271F /* libgstvideo-1.0.0.dylib */,
				1F9BF9DC1B1DD1490021271F /* libiconv.2.dylib */,
				1F9BF9DD1B1DD1490021271F /* libidn.11.dylib */,
				1F9BF9DE1B1DD14A0021271F /* libintl.8.dylib */,
				1F9BF9DF1B1DD14A0021271F /* libjpeg.9.dylib */,
				1F9BF9E01B1DD14A0021271F /* liblzma.5.dylib */,
				1F9BF9E11B1DD14A0021271F /* libOniFile.dylib */,
				1F9BF9E21B1DD14A0021271F /* libopencv_calib3d.3.0.dylib */,
				1F9BF9E31B1DD14A0021271F /* libopencv_core.3.0.dylib */,
				1F9BF9E41B1DD14A0021271F /* libOpenNI2.dylib */,
				1F9BF9E51B1DD14A0021271F /* libPS1080.dylib */,
				1F9BF9E61B1DD14A0021271F /* libPSLink.dylib */,
				A1E08DC21B147AD2003ED9FF /* cindergestooslib */,
				E104C53C0FFAB250008D4255 /* Headers */,
				080E96DDFE201D6D7F000001 /* Source */,
				29B97315FDCFA39411CA2CEA /* Other Sources */,
				29B97317FDCFA39411CA2CEA /* Resources */,
				29B97323FDCFA39411CA2CEA /* Frameworks */,
				19C28FACFE9D520D11CA2CBB /* Products */,
				1F9BFA601B1DD1550021271F /* emptyExample_10_8-Info.plist */,
			);
			name = Earthquake;
			sourceTree = "<group>";
		};
		29B97315FDCFA39411CA2CEA /* Other Sources */ = {
			isa = PBXGroup;
			children = (
				32CA4F630368D1EE00C91783 /* emptyExample_Prefix.pch */,
			);
			name = "Other Sources";
			sourceTree = "<group>";
		};
		29B97317FDCFA39411CA2CEA /* Resources */ = {
			isa = PBXGroup;
			children = (
				A1E08DCB1B147B19003ED9FF /* interactor.cfg */,
				A10B06371B0B79A400507C88 /* Models */,
				8D1107310486CEB800E47090 /* Info.plist */,
			);
			name = Resources;
			sourceTree = "<group>";
		};
		29B97323FDCFA39411CA2CEA /* Frameworks */ = {
			isa = PBXGroup;
			children = (
				1058C7A0FEA54F0111CA2CBB /* Linked Frameworks */,
				1058C7A2FEA54F0111CA2CBB /* Other Frameworks */,
			);
			name = Frameworks;
			sourceTree = "<group>";
		};
		A10B06371B0B79A400507C88 /* Models */ = {
			isa = PBXGroup;
			children = (
				A10B06B01B0F14B200507C88 /* hand_detector.dat */,
			);
			name = Models;
			sourceTree = "<group>";
		};
		A1E08DC21B147AD2003ED9FF /* cindergestooslib */ = {
			isa = PBXGroup;
			children = (
				A1E08DC31B147AD2003ED9FF /* include */,
				A1E08DC61B147AD2003ED9FF /* src */,
			);
			name = cindergestooslib;
			path = ../../../cindergestooslib;
			sourceTree = "<group>";
		};
		A1E08DC31B147AD2003ED9FF /* include */ = {
			isa = PBXGroup;
			children = (
				A1E08DC41B147AD2003ED9FF /* Cinderactor.h */,
				A1E08DC51B147AD2003ED9FF /* MovingRect.h */,
			);
			path = include;
			sourceTree = "<group>";
		};
		A1E08DC61B147AD2003ED9FF /* src */ = {
			isa = PBXGroup;
			children = (
				A1E08DC71B147AD2003ED9FF /* Cinderactor.cpp */,
				A1E08DC81B147AD2003ED9FF /* MovingRect.cpp */,
			);
			path = src;
			sourceTree = "<group>";
		};
		E104C53C0FFAB250008D4255 /* Headers */ = {
			isa = PBXGroup;
			children = (
			);
			name = Headers;
			sourceTree = "<group>";
		};
/* End PBXGroup section */

/* Begin PBXNativeTarget section */
		1F9BFA171B1DD1550021271F /* emptyExample_10_8 */ = {
			isa = PBXNativeTarget;
			buildConfigurationList = 1F9BFA5C1B1DD1550021271F /* Build configuration list for PBXNativeTarget "emptyExample_10_8" */;
			buildPhases = (
				1F9BFA181B1DD1550021271F /* Resources */,
				1F9BFA1A1B1DD1550021271F /* Sources */,
				1F9BFA1E1B1DD1550021271F /* Frameworks */,
				1F9BFA291B1DD1550021271F /* CopyFiles */,
				1F9BFA2B1B1DD1550021271F /* CopyFiles */,
			);
			buildRules = (
			);
			dependencies = (
			);
			name = emptyExample_10_8;
			productInstallPath = "$(HOME)/Applications";
			productName = Earthquake;
			productReference = 1F9BFA5F1B1DD1550021271F /* emptyExample.app */;
			productType = "com.apple.product-type.application";
		};
		8D1107260486CEB800E47090 /* emptyExample */ = {
			isa = PBXNativeTarget;
			buildConfigurationList = C01FCF4A08A954540054247B /* Build configuration list for PBXNativeTarget "emptyExample" */;
			buildPhases = (
				8D1107290486CEB800E47090 /* Resources */,
				8D11072C0486CEB800E47090 /* Sources */,
				8D11072E0486CEB800E47090 /* Frameworks */,
				A10B06501B0B7EB000507C88 /* CopyFiles */,
				1F9BF9B61B1DD12B0021271F /* CopyFiles */,
			);
			buildRules = (
			);
			dependencies = (
			);
			name = emptyExample;
			productInstallPath = "$(HOME)/Applications";
			productName = Earthquake;
			productReference = 8D1107320486CEB800E47090 /* emptyExample.app */;
			productType = "com.apple.product-type.application";
		};
/* End PBXNativeTarget section */

/* Begin PBXProject section */
		29B97313FDCFA39411CA2CEA /* Project object */ = {
			isa = PBXProject;
			attributes = {
				LastUpgradeCheck = 0420;
			};
			buildConfigurationList = C01FCF4E08A954540054247B /* Build configuration list for PBXProject "emptyExample" */;
			compatibilityVersion = "Xcode 3.2";
			developmentRegion = English;
			hasScannedForEncodings = 1;
			knownRegions = (
				English,
				Japanese,
				French,
				German,
			);
			mainGroup = 29B97314FDCFA39411CA2CEA /* Earthquake */;
			projectDirPath = "";
			projectRoot = "";
			targets = (
				8D1107260486CEB800E47090 /* emptyExample */,
				1F9BFA171B1DD1550021271F /* emptyExample_10_8 */,
			);
		};
/* End PBXProject section */

/* Begin PBXResourcesBuildPhase section */
		1F9BFA181B1DD1550021271F /* Resources */ = {
			isa = PBXResourcesBuildPhase;
			buildActionMask = 2147483647;
			files = (
				1F9BFA191B1DD1550021271F /* interactor.cfg in Resources */,
			);
			runOnlyForDeploymentPostprocessing = 0;
		};
		8D1107290486CEB800E47090 /* Resources */ = {
			isa = PBXResourcesBuildPhase;
			buildActionMask = 2147483647;
			files = (
				A1E08DCC1B147B19003ED9FF /* interactor.cfg in Resources */,
			);
			runOnlyForDeploymentPostprocessing = 0;
		};
/* End PBXResourcesBuildPhase section */

/* Begin PBXSourcesBuildPhase section */
		1F9BFA1A1B1DD1550021271F /* Sources */ = {
			isa = PBXSourcesBuildPhase;
			buildActionMask = 2147483647;
			files = (
				1F9BFA1B1B1DD1550021271F /* Cinderactor.cpp in Sources */,
				1F9BFA1C1B1DD1550021271F /* mainApp.cpp in Sources */,
				1F9BFA1D1B1DD1550021271F /* MovingRect.cpp in Sources */,
			);
			runOnlyForDeploymentPostprocessing = 0;
		};
		8D11072C0486CEB800E47090 /* Sources */ = {
			isa = PBXSourcesBuildPhase;
			buildActionMask = 2147483647;
			files = (
				A1E08DC91B147AD2003ED9FF /* Cinderactor.cpp in Sources */,
				00C07B910FFDB748004801EA /* mainApp.cpp in Sources */,
				A1E08DCA1B147AD2003ED9FF /* MovingRect.cpp in Sources */,
			);
			runOnlyForDeploymentPostprocessing = 0;
		};
/* End PBXSourcesBuildPhase section */

/* Begin XCBuildConfiguration section */
		1F9BFA5D1B1DD1550021271F /* Debug */ = {
			isa = XCBuildConfiguration;
			buildSettings = {
				CINDER_PATH = ../../../lib/macos/cinder_0.8.6_mac;
				COPY_PHASE_STRIP = NO;
				FEZOOLIB_PATH = ../../../../..;
				GCC_DYNAMIC_NO_PIC = NO;
				GCC_MODEL_TUNING = G5;
				GCC_OPTIMIZATION_LEVEL = 0;
				GCC_PRECOMPILE_PREFIX_HEADER = YES;
				GCC_PREFIX_HEADER = emptyExample_Prefix.pch;
				GCC_SYMBOLS_PRIVATE_EXTERN = NO;
				GESTOOS_SDK_LIB_PATH = "../../../../../gestoosdk-osx-dependencies/osx_10_8";
				HEADER_SEARCH_PATHS = (
					"$(CINDER_PATH)/boost",
					/usr/local/include,
					"\"$(FEZOOLIB_PATH)/OpenNI2/Include\"",
					"\"$(FEZOOLIB_PATH)/include\"",
				);
				INFOPLIST_FILE = "emptyExample_10_8-Info.plist";
				INSTALL_PATH = "$(HOME)/Applications";
				LD_RUNPATH_SEARCH_PATHS = "@executable_path/";
				LIBRARY_SEARCH_PATHS = (
					"$(inherited)",
					"\"$(GESTOOS_SDK_LIB_PATH)\"",
					"$(PROJECT_DIR)",
				);
				OTHER_LDFLAGS = (
					"$(CINDER_PATH)/lib/libcinder_d.a",
					"-lOpenNI2",
					"$(FEZOOLIB_PATH)/lib/release/libfezoolib.a",
					"-lopencv_highgui.3.0",
					"-lopencv_objdetect.3.0",
					"-lopencv_imgproc.3.0",
					"-lopencv_imgcodecs.3.0",
					"-lopencv_core.3.0",
					"-lopencv_calib3d.3.0",
					"-lopencv_video.3.0",
					"-lopencv_flann.3.0",
					"-lopencv_features2d.3.0",
					"-lopencv_ml.3.0",
					"-lboost_program_options-mt",
					"-lboost_date_time-mt",
					"-lboost_filesystem-mt",
					"-lboost_system-mt",
					"-lboost_thread-mt",
					"-lboost_serialization-mt",
					"-lcurl.4",
				);
				PRODUCT_NAME = emptyExample;
				USER_HEADER_SEARCH_PATHS = "$(CINDER_PATH)/include ../include";
				WRAPPER_EXTENSION = app;
				ZERO_LINK = YES;
			};
			name = Debug;
		};
		1F9BFA5E1B1DD1550021271F /* Release */ = {
			isa = XCBuildConfiguration;
			buildSettings = {
				CINDER_PATH = ../../../lib/macos/cinder_0.8.6_mac;
				DEAD_CODE_STRIPPING = YES;
				DEBUG_INFORMATION_FORMAT = "dwarf-with-dsym";
				FEZOOLIB_PATH = ../../../../..;
				GCC_FAST_MATH = YES;
				GCC_MODEL_TUNING = G5;
				GCC_OPTIMIZATION_LEVEL = 3;
				GCC_PRECOMPILE_PREFIX_HEADER = YES;
				GCC_PREFIX_HEADER = emptyExample_Prefix.pch;
				GCC_SYMBOLS_PRIVATE_EXTERN = NO;
				GESTOOS_SDK_LIB_PATH = "../../../../../gestoosdk-osx-dependencies/osx_10_8";
				HEADER_SEARCH_PATHS = (
					"$(CINDER_PATH)/boost",
					/usr/local/include,
					"\"$(FEZOOLIB_PATH)/OpenNI2/Include\"",
					"\"$(FEZOOLIB_PATH)/include\"",
				);
				INFOPLIST_FILE = "emptyExample_10_8-Info.plist";
				INSTALL_PATH = "$(HOME)/Applications";
				LD_RUNPATH_SEARCH_PATHS = "@executable_path/";
				LIBRARY_SEARCH_PATHS = (
					"$(inherited)",
					"\"$(GESTOOS_SDK_LIB_PATH)\"",
					"$(PROJECT_DIR)",
				);
				OTHER_LDFLAGS = (
					"$(CINDER_PATH)/lib/libcinder.a",
					"-lOpenNI2",
					"$(FEZOOLIB_PATH)/lib/release/libfezoolib.a",
					"-lopencv_highgui.3.0",
					"-lopencv_objdetect.3.0",
					"-lopencv_imgproc.3.0",
					"-lopencv_imgcodecs.3.0",
					"-lopencv_core.3.0",
					"-lopencv_calib3d.3.0",
					"-lopencv_video.3.0",
					"-lopencv_flann.3.0",
					"-lopencv_features2d.3.0",
					"-lopencv_ml.3.0",
					"-lboost_program_options-mt",
					"-lboost_date_time-mt",
					"-lboost_filesystem-mt",
					"-lboost_system-mt",
					"-lboost_thread-mt",
					"-lboost_serialization-mt",
					"-lcurl.4",
				);
				PRODUCT_NAME = emptyExample;
				STRIP_INSTALLED_PRODUCT = YES;
				USER_HEADER_SEARCH_PATHS = "$(CINDER_PATH)/include ../include";
				WRAPPER_EXTENSION = app;
			};
			name = Release;
		};
		C01FCF4B08A954540054247B /* Debug */ = {
			isa = XCBuildConfiguration;
			buildSettings = {
				CINDER_PATH = ../../../lib/macos/cinder_0.8.6_mac;
				COPY_PHASE_STRIP = NO;
				FEZOOLIB_PATH = ../../../../..;
				GCC_DYNAMIC_NO_PIC = NO;
				GCC_MODEL_TUNING = G5;
				GCC_OPTIMIZATION_LEVEL = 0;
				GCC_PRECOMPILE_PREFIX_HEADER = YES;
				GCC_PREFIX_HEADER = emptyExample_Prefix.pch;
				GCC_SYMBOLS_PRIVATE_EXTERN = NO;
				GESTOOS_SDK_LIB_PATH = "../../../../../gestoosdk-osx-dependencies/";
				HEADER_SEARCH_PATHS = (
					"$(CINDER_PATH)/boost",
					/usr/local/include,
					"\"$(FEZOOLIB_PATH)/OpenNI2/Include\"",
					"\"$(FEZOOLIB_PATH)/include\"",
				);
				INFOPLIST_FILE = Info.plist;
				INSTALL_PATH = "$(HOME)/Applications";
				LD_RUNPATH_SEARCH_PATHS = "@executable_path/";
				LIBRARY_SEARCH_PATHS = (
					"$(inherited)",
					"\"$(GESTOOS_SDK_LIB_PATH)\"",
					"$(PROJECT_DIR)",
				);
				OTHER_LDFLAGS = (
					"$(CINDER_PATH)/lib/libcinder_d.a",
					"-lOpenNI2",
					"$(FEZOOLIB_PATH)/lib/release/libfezoolib.a",
					"-lopencv_highgui.3.0",
					"-lopencv_objdetect.3.0",
					"-lopencv_imgproc.3.0",
					"-lopencv_imgcodecs.3.0",
					"-lopencv_core.3.0",
					"-lopencv_calib3d.3.0",
					"-lopencv_video.3.0",
					"-lopencv_flann.3.0",
					"-lopencv_features2d.3.0",
					"-lopencv_ml.3.0",
					"-lboost_program_options-mt",
					"-lboost_date_time-mt",
					"-lboost_filesystem-mt",
					"-lboost_system-mt",
					"-lboost_thread-mt",
					"-lboost_serialization-mt",
					"-lcurl.4",
				);
				PRODUCT_NAME = emptyExample;
				USER_HEADER_SEARCH_PATHS = "$(CINDER_PATH)/include ../include";
				WRAPPER_EXTENSION = app;
				ZERO_LINK = YES;
			};
			name = Debug;
		};
		C01FCF4C08A954540054247B /* Release */ = {
			isa = XCBuildConfiguration;
			buildSettings = {
				CINDER_PATH = ../../../lib/macos/cinder_0.8.6_mac;
				DEAD_CODE_STRIPPING = YES;
				DEBUG_INFORMATION_FORMAT = "dwarf-with-dsym";
				FEZOOLIB_PATH = ../../../../..;
				GCC_FAST_MATH = YES;
				GCC_MODEL_TUNING = G5;
				GCC_OPTIMIZATION_LEVEL = 3;
				GCC_PRECOMPILE_PREFIX_HEADER = YES;
				GCC_PREFIX_HEADER = emptyExample_Prefix.pch;
				GCC_SYMBOLS_PRIVATE_EXTERN = NO;
				GESTOOS_SDK_LIB_PATH = "../../../../../gestoosdk-osx-dependencies/";
				HEADER_SEARCH_PATHS = (
					"$(CINDER_PATH)/boost",
					/usr/local/include,
					"\"$(FEZOOLIB_PATH)/OpenNI2/Include\"",
					"\"$(FEZOOLIB_PATH)/include\"",
				);
				INFOPLIST_FILE = Info.plist;
				INSTALL_PATH = "$(HOME)/Applications";
				LD_RUNPATH_SEARCH_PATHS = "@executable_path/";
				LIBRARY_SEARCH_PATHS = (
					"$(inherited)",
					"\"$(GESTOOS_SDK_LIB_PATH)\"",
					"$(PROJECT_DIR)",
				);
				OTHER_LDFLAGS = (
					"$(CINDER_PATH)/lib/libcinder.a",
					"-lOpenNI2",
					"$(FEZOOLIB_PATH)/lib/release/libfezoolib.a",
					"-lopencv_highgui.3.0",
					"-lopencv_objdetect.3.0",
					"-lopencv_imgproc.3.0",
					"-lopencv_imgcodecs.3.0",
					"-lopencv_core.3.0",
					"-lopencv_calib3d.3.0",
					"-lopencv_video.3.0",
					"-lopencv_flann.3.0",
					"-lopencv_features2d.3.0",
					"-lopencv_ml.3.0",
					"-lboost_program_options-mt",
					"-lboost_date_time-mt",
					"-lboost_filesystem-mt",
					"-lboost_system-mt",
					"-lboost_thread-mt",
					"-lboost_serialization-mt",
					"-lcurl.4",
				);
				PRODUCT_NAME = emptyExample;
				STRIP_INSTALLED_PRODUCT = YES;
				USER_HEADER_SEARCH_PATHS = "$(CINDER_PATH)/include ../include";
				WRAPPER_EXTENSION = app;
			};
			name = Release;
		};
		C01FCF4F08A954540054247B /* Debug */ = {
			isa = XCBuildConfiguration;
			buildSettings = {
				ALWAYS_SEARCH_USER_PATHS = NO;
				ARCHS = (
					i386,
					x86_64,
				);
				CINDER_PATH = ../../..;
				CLANG_CXX_LANGUAGE_STANDARD = "c++0x";
				CLANG_CXX_LIBRARY = "libc++";
				GCC_INLINES_ARE_PRIVATE_EXTERN = YES;
				GCC_WARN_ABOUT_RETURN_TYPE = YES;
				GCC_WARN_UNUSED_VARIABLE = YES;
				HEADER_SEARCH_PATHS = "$(CINDER_PATH)/boost";
				MACOSX_DEPLOYMENT_TARGET = 10.7;
				ONLY_ACTIVE_ARCH = YES;
				SDKROOT = macosx;
				USER_HEADER_SEARCH_PATHS = "$(CINDER_PATH)/include ../include";
			};
			name = Debug;
		};
		C01FCF5008A954540054247B /* Release */ = {
			isa = XCBuildConfiguration;
			buildSettings = {
				ALWAYS_SEARCH_USER_PATHS = NO;
				ARCHS = (
					i386,
					x86_64,
				);
				CINDER_PATH = ../../..;
				CLANG_CXX_LANGUAGE_STANDARD = "c++0x";
				CLANG_CXX_LIBRARY = "libc++";
				GCC_INLINES_ARE_PRIVATE_EXTERN = YES;
				GCC_WARN_ABOUT_RETURN_TYPE = YES;
				GCC_WARN_UNUSED_VARIABLE = YES;
				HEADER_SEARCH_PATHS = "$(CINDER_PATH)/boost";
				MACOSX_DEPLOYMENT_TARGET = 10.7;
				ONLY_ACTIVE_ARCH = YES;
				SDKROOT = macosx;
				USER_HEADER_SEARCH_PATHS = "$(CINDER_PATH)/include ../include";
			};
			name = Release;
		};
/* End XCBuildConfiguration section */

/* Begin XCConfigurationList section */
		1F9BFA5C1B1DD1550021271F /* Build configuration list for PBXNativeTarget "emptyExample_10_8" */ = {
			isa = XCConfigurationList;
			buildConfigurations = (
				1F9BFA5D1B1DD1550021271F /* Debug */,
				1F9BFA5E1B1DD1550021271F /* Release */,
			);
			defaultConfigurationIsVisible = 0;
			defaultConfigurationName = Release;
		};
		C01FCF4A08A954540054247B /* Build configuration list for PBXNativeTarget "emptyExample" */ = {
			isa = XCConfigurationList;
			buildConfigurations = (
				C01FCF4B08A954540054247B /* Debug */,
				C01FCF4C08A954540054247B /* Release */,
			);
			defaultConfigurationIsVisible = 0;
			defaultConfigurationName = Release;
		};
		C01FCF4E08A954540054247B /* Build configuration list for PBXProject "emptyExample" */ = {
			isa = XCConfigurationList;
			buildConfigurations = (
				C01FCF4F08A954540054247B /* Debug */,
				C01FCF5008A954540054247B /* Release */,
			);
			defaultConfigurationIsVisible = 0;
			defaultConfigurationName = Release;
		};
/* End XCConfigurationList section */
	};
	rootObject = 29B97313FDCFA39411CA2CEA /* Project object */;
}
