// !$*UTF8*$!
{
	archiveVersion = 1;
	classes = {
	};
	objectVersion = 46;
	objects = {

/* Begin PBXBuildFile section */
		1F2DBB7A1B32FD890097CF9D /* G_Static_Audio.dat in CopyFiles */ = {isa = PBXBuildFile; fileRef = 1F2DBB751B32FD890097CF9D /* G_Static_Audio.dat */; };
		1F2DBB7B1B32FD890097CF9D /* G_Static_Fwd.dat in CopyFiles */ = {isa = PBXBuildFile; fileRef = 1F2DBB761B32FD890097CF9D /* G_Static_Fwd.dat */; };
		1F2DBB7C1B32FD890097CF9D /* G_Static_Pause.dat in CopyFiles */ = {isa = PBXBuildFile; fileRef = 1F2DBB771B32FD890097CF9D /* G_Static_Pause.dat */; };
		1F2DBB7D1B32FD890097CF9D /* G_Static_Silence.dat in CopyFiles */ = {isa = PBXBuildFile; fileRef = 1F2DBB781B32FD890097CF9D /* G_Static_Silence.dat */; };
		1F2DBB7E1B32FD890097CF9D /* G_Static_Tee.dat in CopyFiles */ = {isa = PBXBuildFile; fileRef = 1F2DBB791B32FD890097CF9D /* G_Static_Tee.dat */; };
		1FA853451B1DBC8300687554 /* interactor.cfg in Resources */ = {isa = PBXBuildFile; fileRef = A1E08DCB1B147B19003ED9FF /* interactor.cfg */; };
		1FA853461B1DBC8300687554 /* gest_rwd_big.png in Resources */ = {isa = PBXBuildFile; fileRef = A1325B201B170E54005E013C /* gest_rwd_big.png */; };
		1FA853471B1DBC8300687554 /* gest_tee_big.png in Resources */ = {isa = PBXBuildFile; fileRef = A1325B211B170E54005E013C /* gest_tee_big.png */; };
		1FA853481B1DBC8300687554 /* gest_voldown_big.png in Resources */ = {isa = PBXBuildFile; fileRef = A1325B221B170E54005E013C /* gest_voldown_big.png */; };
		1FA853491B1DBC8300687554 /* gest_ffwd_big.png in Resources */ = {isa = PBXBuildFile; fileRef = A1325B1E1B170E54005E013C /* gest_ffwd_big.png */; };
		1FA8534A1B1DBC8300687554 /* gest_pause_big.png in Resources */ = {isa = PBXBuildFile; fileRef = A1325B1F1B170E54005E013C /* gest_pause_big.png */; };
		1FA8534B1B1DBC8300687554 /* gest_volup_big.png in Resources */ = {isa = PBXBuildFile; fileRef = A1325B231B170E54005E013C /* gest_volup_big.png */; };
		1FA8534C1B1DBC8300687554 /* interactor_macos.cfg in Resources */ = {isa = PBXBuildFile; fileRef = A1325B1C1B170E44005E013C /* interactor_macos.cfg */; };
		1FA8534E1B1DBC8300687554 /* mainApp.cpp in Sources */ = {isa = PBXBuildFile; fileRef = 00C07B8D0FFDB748004801EA /* mainApp.cpp */; };
		1FA8534F1B1DBC8300687554 /* Cinderactor.cpp in Sources */ = {isa = PBXBuildFile; fileRef = A1E08DC71B147AD2003ED9FF /* Cinderactor.cpp */; };
		1FA853501B1DBC8300687554 /* MovingRect.cpp in Sources */ = {isa = PBXBuildFile; fileRef = A1E08DC81B147AD2003ED9FF /* MovingRect.cpp */; };
		1FA853511B1DBC8300687554 /* GestureSwitch.cpp in Sources */ = {isa = PBXBuildFile; fileRef = A1325B191B170E01005E013C /* GestureSwitch.cpp */; };
		1FA853531B1DBC8300687554 /* Cocoa.framework in Frameworks */ = {isa = PBXBuildFile; fileRef = 1058C7A1FEA54F0111CA2CBB /* Cocoa.framework */; };
		1FA853541B1DBC8300687554 /* OpenGL.framework in Frameworks */ = {isa = PBXBuildFile; fileRef = 0091D8F80E81B9330029341E /* OpenGL.framework */; };
		1FA853551B1DBC8300687554 /* Carbon.framework in Frameworks */ = {isa = PBXBuildFile; fileRef = 53E3CDFB0E86099300238D2B /* Carbon.framework */; };
		1FA853561B1DBC8300687554 /* CoreVideo.framework in Frameworks */ = {isa = PBXBuildFile; fileRef = 5323E6B10EAFCA74003A9687 /* CoreVideo.framework */; };
		1FA853571B1DBC8300687554 /* QTKit.framework in Frameworks */ = {isa = PBXBuildFile; fileRef = 5323E6B50EAFCA7E003A9687 /* QTKit.framework */; };
		1FA853581B1DBC8300687554 /* QuickTime.framework in Frameworks */ = {isa = PBXBuildFile; fileRef = 0097E3E40F3E9819005A4392 /* QuickTime.framework */; };
		1FA853591B1DBC8300687554 /* Accelerate.framework in Frameworks */ = {isa = PBXBuildFile; fileRef = 00B784AF0FF439BC000DE1D7 /* Accelerate.framework */; };
		1FA8535A1B1DBC8300687554 /* AudioToolbox.framework in Frameworks */ = {isa = PBXBuildFile; fileRef = 00B784B00FF439BC000DE1D7 /* AudioToolbox.framework */; };
		1FA8535B1B1DBC8300687554 /* AudioUnit.framework in Frameworks */ = {isa = PBXBuildFile; fileRef = 00B784B10FF439BC000DE1D7 /* AudioUnit.framework */; };
		1FA8535C1B1DBC8300687554 /* CoreAudio.framework in Frameworks */ = {isa = PBXBuildFile; fileRef = 00B784B20FF439BC000DE1D7 /* CoreAudio.framework */; };
		A1055AA31B2706FC0053CE48 /* Images.xcassets in Resources */ = {isa = PBXBuildFile; fileRef = A1055AA11B2706EE0053CE48 /* Images.xcassets */; };
		A1055AB51B27346A0053CE48 /* help.png in Resources */ = {isa = PBXBuildFile; fileRef = A1055AB31B27346A0053CE48 /* help.png */; };
		A1C2F85E1B413555001CFA33 /* OnOffStatic-Info.plist in Resources */ = {isa = PBXBuildFile; fileRef = A1C2F85D1B413555001CFA33 /* OnOffStatic-Info.plist */; };
		A62AAFEA1DA2777A008053A9 /* OpenNI.ini in CopyFiles */ = {isa = PBXBuildFile; fileRef = A62AAFC51DA2777A008053A9 /* OpenNI.ini */; };
		A62AAFEB1DA2777A008053A9 /* libwebp.4.dylib in CopyFiles */ = {isa = PBXBuildFile; fileRef = A62AAFC61DA2777A008053A9 /* libwebp.4.dylib */; settings = {ATTRIBUTES = (CodeSignOnCopy, ); }; };
		A62AAFEC1DA2777A008053A9 /* libusb-1.0.0.dylib in CopyFiles */ = {isa = PBXBuildFile; fileRef = A62AAFC71DA2777A008053A9 /* libusb-1.0.0.dylib */; settings = {ATTRIBUTES = (CodeSignOnCopy, ); }; };
		A62AAFED1DA2777A008053A9 /* libturbojpeg.0.dylib in CopyFiles */ = {isa = PBXBuildFile; fileRef = A62AAFC81DA2777A008053A9 /* libturbojpeg.0.dylib */; settings = {ATTRIBUTES = (CodeSignOnCopy, ); }; };
		A62AAFEE1DA2777A008053A9 /* libtiff.5.dylib in CopyFiles */ = {isa = PBXBuildFile; fileRef = A62AAFC91DA2777A008053A9 /* libtiff.5.dylib */; settings = {ATTRIBUTES = (CodeSignOnCopy, ); }; };
		A62AAFEF1DA2777A008053A9 /* libssl.1.0.0.dylib in CopyFiles */ = {isa = PBXBuildFile; fileRef = A62AAFCA1DA2777A008053A9 /* libssl.1.0.0.dylib */; settings = {ATTRIBUTES = (CodeSignOnCopy, ); }; };
		A62AAFF01DA2777A008053A9 /* libPSLink.dylib in CopyFiles */ = {isa = PBXBuildFile; fileRef = A62AAFCB1DA2777A008053A9 /* libPSLink.dylib */; settings = {ATTRIBUTES = (CodeSignOnCopy, ); }; };
		A62AAFF11DA2777A008053A9 /* libPS1080.dylib in CopyFiles */ = {isa = PBXBuildFile; fileRef = A62AAFCC1DA2777A008053A9 /* libPS1080.dylib */; settings = {ATTRIBUTES = (CodeSignOnCopy, ); }; };
		A62AAFF21DA2777A008053A9 /* libpng16.16.dylib in CopyFiles */ = {isa = PBXBuildFile; fileRef = A62AAFCD1DA2777A008053A9 /* libpng16.16.dylib */; settings = {ATTRIBUTES = (CodeSignOnCopy, ); }; };
		A62AAFF31DA2777A008053A9 /* liborbbec.dylib in CopyFiles */ = {isa = PBXBuildFile; fileRef = A62AAFCE1DA2777A008053A9 /* liborbbec.dylib */; settings = {ATTRIBUTES = (CodeSignOnCopy, ); }; };
		A62AAFF41DA2777A008053A9 /* libOpenNI2.dylib in CopyFiles */ = {isa = PBXBuildFile; fileRef = A62AAFCF1DA2777A008053A9 /* libOpenNI2.dylib */; settings = {ATTRIBUTES = (CodeSignOnCopy, ); }; };
		A62AAFF51DA2777A008053A9 /* libopencv_videoio.3.0.dylib in CopyFiles */ = {isa = PBXBuildFile; fileRef = A62AAFD01DA2777A008053A9 /* libopencv_videoio.3.0.dylib */; settings = {ATTRIBUTES = (CodeSignOnCopy, ); }; };
		A62AAFF61DA2777A008053A9 /* libopencv_video.3.0.dylib in CopyFiles */ = {isa = PBXBuildFile; fileRef = A62AAFD11DA2777A008053A9 /* libopencv_video.3.0.dylib */; settings = {ATTRIBUTES = (CodeSignOnCopy, ); }; };
		A62AAFF71DA2777A008053A9 /* libopencv_objdetect.3.0.dylib in CopyFiles */ = {isa = PBXBuildFile; fileRef = A62AAFD21DA2777A008053A9 /* libopencv_objdetect.3.0.dylib */; settings = {ATTRIBUTES = (CodeSignOnCopy, ); }; };
		A62AAFF81DA2777A008053A9 /* libopencv_ml.3.0.dylib in CopyFiles */ = {isa = PBXBuildFile; fileRef = A62AAFD31DA2777A008053A9 /* libopencv_ml.3.0.dylib */; settings = {ATTRIBUTES = (CodeSignOnCopy, ); }; };
		A62AAFF91DA2777A008053A9 /* libopencv_imgproc.3.0.dylib in CopyFiles */ = {isa = PBXBuildFile; fileRef = A62AAFD41DA2777A008053A9 /* libopencv_imgproc.3.0.dylib */; settings = {ATTRIBUTES = (CodeSignOnCopy, ); }; };
		A62AAFFA1DA2777A008053A9 /* libopencv_imgcodecs.3.0.dylib in CopyFiles */ = {isa = PBXBuildFile; fileRef = A62AAFD51DA2777A008053A9 /* libopencv_imgcodecs.3.0.dylib */; settings = {ATTRIBUTES = (CodeSignOnCopy, ); }; };
		A62AAFFB1DA2777A008053A9 /* libopencv_highgui.3.0.dylib in CopyFiles */ = {isa = PBXBuildFile; fileRef = A62AAFD61DA2777A008053A9 /* libopencv_highgui.3.0.dylib */; settings = {ATTRIBUTES = (CodeSignOnCopy, ); }; };
		A62AAFFC1DA2777A008053A9 /* libopencv_flann.3.0.dylib in CopyFiles */ = {isa = PBXBuildFile; fileRef = A62AAFD71DA2777A008053A9 /* libopencv_flann.3.0.dylib */; settings = {ATTRIBUTES = (CodeSignOnCopy, ); }; };
		A62AAFFD1DA2777A008053A9 /* libopencv_features2d.3.0.dylib in CopyFiles */ = {isa = PBXBuildFile; fileRef = A62AAFD81DA2777A008053A9 /* libopencv_features2d.3.0.dylib */; settings = {ATTRIBUTES = (CodeSignOnCopy, ); }; };
		A62AAFFE1DA2777A008053A9 /* libopencv_core.3.0.dylib in CopyFiles */ = {isa = PBXBuildFile; fileRef = A62AAFD91DA2777A008053A9 /* libopencv_core.3.0.dylib */; settings = {ATTRIBUTES = (CodeSignOnCopy, ); }; };
		A62AAFFF1DA2777A008053A9 /* libopencv_calib3d.3.0.dylib in CopyFiles */ = {isa = PBXBuildFile; fileRef = A62AAFDA1DA2777A008053A9 /* libopencv_calib3d.3.0.dylib */; settings = {ATTRIBUTES = (CodeSignOnCopy, ); }; };
		A62AB0001DA2777A008053A9 /* libjpeg.9.dylib in CopyFiles */ = {isa = PBXBuildFile; fileRef = A62AAFDB1DA2777A008053A9 /* libjpeg.9.dylib */; settings = {ATTRIBUTES = (CodeSignOnCopy, ); }; };
		A62AB0011DA2777A008053A9 /* libintl.8.dylib in CopyFiles */ = {isa = PBXBuildFile; fileRef = A62AAFDC1DA2777A008053A9 /* libintl.8.dylib */; settings = {ATTRIBUTES = (CodeSignOnCopy, ); }; };
		A62AB0021DA2777A008053A9 /* libidn.11.dylib in CopyFiles */ = {isa = PBXBuildFile; fileRef = A62AAFDD1DA2777A008053A9 /* libidn.11.dylib */; settings = {ATTRIBUTES = (CodeSignOnCopy, ); }; };
		A62AB0031DA2777A008053A9 /* libiconv.2.dylib in CopyFiles */ = {isa = PBXBuildFile; fileRef = A62AAFDE1DA2777A008053A9 /* libiconv.2.dylib */; settings = {ATTRIBUTES = (CodeSignOnCopy, ); }; };
		A62AB0041DA2777A008053A9 /* libglfw3.3.1.dylib in CopyFiles */ = {isa = PBXBuildFile; fileRef = A62AAFDF1DA2777A008053A9 /* libglfw3.3.1.dylib */; settings = {ATTRIBUTES = (CodeSignOnCopy, ); }; };
		A62AB0051DA2777A008053A9 /* libfreenect2.0.1.dylib in CopyFiles */ = {isa = PBXBuildFile; fileRef = A62AAFE01DA2777A008053A9 /* libfreenect2.0.1.dylib */; settings = {ATTRIBUTES = (CodeSignOnCopy, ); }; };
		A62AB0061DA2777A008053A9 /* libfreenect2.0.1.0.dylib in CopyFiles */ = {isa = PBXBuildFile; fileRef = A62AAFE11DA2777A008053A9 /* libfreenect2.0.1.0.dylib */; settings = {ATTRIBUTES = (CodeSignOnCopy, ); }; };
		A62AB0071DA2777A008053A9 /* libcurl.4.dylib in CopyFiles */ = {isa = PBXBuildFile; fileRef = A62AAFE21DA2777A008053A9 /* libcurl.4.dylib */; settings = {ATTRIBUTES = (CodeSignOnCopy, ); }; };
		A62AB0081DA2777A008053A9 /* libcrypto.1.0.0.dylib in CopyFiles */ = {isa = PBXBuildFile; fileRef = A62AAFE31DA2777A008053A9 /* libcrypto.1.0.0.dylib */; settings = {ATTRIBUTES = (CodeSignOnCopy, ); }; };
		A62AB0091DA2777A008053A9 /* libboost_thread-mt.dylib in CopyFiles */ = {isa = PBXBuildFile; fileRef = A62AAFE41DA2777A008053A9 /* libboost_thread-mt.dylib */; settings = {ATTRIBUTES = (CodeSignOnCopy, ); }; };
		A62AB00A1DA2777A008053A9 /* libboost_system-mt.dylib in CopyFiles */ = {isa = PBXBuildFile; fileRef = A62AAFE51DA2777A008053A9 /* libboost_system-mt.dylib */; settings = {ATTRIBUTES = (CodeSignOnCopy, ); }; };
		A62AB00B1DA2777A008053A9 /* libboost_serialization-mt.dylib in CopyFiles */ = {isa = PBXBuildFile; fileRef = A62AAFE61DA2777A008053A9 /* libboost_serialization-mt.dylib */; settings = {ATTRIBUTES = (CodeSignOnCopy, ); }; };
		A62AB00C1DA2777A008053A9 /* libboost_program_options-mt.dylib in CopyFiles */ = {isa = PBXBuildFile; fileRef = A62AAFE71DA2777A008053A9 /* libboost_program_options-mt.dylib */; settings = {ATTRIBUTES = (CodeSignOnCopy, ); }; };
		A62AB00D1DA2777A008053A9 /* libboost_filesystem-mt.dylib in CopyFiles */ = {isa = PBXBuildFile; fileRef = A62AAFE81DA2777A008053A9 /* libboost_filesystem-mt.dylib */; settings = {ATTRIBUTES = (CodeSignOnCopy, ); }; };
		A62AB00E1DA2777A008053A9 /* libboost_date_time-mt.dylib in CopyFiles */ = {isa = PBXBuildFile; fileRef = A62AAFE91DA2777A008053A9 /* libboost_date_time-mt.dylib */; settings = {ATTRIBUTES = (CodeSignOnCopy, ); }; };
/* End PBXBuildFile section */

/* Begin PBXCopyFilesBuildPhase section */
		1FA8535D1B1DBC8300687554 /* CopyFiles */ = {
			isa = PBXCopyFilesBuildPhase;
			buildActionMask = 2147483647;
			dstPath = Models;
			dstSubfolderSpec = 7;
			files = (
				1F2DBB7A1B32FD890097CF9D /* G_Static_Audio.dat in CopyFiles */,
				1F2DBB7B1B32FD890097CF9D /* G_Static_Fwd.dat in CopyFiles */,
				1F2DBB7C1B32FD890097CF9D /* G_Static_Pause.dat in CopyFiles */,
				1F2DBB7D1B32FD890097CF9D /* G_Static_Silence.dat in CopyFiles */,
				1F2DBB7E1B32FD890097CF9D /* G_Static_Tee.dat in CopyFiles */,
			);
			runOnlyForDeploymentPostprocessing = 0;
		};
		1FA853631B1DBC8300687554 /* CopyFiles */ = {
			isa = PBXCopyFilesBuildPhase;
			buildActionMask = 2147483647;
			dstPath = "";
			dstSubfolderSpec = 6;
			files = (
				A62AAFEA1DA2777A008053A9 /* OpenNI.ini in CopyFiles */,
				A62AAFEB1DA2777A008053A9 /* libwebp.4.dylib in CopyFiles */,
				A62AAFEC1DA2777A008053A9 /* libusb-1.0.0.dylib in CopyFiles */,
				A62AAFED1DA2777A008053A9 /* libturbojpeg.0.dylib in CopyFiles */,
				A62AAFEE1DA2777A008053A9 /* libtiff.5.dylib in CopyFiles */,
				A62AAFEF1DA2777A008053A9 /* libssl.1.0.0.dylib in CopyFiles */,
				A62AAFF01DA2777A008053A9 /* libPSLink.dylib in CopyFiles */,
				A62AAFF11DA2777A008053A9 /* libPS1080.dylib in CopyFiles */,
				A62AAFF21DA2777A008053A9 /* libpng16.16.dylib in CopyFiles */,
				A62AAFF31DA2777A008053A9 /* liborbbec.dylib in CopyFiles */,
				A62AAFF41DA2777A008053A9 /* libOpenNI2.dylib in CopyFiles */,
				A62AAFF51DA2777A008053A9 /* libopencv_videoio.3.0.dylib in CopyFiles */,
				A62AAFF61DA2777A008053A9 /* libopencv_video.3.0.dylib in CopyFiles */,
				A62AAFF71DA2777A008053A9 /* libopencv_objdetect.3.0.dylib in CopyFiles */,
				A62AAFF81DA2777A008053A9 /* libopencv_ml.3.0.dylib in CopyFiles */,
				A62AAFF91DA2777A008053A9 /* libopencv_imgproc.3.0.dylib in CopyFiles */,
				A62AAFFA1DA2777A008053A9 /* libopencv_imgcodecs.3.0.dylib in CopyFiles */,
				A62AAFFB1DA2777A008053A9 /* libopencv_highgui.3.0.dylib in CopyFiles */,
				A62AAFFC1DA2777A008053A9 /* libopencv_flann.3.0.dylib in CopyFiles */,
				A62AAFFD1DA2777A008053A9 /* libopencv_features2d.3.0.dylib in CopyFiles */,
				A62AAFFE1DA2777A008053A9 /* libopencv_core.3.0.dylib in CopyFiles */,
				A62AAFFF1DA2777A008053A9 /* libopencv_calib3d.3.0.dylib in CopyFiles */,
				A62AB0001DA2777A008053A9 /* libjpeg.9.dylib in CopyFiles */,
				A62AB0011DA2777A008053A9 /* libintl.8.dylib in CopyFiles */,
				A62AB0021DA2777A008053A9 /* libidn.11.dylib in CopyFiles */,
				A62AB0031DA2777A008053A9 /* libiconv.2.dylib in CopyFiles */,
				A62AB0041DA2777A008053A9 /* libglfw3.3.1.dylib in CopyFiles */,
				A62AB0051DA2777A008053A9 /* libfreenect2.0.1.dylib in CopyFiles */,
				A62AB0061DA2777A008053A9 /* libfreenect2.0.1.0.dylib in CopyFiles */,
				A62AB0071DA2777A008053A9 /* libcurl.4.dylib in CopyFiles */,
				A62AB0081DA2777A008053A9 /* libcrypto.1.0.0.dylib in CopyFiles */,
				A62AB0091DA2777A008053A9 /* libboost_thread-mt.dylib in CopyFiles */,
				A62AB00A1DA2777A008053A9 /* libboost_system-mt.dylib in CopyFiles */,
				A62AB00B1DA2777A008053A9 /* libboost_serialization-mt.dylib in CopyFiles */,
				A62AB00C1DA2777A008053A9 /* libboost_program_options-mt.dylib in CopyFiles */,
				A62AB00D1DA2777A008053A9 /* libboost_filesystem-mt.dylib in CopyFiles */,
				A62AB00E1DA2777A008053A9 /* libboost_date_time-mt.dylib in CopyFiles */,
			);
			runOnlyForDeploymentPostprocessing = 0;
		};
/* End PBXCopyFilesBuildPhase section */

/* Begin PBXFileReference section */
		0091D8F80E81B9330029341E /* OpenGL.framework */ = {isa = PBXFileReference; lastKnownFileType = wrapper.framework; name = OpenGL.framework; path = /System/Library/Frameworks/OpenGL.framework; sourceTree = "<absolute>"; };
		0097E3E40F3E9819005A4392 /* QuickTime.framework */ = {isa = PBXFileReference; lastKnownFileType = wrapper.framework; name = QuickTime.framework; path = /System/Library/Frameworks/QuickTime.framework; sourceTree = "<absolute>"; };
		00B784AF0FF439BC000DE1D7 /* Accelerate.framework */ = {isa = PBXFileReference; lastKnownFileType = wrapper.framework; name = Accelerate.framework; path = System/Library/Frameworks/Accelerate.framework; sourceTree = SDKROOT; };
		00B784B00FF439BC000DE1D7 /* AudioToolbox.framework */ = {isa = PBXFileReference; lastKnownFileType = wrapper.framework; name = AudioToolbox.framework; path = System/Library/Frameworks/AudioToolbox.framework; sourceTree = SDKROOT; };
		00B784B10FF439BC000DE1D7 /* AudioUnit.framework */ = {isa = PBXFileReference; lastKnownFileType = wrapper.framework; name = AudioUnit.framework; path = System/Library/Frameworks/AudioUnit.framework; sourceTree = SDKROOT; };
		00B784B20FF439BC000DE1D7 /* CoreAudio.framework */ = {isa = PBXFileReference; lastKnownFileType = wrapper.framework; name = CoreAudio.framework; path = System/Library/Frameworks/CoreAudio.framework; sourceTree = SDKROOT; };
		00C07B8D0FFDB748004801EA /* mainApp.cpp */ = {isa = PBXFileReference; fileEncoding = 4; lastKnownFileType = sourcecode.cpp.cpp; name = mainApp.cpp; path = ../src/mainApp.cpp; sourceTree = SOURCE_ROOT; };
		1058C7A1FEA54F0111CA2CBB /* Cocoa.framework */ = {isa = PBXFileReference; lastKnownFileType = wrapper.framework; name = Cocoa.framework; path = /System/Library/Frameworks/Cocoa.framework; sourceTree = "<absolute>"; };
		13E42FB307B3F0F600E4EEF1 /* CoreData.framework */ = {isa = PBXFileReference; lastKnownFileType = wrapper.framework; name = CoreData.framework; path = /System/Library/Frameworks/CoreData.framework; sourceTree = "<absolute>"; };
		1F2DBB2E1B32FD320097CF9D /* libboost_date_time-mt.dylib */ = {isa = PBXFileReference; lastKnownFileType = "compiled.mach-o.dylib"; name = "libboost_date_time-mt.dylib"; path = "../../../../lib/libboost_date_time-mt.dylib"; sourceTree = "<group>"; };
		1F2DBB2F1B32FD320097CF9D /* libboost_filesystem-mt.dylib */ = {isa = PBXFileReference; lastKnownFileType = "compiled.mach-o.dylib"; name = "libboost_filesystem-mt.dylib"; path = "../../../../lib/libboost_filesystem-mt.dylib"; sourceTree = "<group>"; };
		1F2DBB301B32FD320097CF9D /* libboost_program_options-mt.dylib */ = {isa = PBXFileReference; lastKnownFileType = "compiled.mach-o.dylib"; name = "libboost_program_options-mt.dylib"; path = "../../../../lib/libboost_program_options-mt.dylib"; sourceTree = "<group>"; };
		1F2DBB311B32FD320097CF9D /* libboost_serialization-mt.dylib */ = {isa = PBXFileReference; lastKnownFileType = "compiled.mach-o.dylib"; name = "libboost_serialization-mt.dylib"; path = "../../../../lib/libboost_serialization-mt.dylib"; sourceTree = "<group>"; };
		1F2DBB321B32FD320097CF9D /* libboost_system-mt.dylib */ = {isa = PBXFileReference; lastKnownFileType = "compiled.mach-o.dylib"; name = "libboost_system-mt.dylib"; path = "../../../../lib/libboost_system-mt.dylib"; sourceTree = "<group>"; };
		1F2DBB331B32FD320097CF9D /* libboost_thread-mt.dylib */ = {isa = PBXFileReference; lastKnownFileType = "compiled.mach-o.dylib"; name = "libboost_thread-mt.dylib"; path = "../../../../lib/libboost_thread-mt.dylib"; sourceTree = "<group>"; };
		1F2DBB341B32FD320097CF9D /* libcrypto.1.0.0.dylib */ = {isa = PBXFileReference; lastKnownFileType = "compiled.mach-o.dylib"; name = libcrypto.1.0.0.dylib; path = ../../../../lib/libcrypto.1.0.0.dylib; sourceTree = "<group>"; };
		1F2DBB351B32FD320097CF9D /* libcurl.4.dylib */ = {isa = PBXFileReference; lastKnownFileType = "compiled.mach-o.dylib"; name = libcurl.4.dylib; path = ../../../../lib/libcurl.4.dylib; sourceTree = "<group>"; };
		1F2DBB361B32FD320097CF9D /* libiconv.2.dylib */ = {isa = PBXFileReference; lastKnownFileType = "compiled.mach-o.dylib"; name = libiconv.2.dylib; path = ../../../../lib/libiconv.2.dylib; sourceTree = "<group>"; };
		1F2DBB371B32FD320097CF9D /* libidn.11.dylib */ = {isa = PBXFileReference; lastKnownFileType = "compiled.mach-o.dylib"; name = libidn.11.dylib; path = ../../../../lib/libidn.11.dylib; sourceTree = "<group>"; };
		1F2DBB381B32FD320097CF9D /* libintl.8.dylib */ = {isa = PBXFileReference; lastKnownFileType = "compiled.mach-o.dylib"; name = libintl.8.dylib; path = ../../../../lib/libintl.8.dylib; sourceTree = "<group>"; };
		1F2DBB391B32FD320097CF9D /* libjpeg.9.dylib */ = {isa = PBXFileReference; lastKnownFileType = "compiled.mach-o.dylib"; name = libjpeg.9.dylib; path = ../../../../lib/libjpeg.9.dylib; sourceTree = "<group>"; };
		1F2DBB3A1B32FD320097CF9D /* liblzma.5.dylib */ = {isa = PBXFileReference; lastKnownFileType = "compiled.mach-o.dylib"; name = liblzma.5.dylib; path = ../../../../lib/liblzma.5.dylib; sourceTree = "<group>"; };
		1F2DBB3B1B32FD320097CF9D /* libOniFile.dylib */ = {isa = PBXFileReference; lastKnownFileType = "compiled.mach-o.dylib"; name = libOniFile.dylib; path = ../../../../lib/libOniFile.dylib; sourceTree = "<group>"; };
		1F2DBB3C1B32FD320097CF9D /* libopencv_calib3d.3.0.dylib */ = {isa = PBXFileReference; lastKnownFileType = "compiled.mach-o.dylib"; name = libopencv_calib3d.3.0.dylib; path = ../../../../lib/libopencv_calib3d.3.0.dylib; sourceTree = "<group>"; };
		1F2DBB3D1B32FD320097CF9D /* libopencv_core.3.0.dylib */ = {isa = PBXFileReference; lastKnownFileType = "compiled.mach-o.dylib"; name = libopencv_core.3.0.dylib; path = ../../../../lib/libopencv_core.3.0.dylib; sourceTree = "<group>"; };
		1F2DBB3E1B32FD320097CF9D /* libopencv_features2d.3.0.dylib */ = {isa = PBXFileReference; lastKnownFileType = "compiled.mach-o.dylib"; name = libopencv_features2d.3.0.dylib; path = ../../../../lib/libopencv_features2d.3.0.dylib; sourceTree = "<group>"; };
		1F2DBB3F1B32FD320097CF9D /* libopencv_flann.3.0.dylib */ = {isa = PBXFileReference; lastKnownFileType = "compiled.mach-o.dylib"; name = libopencv_flann.3.0.dylib; path = ../../../../lib/libopencv_flann.3.0.dylib; sourceTree = "<group>"; };
		1F2DBB401B32FD320097CF9D /* libopencv_highgui.3.0.dylib */ = {isa = PBXFileReference; lastKnownFileType = "compiled.mach-o.dylib"; name = libopencv_highgui.3.0.dylib; path = ../../../../lib/libopencv_highgui.3.0.dylib; sourceTree = "<group>"; };
		1F2DBB411B32FD320097CF9D /* libopencv_imgcodecs.3.0.dylib */ = {isa = PBXFileReference; lastKnownFileType = "compiled.mach-o.dylib"; name = libopencv_imgcodecs.3.0.dylib; path = ../../../../lib/libopencv_imgcodecs.3.0.dylib; sourceTree = "<group>"; };
		1F2DBB421B32FD320097CF9D /* libopencv_imgproc.3.0.dylib */ = {isa = PBXFileReference; lastKnownFileType = "compiled.mach-o.dylib"; name = libopencv_imgproc.3.0.dylib; path = ../../../../lib/libopencv_imgproc.3.0.dylib; sourceTree = "<group>"; };
		1F2DBB431B32FD320097CF9D /* libopencv_ml.3.0.dylib */ = {isa = PBXFileReference; lastKnownFileType = "compiled.mach-o.dylib"; name = libopencv_ml.3.0.dylib; path = ../../../../lib/libopencv_ml.3.0.dylib; sourceTree = "<group>"; };
		1F2DBB441B32FD320097CF9D /* libopencv_objdetect.3.0.dylib */ = {isa = PBXFileReference; lastKnownFileType = "compiled.mach-o.dylib"; name = libopencv_objdetect.3.0.dylib; path = ../../../../lib/libopencv_objdetect.3.0.dylib; sourceTree = "<group>"; };
		1F2DBB451B32FD320097CF9D /* libopencv_video.3.0.dylib */ = {isa = PBXFileReference; lastKnownFileType = "compiled.mach-o.dylib"; name = libopencv_video.3.0.dylib; path = ../../../../lib/libopencv_video.3.0.dylib; sourceTree = "<group>"; };
		1F2DBB461B32FD320097CF9D /* libopencv_videoio.3.0.dylib */ = {isa = PBXFileReference; lastKnownFileType = "compiled.mach-o.dylib"; name = libopencv_videoio.3.0.dylib; path = ../../../../lib/libopencv_videoio.3.0.dylib; sourceTree = "<group>"; };
		1F2DBB471B32FD320097CF9D /* libOpenNI2.dylib */ = {isa = PBXFileReference; lastKnownFileType = "compiled.mach-o.dylib"; name = libOpenNI2.dylib; path = ../../../../lib/libOpenNI2.dylib; sourceTree = "<group>"; };
		1F2DBB481B32FD320097CF9D /* libpng15.15.dylib */ = {isa = PBXFileReference; lastKnownFileType = "compiled.mach-o.dylib"; name = libpng15.15.dylib; path = ../../../../lib/libpng15.15.dylib; sourceTree = "<group>"; };
		1F2DBB491B32FD320097CF9D /* libPS1080.dylib */ = {isa = PBXFileReference; lastKnownFileType = "compiled.mach-o.dylib"; name = libPS1080.dylib; path = ../../../../lib/libPS1080.dylib; sourceTree = "<group>"; };
		1F2DBB4A1B32FD320097CF9D /* libPSLink.dylib */ = {isa = PBXFileReference; lastKnownFileType = "compiled.mach-o.dylib"; name = libPSLink.dylib; path = ../../../../lib/libPSLink.dylib; sourceTree = "<group>"; };
		1F2DBB4B1B32FD320097CF9D /* libssl.1.0.0.dylib */ = {isa = PBXFileReference; lastKnownFileType = "compiled.mach-o.dylib"; name = libssl.1.0.0.dylib; path = ../../../../lib/libssl.1.0.0.dylib; sourceTree = "<group>"; };
		1F2DBB4C1B32FD320097CF9D /* libtiff.5.dylib */ = {isa = PBXFileReference; lastKnownFileType = "compiled.mach-o.dylib"; name = libtiff.5.dylib; path = ../../../../lib/libtiff.5.dylib; sourceTree = "<group>"; };
		1F2DBB4D1B32FD320097CF9D /* libusb-1.0.0.dylib */ = {isa = PBXFileReference; lastKnownFileType = "compiled.mach-o.dylib"; name = "libusb-1.0.0.dylib"; path = "../../../../lib/libusb-1.0.0.dylib"; sourceTree = "<group>"; };
		1F2DBB4E1B32FD320097CF9D /* libwebp.4.dylib */ = {isa = PBXFileReference; lastKnownFileType = "compiled.mach-o.dylib"; name = libwebp.4.dylib; path = ../../../../lib/libwebp.4.dylib; sourceTree = "<group>"; };
		1F2DBB4F1B32FD320097CF9D /* libz.1.dylib */ = {isa = PBXFileReference; lastKnownFileType = "compiled.mach-o.dylib"; name = libz.1.dylib; path = ../../../../lib/libz.1.dylib; sourceTree = "<group>"; };
		1F2DBB501B32FD320097CF9D /* OpenNI.ini */ = {isa = PBXFileReference; lastKnownFileType = text; name = OpenNI.ini; path = ../../../../lib/OpenNI.ini; sourceTree = "<group>"; };
		1F2DBB751B32FD890097CF9D /* G_Static_Audio.dat */ = {isa = PBXFileReference; lastKnownFileType = text; name = G_Static_Audio.dat; path = ../../../../data/G_Static_Audio.dat; sourceTree = "<group>"; };
		1F2DBB761B32FD890097CF9D /* G_Static_Fwd.dat */ = {isa = PBXFileReference; lastKnownFileType = text; name = G_Static_Fwd.dat; path = ../../../../data/G_Static_Fwd.dat; sourceTree = "<group>"; };
		1F2DBB771B32FD890097CF9D /* G_Static_Pause.dat */ = {isa = PBXFileReference; lastKnownFileType = text; name = G_Static_Pause.dat; path = ../../../../data/G_Static_Pause.dat; sourceTree = "<group>"; };
		1F2DBB781B32FD890097CF9D /* G_Static_Silence.dat */ = {isa = PBXFileReference; lastKnownFileType = text; name = G_Static_Silence.dat; path = ../../../../data/G_Static_Silence.dat; sourceTree = "<group>"; };
		1F2DBB791B32FD890097CF9D /* G_Static_Tee.dat */ = {isa = PBXFileReference; lastKnownFileType = text; name = G_Static_Tee.dat; path = ../../../../data/G_Static_Tee.dat; sourceTree = "<group>"; };
		1FA853971B1DBC8300687554 /* OnOffStatic.app */ = {isa = PBXFileReference; explicitFileType = wrapper.application; includeInIndex = 0; path = OnOffStatic.app; sourceTree = BUILT_PRODUCTS_DIR; };
		29B97324FDCFA39411CA2CEA /* AppKit.framework */ = {isa = PBXFileReference; lastKnownFileType = wrapper.framework; name = AppKit.framework; path = /System/Library/Frameworks/AppKit.framework; sourceTree = "<absolute>"; };
		29B97325FDCFA39411CA2CEA /* Foundation.framework */ = {isa = PBXFileReference; lastKnownFileType = wrapper.framework; name = Foundation.framework; path = /System/Library/Frameworks/Foundation.framework; sourceTree = "<absolute>"; };
		32CA4F630368D1EE00C91783 /* OnOffStatic_Prefix.pch */ = {isa = PBXFileReference; fileEncoding = 4; lastKnownFileType = sourcecode.c.h; path = OnOffStatic_Prefix.pch; sourceTree = "<group>"; };
		5323E6B10EAFCA74003A9687 /* CoreVideo.framework */ = {isa = PBXFileReference; lastKnownFileType = wrapper.framework; name = CoreVideo.framework; path = /System/Library/Frameworks/CoreVideo.framework; sourceTree = "<absolute>"; };
		5323E6B50EAFCA7E003A9687 /* QTKit.framework */ = {isa = PBXFileReference; lastKnownFileType = wrapper.framework; name = QTKit.framework; path = /System/Library/Frameworks/QTKit.framework; sourceTree = "<absolute>"; };
		53E3CDFB0E86099300238D2B /* Carbon.framework */ = {isa = PBXFileReference; lastKnownFileType = wrapper.framework; name = Carbon.framework; path = /System/Library/Frameworks/Carbon.framework; sourceTree = "<absolute>"; };
		8D1107310486CEB800E47090 /* Info.plist */ = {isa = PBXFileReference; fileEncoding = 4; lastKnownFileType = text.plist.xml; path = Info.plist; sourceTree = "<group>"; };
		A1055AA11B2706EE0053CE48 /* Images.xcassets */ = {isa = PBXFileReference; lastKnownFileType = folder.assetcatalog; name = Images.xcassets; path = OnOffStatic/Images.xcassets; sourceTree = "<group>"; };
		A1055AB31B27346A0053CE48 /* help.png */ = {isa = PBXFileReference; lastKnownFileType = image.png; name = help.png; path = ../resources/help.png; sourceTree = "<group>"; };
		A1055AB61B2734920053CE48 /* Help.h */ = {isa = PBXFileReference; fileEncoding = 4; lastKnownFileType = sourcecode.c.h; path = Help.h; sourceTree = "<group>"; };
		A1325B191B170E01005E013C /* GestureSwitch.cpp */ = {isa = PBXFileReference; fileEncoding = 4; lastKnownFileType = sourcecode.cpp.cpp; name = GestureSwitch.cpp; path = ../src/GestureSwitch.cpp; sourceTree = "<group>"; };
		A1325B1B1B170E12005E013C /* GestureSwitch.h */ = {isa = PBXFileReference; fileEncoding = 4; lastKnownFileType = sourcecode.c.h; name = GestureSwitch.h; path = ../include/GestureSwitch.h; sourceTree = "<group>"; };
		A1325B1C1B170E44005E013C /* interactor_macos.cfg */ = {isa = PBXFileReference; fileEncoding = 4; lastKnownFileType = text; name = interactor_macos.cfg; path = ../resources/interactor_macos.cfg; sourceTree = "<group>"; };
		A1325B1E1B170E54005E013C /* gest_ffwd_big.png */ = {isa = PBXFileReference; lastKnownFileType = image.png; name = gest_ffwd_big.png; path = ../resources/gest_ffwd_big.png; sourceTree = "<group>"; };
		A1325B1F1B170E54005E013C /* gest_pause_big.png */ = {isa = PBXFileReference; lastKnownFileType = image.png; name = gest_pause_big.png; path = ../resources/gest_pause_big.png; sourceTree = "<group>"; };
		A1325B201B170E54005E013C /* gest_rwd_big.png */ = {isa = PBXFileReference; lastKnownFileType = image.png; name = gest_rwd_big.png; path = ../resources/gest_rwd_big.png; sourceTree = "<group>"; };
		A1325B211B170E54005E013C /* gest_tee_big.png */ = {isa = PBXFileReference; lastKnownFileType = image.png; name = gest_tee_big.png; path = ../resources/gest_tee_big.png; sourceTree = "<group>"; };
		A1325B221B170E54005E013C /* gest_voldown_big.png */ = {isa = PBXFileReference; lastKnownFileType = image.png; name = gest_voldown_big.png; path = ../resources/gest_voldown_big.png; sourceTree = "<group>"; };
		A1325B231B170E54005E013C /* gest_volup_big.png */ = {isa = PBXFileReference; lastKnownFileType = image.png; name = gest_volup_big.png; path = ../resources/gest_volup_big.png; sourceTree = "<group>"; };
		A1325B3F1B170FD2005E013C /* resource.h */ = {isa = PBXFileReference; fileEncoding = 4; lastKnownFileType = sourcecode.c.h; lineEnding = 0; name = resource.h; path = ../include/resource.h; sourceTree = "<group>"; };
		A1C2F85D1B413555001CFA33 /* OnOffStatic-Info.plist */ = {isa = PBXFileReference; fileEncoding = 4; lastKnownFileType = text.plist.xml; path = "OnOffStatic-Info.plist"; sourceTree = "<group>"; };
		A1E08DC41B147AD2003ED9FF /* Cinderactor.h */ = {isa = PBXFileReference; fileEncoding = 4; lastKnownFileType = sourcecode.c.h; path = Cinderactor.h; sourceTree = "<group>"; };
		A1E08DC51B147AD2003ED9FF /* MovingRect.h */ = {isa = PBXFileReference; fileEncoding = 4; lastKnownFileType = sourcecode.c.h; path = MovingRect.h; sourceTree = "<group>"; };
		A1E08DC71B147AD2003ED9FF /* Cinderactor.cpp */ = {isa = PBXFileReference; fileEncoding = 4; lastKnownFileType = sourcecode.cpp.cpp; path = Cinderactor.cpp; sourceTree = "<group>"; };
		A1E08DC81B147AD2003ED9FF /* MovingRect.cpp */ = {isa = PBXFileReference; fileEncoding = 4; lastKnownFileType = sourcecode.cpp.cpp; path = MovingRect.cpp; sourceTree = "<group>"; };
		A1E08DCB1B147B19003ED9FF /* interactor.cfg */ = {isa = PBXFileReference; fileEncoding = 4; lastKnownFileType = text; name = interactor.cfg; path = ../resources/interactor.cfg; sourceTree = "<group>"; };
		A62AAFC51DA2777A008053A9 /* OpenNI.ini */ = {isa = PBXFileReference; lastKnownFileType = text; name = OpenNI.ini; path = ../../../../third_party/lib/OpenNI.ini; sourceTree = "<group>"; };
		A62AAFC61DA2777A008053A9 /* libwebp.4.dylib */ = {isa = PBXFileReference; lastKnownFileType = "compiled.mach-o.dylib"; name = libwebp.4.dylib; path = ../../../../third_party/lib/libwebp.4.dylib; sourceTree = "<group>"; };
		A62AAFC71DA2777A008053A9 /* libusb-1.0.0.dylib */ = {isa = PBXFileReference; lastKnownFileType = "compiled.mach-o.dylib"; name = "libusb-1.0.0.dylib"; path = "../../../../third_party/lib/libusb-1.0.0.dylib"; sourceTree = "<group>"; };
		A62AAFC81DA2777A008053A9 /* libturbojpeg.0.dylib */ = {isa = PBXFileReference; lastKnownFileType = "compiled.mach-o.dylib"; name = libturbojpeg.0.dylib; path = ../../../../third_party/lib/libturbojpeg.0.dylib; sourceTree = "<group>"; };
		A62AAFC91DA2777A008053A9 /* libtiff.5.dylib */ = {isa = PBXFileReference; lastKnownFileType = "compiled.mach-o.dylib"; name = libtiff.5.dylib; path = ../../../../third_party/lib/libtiff.5.dylib; sourceTree = "<group>"; };
		A62AAFCA1DA2777A008053A9 /* libssl.1.0.0.dylib */ = {isa = PBXFileReference; lastKnownFileType = "compiled.mach-o.dylib"; name = libssl.1.0.0.dylib; path = ../../../../third_party/lib/libssl.1.0.0.dylib; sourceTree = "<group>"; };
		A62AAFCB1DA2777A008053A9 /* libPSLink.dylib */ = {isa = PBXFileReference; lastKnownFileType = "compiled.mach-o.dylib"; name = libPSLink.dylib; path = ../../../../third_party/lib/libPSLink.dylib; sourceTree = "<group>"; };
		A62AAFCC1DA2777A008053A9 /* libPS1080.dylib */ = {isa = PBXFileReference; lastKnownFileType = "compiled.mach-o.dylib"; name = libPS1080.dylib; path = ../../../../third_party/lib/libPS1080.dylib; sourceTree = "<group>"; };
		A62AAFCD1DA2777A008053A9 /* libpng16.16.dylib */ = {isa = PBXFileReference; lastKnownFileType = "compiled.mach-o.dylib"; name = libpng16.16.dylib; path = ../../../../third_party/lib/libpng16.16.dylib; sourceTree = "<group>"; };
		A62AAFCE1DA2777A008053A9 /* liborbbec.dylib */ = {isa = PBXFileReference; lastKnownFileType = "compiled.mach-o.dylib"; name = liborbbec.dylib; path = ../../../../third_party/lib/liborbbec.dylib; sourceTree = "<group>"; };
		A62AAFCF1DA2777A008053A9 /* libOpenNI2.dylib */ = {isa = PBXFileReference; lastKnownFileType = "compiled.mach-o.dylib"; name = libOpenNI2.dylib; path = ../../../../third_party/lib/libOpenNI2.dylib; sourceTree = "<group>"; };
		A62AAFD01DA2777A008053A9 /* libopencv_videoio.3.0.dylib */ = {isa = PBXFileReference; lastKnownFileType = "compiled.mach-o.dylib"; name = libopencv_videoio.3.0.dylib; path = ../../../../third_party/lib/libopencv_videoio.3.0.dylib; sourceTree = "<group>"; };
		A62AAFD11DA2777A008053A9 /* libopencv_video.3.0.dylib */ = {isa = PBXFileReference; lastKnownFileType = "compiled.mach-o.dylib"; name = libopencv_video.3.0.dylib; path = ../../../../third_party/lib/libopencv_video.3.0.dylib; sourceTree = "<group>"; };
		A62AAFD21DA2777A008053A9 /* libopencv_objdetect.3.0.dylib */ = {isa = PBXFileReference; lastKnownFileType = "compiled.mach-o.dylib"; name = libopencv_objdetect.3.0.dylib; path = ../../../../third_party/lib/libopencv_objdetect.3.0.dylib; sourceTree = "<group>"; };
		A62AAFD31DA2777A008053A9 /* libopencv_ml.3.0.dylib */ = {isa = PBXFileReference; lastKnownFileType = "compiled.mach-o.dylib"; name = libopencv_ml.3.0.dylib; path = ../../../../third_party/lib/libopencv_ml.3.0.dylib; sourceTree = "<group>"; };
		A62AAFD41DA2777A008053A9 /* libopencv_imgproc.3.0.dylib */ = {isa = PBXFileReference; lastKnownFileType = "compiled.mach-o.dylib"; name = libopencv_imgproc.3.0.dylib; path = ../../../../third_party/lib/libopencv_imgproc.3.0.dylib; sourceTree = "<group>"; };
		A62AAFD51DA2777A008053A9 /* libopencv_imgcodecs.3.0.dylib */ = {isa = PBXFileReference; lastKnownFileType = "compiled.mach-o.dylib"; name = libopencv_imgcodecs.3.0.dylib; path = ../../../../third_party/lib/libopencv_imgcodecs.3.0.dylib; sourceTree = "<group>"; };
		A62AAFD61DA2777A008053A9 /* libopencv_highgui.3.0.dylib */ = {isa = PBXFileReference; lastKnownFileType = "compiled.mach-o.dylib"; name = libopencv_highgui.3.0.dylib; path = ../../../../third_party/lib/libopencv_highgui.3.0.dylib; sourceTree = "<group>"; };
		A62AAFD71DA2777A008053A9 /* libopencv_flann.3.0.dylib */ = {isa = PBXFileReference; lastKnownFileType = "compiled.mach-o.dylib"; name = libopencv_flann.3.0.dylib; path = ../../../../third_party/lib/libopencv_flann.3.0.dylib; sourceTree = "<group>"; };
		A62AAFD81DA2777A008053A9 /* libopencv_features2d.3.0.dylib */ = {isa = PBXFileReference; lastKnownFileType = "compiled.mach-o.dylib"; name = libopencv_features2d.3.0.dylib; path = ../../../../third_party/lib/libopencv_features2d.3.0.dylib; sourceTree = "<group>"; };
		A62AAFD91DA2777A008053A9 /* libopencv_core.3.0.dylib */ = {isa = PBXFileReference; lastKnownFileType = "compiled.mach-o.dylib"; name = libopencv_core.3.0.dylib; path = ../../../../third_party/lib/libopencv_core.3.0.dylib; sourceTree = "<group>"; };
		A62AAFDA1DA2777A008053A9 /* libopencv_calib3d.3.0.dylib */ = {isa = PBXFileReference; lastKnownFileType = "compiled.mach-o.dylib"; name = libopencv_calib3d.3.0.dylib; path = ../../../../third_party/lib/libopencv_calib3d.3.0.dylib; sourceTree = "<group>"; };
		A62AAFDB1DA2777A008053A9 /* libjpeg.9.dylib */ = {isa = PBXFileReference; lastKnownFileType = "compiled.mach-o.dylib"; name = libjpeg.9.dylib; path = ../../../../third_party/lib/libjpeg.9.dylib; sourceTree = "<group>"; };
		A62AAFDC1DA2777A008053A9 /* libintl.8.dylib */ = {isa = PBXFileReference; lastKnownFileType = "compiled.mach-o.dylib"; name = libintl.8.dylib; path = ../../../../third_party/lib/libintl.8.dylib; sourceTree = "<group>"; };
		A62AAFDD1DA2777A008053A9 /* libidn.11.dylib */ = {isa = PBXFileReference; lastKnownFileType = "compiled.mach-o.dylib"; name = libidn.11.dylib; path = ../../../../third_party/lib/libidn.11.dylib; sourceTree = "<group>"; };
		A62AAFDE1DA2777A008053A9 /* libiconv.2.dylib */ = {isa = PBXFileReference; lastKnownFileType = "compiled.mach-o.dylib"; name = libiconv.2.dylib; path = ../../../../third_party/lib/libiconv.2.dylib; sourceTree = "<group>"; };
		A62AAFDF1DA2777A008053A9 /* libglfw3.3.1.dylib */ = {isa = PBXFileReference; lastKnownFileType = "compiled.mach-o.dylib"; name = libglfw3.3.1.dylib; path = ../../../../third_party/lib/libglfw3.3.1.dylib; sourceTree = "<group>"; };
		A62AAFE01DA2777A008053A9 /* libfreenect2.0.1.dylib */ = {isa = PBXFileReference; lastKnownFileType = "compiled.mach-o.dylib"; name = libfreenect2.0.1.dylib; path = ../../../../third_party/lib/libfreenect2.0.1.dylib; sourceTree = "<group>"; };
		A62AAFE11DA2777A008053A9 /* libfreenect2.0.1.0.dylib */ = {isa = PBXFileReference; lastKnownFileType = "compiled.mach-o.dylib"; name = libfreenect2.0.1.0.dylib; path = ../../../../third_party/lib/libfreenect2.0.1.0.dylib; sourceTree = "<group>"; };
		A62AAFE21DA2777A008053A9 /* libcurl.4.dylib */ = {isa = PBXFileReference; lastKnownFileType = "compiled.mach-o.dylib"; name = libcurl.4.dylib; path = ../../../../third_party/lib/libcurl.4.dylib; sourceTree = "<group>"; };
		A62AAFE31DA2777A008053A9 /* libcrypto.1.0.0.dylib */ = {isa = PBXFileReference; lastKnownFileType = "compiled.mach-o.dylib"; name = libcrypto.1.0.0.dylib; path = ../../../../third_party/lib/libcrypto.1.0.0.dylib; sourceTree = "<group>"; };
		A62AAFE41DA2777A008053A9 /* libboost_thread-mt.dylib */ = {isa = PBXFileReference; lastKnownFileType = "compiled.mach-o.dylib"; name = "libboost_thread-mt.dylib"; path = "../../../../third_party/lib/libboost_thread-mt.dylib"; sourceTree = "<group>"; };
		A62AAFE51DA2777A008053A9 /* libboost_system-mt.dylib */ = {isa = PBXFileReference; lastKnownFileType = "compiled.mach-o.dylib"; name = "libboost_system-mt.dylib"; path = "../../../../third_party/lib/libboost_system-mt.dylib"; sourceTree = "<group>"; };
		A62AAFE61DA2777A008053A9 /* libboost_serialization-mt.dylib */ = {isa = PBXFileReference; lastKnownFileType = "compiled.mach-o.dylib"; name = "libboost_serialization-mt.dylib"; path = "../../../../third_party/lib/libboost_serialization-mt.dylib"; sourceTree = "<group>"; };
		A62AAFE71DA2777A008053A9 /* libboost_program_options-mt.dylib */ = {isa = PBXFileReference; lastKnownFileType = "compiled.mach-o.dylib"; name = "libboost_program_options-mt.dylib"; path = "../../../../third_party/lib/libboost_program_options-mt.dylib"; sourceTree = "<group>"; };
		A62AAFE81DA2777A008053A9 /* libboost_filesystem-mt.dylib */ = {isa = PBXFileReference; lastKnownFileType = "compiled.mach-o.dylib"; name = "libboost_filesystem-mt.dylib"; path = "../../../../third_party/lib/libboost_filesystem-mt.dylib"; sourceTree = "<group>"; };
		A62AAFE91DA2777A008053A9 /* libboost_date_time-mt.dylib */ = {isa = PBXFileReference; lastKnownFileType = "compiled.mach-o.dylib"; name = "libboost_date_time-mt.dylib"; path = "../../../../third_party/lib/libboost_date_time-mt.dylib"; sourceTree = "<group>"; };
/* End PBXFileReference section */

/* Begin PBXFrameworksBuildPhase section */
		1FA853521B1DBC8300687554 /* Frameworks */ = {
			isa = PBXFrameworksBuildPhase;
			buildActionMask = 2147483647;
			files = (
				1FA853531B1DBC8300687554 /* Cocoa.framework in Frameworks */,
				1FA853541B1DBC8300687554 /* OpenGL.framework in Frameworks */,
				1FA853551B1DBC8300687554 /* Carbon.framework in Frameworks */,
				1FA853561B1DBC8300687554 /* CoreVideo.framework in Frameworks */,
				1FA853571B1DBC8300687554 /* QTKit.framework in Frameworks */,
				1FA853581B1DBC8300687554 /* QuickTime.framework in Frameworks */,
				1FA853591B1DBC8300687554 /* Accelerate.framework in Frameworks */,
				1FA8535A1B1DBC8300687554 /* AudioToolbox.framework in Frameworks */,
				1FA8535B1B1DBC8300687554 /* AudioUnit.framework in Frameworks */,
				1FA8535C1B1DBC8300687554 /* CoreAudio.framework in Frameworks */,
			);
			runOnlyForDeploymentPostprocessing = 0;
		};
/* End PBXFrameworksBuildPhase section */

/* Begin PBXGroup section */
		080E96DDFE201D6D7F000001 /* Source */ = {
			isa = PBXGroup;
			children = (
				A1325B191B170E01005E013C /* GestureSwitch.cpp */,
				00C07B8D0FFDB748004801EA /* mainApp.cpp */,
			);
			name = Source;
			sourceTree = "<group>";
		};
		1058C7A0FEA54F0111CA2CBB /* Linked Frameworks */ = {
			isa = PBXGroup;
			children = (
				00B784AF0FF439BC000DE1D7 /* Accelerate.framework */,
				00B784B00FF439BC000DE1D7 /* AudioToolbox.framework */,
				00B784B10FF439BC000DE1D7 /* AudioUnit.framework */,
				00B784B20FF439BC000DE1D7 /* CoreAudio.framework */,
				0097E3E40F3E9819005A4392 /* QuickTime.framework */,
				5323E6B50EAFCA7E003A9687 /* QTKit.framework */,
				5323E6B10EAFCA74003A9687 /* CoreVideo.framework */,
				53E3CDFB0E86099300238D2B /* Carbon.framework */,
				0091D8F80E81B9330029341E /* OpenGL.framework */,
				1058C7A1FEA54F0111CA2CBB /* Cocoa.framework */,
			);
			name = "Linked Frameworks";
			sourceTree = "<group>";
		};
		1058C7A2FEA54F0111CA2CBB /* Other Frameworks */ = {
			isa = PBXGroup;
			children = (
				29B97324FDCFA39411CA2CEA /* AppKit.framework */,
				13E42FB307B3F0F600E4EEF1 /* CoreData.framework */,
				29B97325FDCFA39411CA2CEA /* Foundation.framework */,
			);
			name = "Other Frameworks";
			sourceTree = "<group>";
		};
		19C28FACFE9D520D11CA2CBB /* Products */ = {
			isa = PBXGroup;
			children = (
				1FA853971B1DBC8300687554 /* OnOffStatic.app */,
			);
			name = Products;
			sourceTree = "<group>";
		};
		1F2DBB741B32FD520097CF9D /* libs */ = {
			isa = PBXGroup;
			children = (
				1F2DBB2E1B32FD320097CF9D /* libboost_date_time-mt.dylib */,
				1F2DBB2F1B32FD320097CF9D /* libboost_filesystem-mt.dylib */,
				1F2DBB301B32FD320097CF9D /* libboost_program_options-mt.dylib */,
				1F2DBB311B32FD320097CF9D /* libboost_serialization-mt.dylib */,
				1F2DBB321B32FD320097CF9D /* libboost_system-mt.dylib */,
				1F2DBB331B32FD320097CF9D /* libboost_thread-mt.dylib */,
				1F2DBB341B32FD320097CF9D /* libcrypto.1.0.0.dylib */,
				1F2DBB351B32FD320097CF9D /* libcurl.4.dylib */,
				1F2DBB361B32FD320097CF9D /* libiconv.2.dylib */,
				1F2DBB371B32FD320097CF9D /* libidn.11.dylib */,
				1F2DBB381B32FD320097CF9D /* libintl.8.dylib */,
				1F2DBB391B32FD320097CF9D /* libjpeg.9.dylib */,
				1F2DBB3A1B32FD320097CF9D /* liblzma.5.dylib */,
				1F2DBB3B1B32FD320097CF9D /* libOniFile.dylib */,
				1F2DBB3C1B32FD320097CF9D /* libopencv_calib3d.3.0.dylib */,
				1F2DBB3D1B32FD320097CF9D /* libopencv_core.3.0.dylib */,
				1F2DBB3E1B32FD320097CF9D /* libopencv_features2d.3.0.dylib */,
				1F2DBB3F1B32FD320097CF9D /* libopencv_flann.3.0.dylib */,
				1F2DBB401B32FD320097CF9D /* libopencv_highgui.3.0.dylib */,
				1F2DBB411B32FD320097CF9D /* libopencv_imgcodecs.3.0.dylib */,
				1F2DBB421B32FD320097CF9D /* libopencv_imgproc.3.0.dylib */,
				1F2DBB431B32FD320097CF9D /* libopencv_ml.3.0.dylib */,
				1F2DBB441B32FD320097CF9D /* libopencv_objdetect.3.0.dylib */,
				1F2DBB451B32FD320097CF9D /* libopencv_video.3.0.dylib */,
				1F2DBB461B32FD320097CF9D /* libopencv_videoio.3.0.dylib */,
				1F2DBB471B32FD320097CF9D /* libOpenNI2.dylib */,
				1F2DBB481B32FD320097CF9D /* libpng15.15.dylib */,
				1F2DBB491B32FD320097CF9D /* libPS1080.dylib */,
				1F2DBB4A1B32FD320097CF9D /* libPSLink.dylib */,
				1F2DBB4B1B32FD320097CF9D /* libssl.1.0.0.dylib */,
				1F2DBB4C1B32FD320097CF9D /* libtiff.5.dylib */,
				1F2DBB4D1B32FD320097CF9D /* libusb-1.0.0.dylib */,
				1F2DBB4E1B32FD320097CF9D /* libwebp.4.dylib */,
				1F2DBB4F1B32FD320097CF9D /* libz.1.dylib */,
				1F2DBB501B32FD320097CF9D /* OpenNI.ini */,
			);
			name = libs;
			sourceTree = "<group>";
		};
		1F2DBB7F1B32FD990097CF9D /* Models */ = {
			isa = PBXGroup;
			children = (
				1F2DBB751B32FD890097CF9D /* G_Static_Audio.dat */,
				1F2DBB761B32FD890097CF9D /* G_Static_Fwd.dat */,
				1F2DBB771B32FD890097CF9D /* G_Static_Pause.dat */,
				1F2DBB781B32FD890097CF9D /* G_Static_Silence.dat */,
				1F2DBB791B32FD890097CF9D /* G_Static_Tee.dat */,
			);
			name = Models;
			sourceTree = "<group>";
		};
		29B97314FDCFA39411CA2CEA /* Earthquake */ = {
			isa = PBXGroup;
			children = (
				A62AAFC51DA2777A008053A9 /* OpenNI.ini */,
				A62AAFC61DA2777A008053A9 /* libwebp.4.dylib */,
				A62AAFC71DA2777A008053A9 /* libusb-1.0.0.dylib */,
				A62AAFC81DA2777A008053A9 /* libturbojpeg.0.dylib */,
				A62AAFC91DA2777A008053A9 /* libtiff.5.dylib */,
				A62AAFCA1DA2777A008053A9 /* libssl.1.0.0.dylib */,
				A62AAFCB1DA2777A008053A9 /* libPSLink.dylib */,
				A62AAFCC1DA2777A008053A9 /* libPS1080.dylib */,
				A62AAFCD1DA2777A008053A9 /* libpng16.16.dylib */,
				A62AAFCE1DA2777A008053A9 /* liborbbec.dylib */,
				A62AAFCF1DA2777A008053A9 /* libOpenNI2.dylib */,
				A62AAFD01DA2777A008053A9 /* libopencv_videoio.3.0.dylib */,
				A62AAFD11DA2777A008053A9 /* libopencv_video.3.0.dylib */,
				A62AAFD21DA2777A008053A9 /* libopencv_objdetect.3.0.dylib */,
				A62AAFD31DA2777A008053A9 /* libopencv_ml.3.0.dylib */,
				A62AAFD41DA2777A008053A9 /* libopencv_imgproc.3.0.dylib */,
				A62AAFD51DA2777A008053A9 /* libopencv_imgcodecs.3.0.dylib */,
				A62AAFD61DA2777A008053A9 /* libopencv_highgui.3.0.dylib */,
				A62AAFD71DA2777A008053A9 /* libopencv_flann.3.0.dylib */,
				A62AAFD81DA2777A008053A9 /* libopencv_features2d.3.0.dylib */,
				A62AAFD91DA2777A008053A9 /* libopencv_core.3.0.dylib */,
				A62AAFDA1DA2777A008053A9 /* libopencv_calib3d.3.0.dylib */,
				A62AAFDB1DA2777A008053A9 /* libjpeg.9.dylib */,
				A62AAFDC1DA2777A008053A9 /* libintl.8.dylib */,
				A62AAFDD1DA2777A008053A9 /* libidn.11.dylib */,
				A62AAFDE1DA2777A008053A9 /* libiconv.2.dylib */,
				A62AAFDF1DA2777A008053A9 /* libglfw3.3.1.dylib */,
				A62AAFE01DA2777A008053A9 /* libfreenect2.0.1.dylib */,
				A62AAFE11DA2777A008053A9 /* libfreenect2.0.1.0.dylib */,
				A62AAFE21DA2777A008053A9 /* libcurl.4.dylib */,
				A62AAFE31DA2777A008053A9 /* libcrypto.1.0.0.dylib */,
				A62AAFE41DA2777A008053A9 /* libboost_thread-mt.dylib */,
				A62AAFE51DA2777A008053A9 /* libboost_system-mt.dylib */,
				A62AAFE61DA2777A008053A9 /* libboost_serialization-mt.dylib */,
				A62AAFE71DA2777A008053A9 /* libboost_program_options-mt.dylib */,
				A62AAFE81DA2777A008053A9 /* libboost_filesystem-mt.dylib */,
				A62AAFE91DA2777A008053A9 /* libboost_date_time-mt.dylib */,
				A1C2F85D1B413555001CFA33 /* OnOffStatic-Info.plist */,
				1F2DBB741B32FD520097CF9D /* libs */,
				A1E08DC21B147AD2003ED9FF /* cindergestooslib */,
				E104C53C0FFAB250008D4255 /* Headers */,
				080E96DDFE201D6D7F000001 /* Source */,
				29B97315FDCFA39411CA2CEA /* Other Sources */,
				29B97317FDCFA39411CA2CEA /* Resources */,
				29B97323FDCFA39411CA2CEA /* Frameworks */,
				19C28FACFE9D520D11CA2CBB /* Products */,
			);
			name = Earthquake;
			sourceTree = "<group>";
		};
		29B97315FDCFA39411CA2CEA /* Other Sources */ = {
			isa = PBXGroup;
			children = (
				32CA4F630368D1EE00C91783 /* OnOffStatic_Prefix.pch */,
			);
			name = "Other Sources";
			sourceTree = "<group>";
		};
		29B97317FDCFA39411CA2CEA /* Resources */ = {
			isa = PBXGroup;
			children = (
				1F2DBB7F1B32FD990097CF9D /* Models */,
				A1055AB31B27346A0053CE48 /* help.png */,
				A1055AA11B2706EE0053CE48 /* Images.xcassets */,
				A1325B1E1B170E54005E013C /* gest_ffwd_big.png */,
				A1325B1F1B170E54005E013C /* gest_pause_big.png */,
				A1325B201B170E54005E013C /* gest_rwd_big.png */,
				A1325B211B170E54005E013C /* gest_tee_big.png */,
				A1325B221B170E54005E013C /* gest_voldown_big.png */,
				A1325B231B170E54005E013C /* gest_volup_big.png */,
				A1325B1C1B170E44005E013C /* interactor_macos.cfg */,
				A1E08DCB1B147B19003ED9FF /* interactor.cfg */,
				8D1107310486CEB800E47090 /* Info.plist */,
			);
			name = Resources;
			sourceTree = "<group>";
		};
		29B97323FDCFA39411CA2CEA /* Frameworks */ = {
			isa = PBXGroup;
			children = (
				1058C7A0FEA54F0111CA2CBB /* Linked Frameworks */,
				1058C7A2FEA54F0111CA2CBB /* Other Frameworks */,
			);
			name = Frameworks;
			sourceTree = "<group>";
		};
		A1E08DC21B147AD2003ED9FF /* cindergestooslib */ = {
			isa = PBXGroup;
			children = (
				A1E08DC31B147AD2003ED9FF /* include */,
				A1E08DC61B147AD2003ED9FF /* src */,
			);
			name = cindergestooslib;
			path = ../../../cindergestooslib;
			sourceTree = "<group>";
		};
		A1E08DC31B147AD2003ED9FF /* include */ = {
			isa = PBXGroup;
			children = (
				A1055AB61B2734920053CE48 /* Help.h */,
				A1E08DC41B147AD2003ED9FF /* Cinderactor.h */,
				A1E08DC51B147AD2003ED9FF /* MovingRect.h */,
			);
			path = include;
			sourceTree = "<group>";
		};
		A1E08DC61B147AD2003ED9FF /* src */ = {
			isa = PBXGroup;
			children = (
				A1E08DC71B147AD2003ED9FF /* Cinderactor.cpp */,
				A1E08DC81B147AD2003ED9FF /* MovingRect.cpp */,
			);
			path = src;
			sourceTree = "<group>";
		};
		E104C53C0FFAB250008D4255 /* Headers */ = {
			isa = PBXGroup;
			children = (
				A1325B3F1B170FD2005E013C /* resource.h */,
				A1325B1B1B170E12005E013C /* GestureSwitch.h */,
			);
			name = Headers;
			sourceTree = "<group>";
		};
/* End PBXGroup section */

/* Begin PBXNativeTarget section */
		1FA853431B1DBC8300687554 /* OnOffStatic */ = {
			isa = PBXNativeTarget;
			buildConfigurationList = 1FA853941B1DBC8300687554 /* Build configuration list for PBXNativeTarget "OnOffStatic" */;
			buildPhases = (
				1FA853441B1DBC8300687554 /* Resources */,
				1FA8534D1B1DBC8300687554 /* Sources */,
				1FA853521B1DBC8300687554 /* Frameworks */,
				1FA8535D1B1DBC8300687554 /* CopyFiles */,
				1FA853631B1DBC8300687554 /* CopyFiles */,
			);
			buildRules = (
			);
			dependencies = (
			);
			name = OnOffStatic;
			productInstallPath = "$(HOME)/Applications";
			productName = Earthquake;
			productReference = 1FA853971B1DBC8300687554 /* OnOffStatic.app */;
			productType = "com.apple.product-type.application";
		};
/* End PBXNativeTarget section */

/* Begin PBXProject section */
		29B97313FDCFA39411CA2CEA /* Project object */ = {
			isa = PBXProject;
			attributes = {
				LastUpgradeCheck = 0420;
			};
			buildConfigurationList = C01FCF4E08A954540054247B /* Build configuration list for PBXProject "OnOffStatic" */;
			compatibilityVersion = "Xcode 3.2";
			developmentRegion = English;
			hasScannedForEncodings = 1;
			knownRegions = (
				English,
				Japanese,
				French,
				German,
			);
			mainGroup = 29B97314FDCFA39411CA2CEA /* Earthquake */;
			projectDirPath = "";
			projectRoot = "";
			targets = (
				1FA853431B1DBC8300687554 /* OnOffStatic */,
			);
		};
/* End PBXProject section */

/* Begin PBXResourcesBuildPhase section */
		1FA853441B1DBC8300687554 /* Resources */ = {
			isa = PBXResourcesBuildPhase;
			buildActionMask = 2147483647;
			files = (
				A1055AA31B2706FC0053CE48 /* Images.xcassets in Resources */,
				1FA853451B1DBC8300687554 /* interactor.cfg in Resources */,
				1FA853461B1DBC8300687554 /* gest_rwd_big.png in Resources */,
				1FA853471B1DBC8300687554 /* gest_tee_big.png in Resources */,
				1FA853481B1DBC8300687554 /* gest_voldown_big.png in Resources */,
				1FA853491B1DBC8300687554 /* gest_ffwd_big.png in Resources */,
				A1055AB51B27346A0053CE48 /* help.png in Resources */,
				1FA8534A1B1DBC8300687554 /* gest_pause_big.png in Resources */,
				A1C2F85E1B413555001CFA33 /* OnOffStatic-Info.plist in Resources */,
				1FA8534B1B1DBC8300687554 /* gest_volup_big.png in Resources */,
				1FA8534C1B1DBC8300687554 /* interactor_macos.cfg in Resources */,
			);
			runOnlyForDeploymentPostprocessing = 0;
		};
/* End PBXResourcesBuildPhase section */

/* Begin PBXSourcesBuildPhase section */
		1FA8534D1B1DBC8300687554 /* Sources */ = {
			isa = PBXSourcesBuildPhase;
			buildActionMask = 2147483647;
			files = (
				1FA8534E1B1DBC8300687554 /* mainApp.cpp in Sources */,
				1FA8534F1B1DBC8300687554 /* Cinderactor.cpp in Sources */,
				1FA853501B1DBC8300687554 /* MovingRect.cpp in Sources */,
				1FA853511B1DBC8300687554 /* GestureSwitch.cpp in Sources */,
			);
			runOnlyForDeploymentPostprocessing = 0;
		};
/* End PBXSourcesBuildPhase section */

/* Begin XCBuildConfiguration section */
		1FA853951B1DBC8300687554 /* Debug */ = {
			isa = XCBuildConfiguration;
			buildSettings = {
				ASSETCATALOG_COMPILER_APPICON_NAME = AppIcon;
				CINDER_PATH = ../../../lib/macos/cinder_0.8.6_mac;
				COPY_PHASE_STRIP = NO;
				FEZOOLIB_PATH = ../../../../lib/release/;
				FEZOOLIB_PATH_DEV = ../../../..;
				GCC_DYNAMIC_NO_PIC = NO;
				GCC_MODEL_TUNING = G5;
				GCC_OPTIMIZATION_LEVEL = 0;
				GCC_PRECOMPILE_PREFIX_HEADER = YES;
				GCC_PREFIX_HEADER = OnOffStatic_Prefix.pch;
				GCC_SYMBOLS_PRIVATE_EXTERN = NO;
				GESTOOS_SDK_LIB_PATH_DEV = "../../../../gestoosdk-osx-dependencies/osx_10_8";
				GESTOOS_SDK_PATH = ../../../..;
				HEADER_SEARCH_PATHS = (
					"$(CINDER_PATH)/boost",
					/usr/local/include,
					"\"$(GESTOOS_SDK_PATH)/third_party/include/OpenNI2/Include\"/**",
					"\"$(GESTOOS_SDK_PATH)/include\"",
					"\"$(GESTOOS_SDK_PATH)/third_party/include\"",
				);
				INFOPLIST_FILE = "OnOffStatic-Info.plist";
				INSTALL_PATH = "$(HOME)/Applications";
				LD_RUNPATH_SEARCH_PATHS = "@executable_path/";
				LIBRARY_SEARCH_PATHS = (
					"$(inherited)",
					"$(PROJECT_DIR)",
					"\"$(GESTOOS_SDK_PATH)/third_party/lib\"",
					"\"$(GESTOOS_SDK_PATH)/lib\"",
				);
				OTHER_LDFLAGS = (
					"$(CINDER_PATH)/lib/libcinder_d.a",
					"-lOpenNI2",
					"$(GESTOOS_SDK_PATH)/lib/release/libfezoolib.a",
					"-lopencv_highgui.3.0",
					"-lopencv_objdetect.3.0",
					"-lopencv_imgproc.3.0",
					"-lopencv_imgcodecs.3.0",
					"-lopencv_core.3.0",
					"-lopencv_calib3d.3.0",
					"-lopencv_video.3.0",
					"-lopencv_flann.3.0",
					"-lopencv_features2d.3.0",
					"-lopencv_ml.3.0",
					"-lboost_program_options-mt",
					"-lboost_date_time-mt",
					"-lboost_filesystem-mt",
					"-lboost_system-mt",
					"-lboost_thread-mt",
					"-lboost_serialization-mt",
					"-lcurl.4",
					"-lfreenect2.0.1",
				);
				PRODUCT_NAME = OnOffStatic;
				USER_HEADER_SEARCH_PATHS = "$(CINDER_PATH)/include ../include";
				WRAPPER_EXTENSION = app;
				ZERO_LINK = YES;
			};
			name = Debug;
		};
		1FA853961B1DBC8300687554 /* Release */ = {
			isa = XCBuildConfiguration;
			buildSettings = {
				ASSETCATALOG_COMPILER_APPICON_NAME = AppIcon;
				CINDER_PATH = ../../../lib/macos/cinder_0.8.6_mac;
				DEAD_CODE_STRIPPING = YES;
				DEBUG_INFORMATION_FORMAT = "dwarf-with-dsym";
				FEZOOLIB_PATH = ../../../../lib/release/;
				FEZOOLIB_PATH_DEV = ../../../..;
				GCC_FAST_MATH = YES;
				GCC_MODEL_TUNING = G5;
				GCC_OPTIMIZATION_LEVEL = 3;
				GCC_PRECOMPILE_PREFIX_HEADER = YES;
				GCC_PREFIX_HEADER = OnOffStatic_Prefix.pch;
				GCC_SYMBOLS_PRIVATE_EXTERN = NO;
				GESTOOS_SDK_LIB_PATH_DEV = "../../../../gestoosdk-osx-dependencies/osx_10_8";
				GESTOOS_SDK_PATH = ../../../..;
				HEADER_SEARCH_PATHS = (
					"$(CINDER_PATH)/boost",
					/usr/local/include,
					"\"$(GESTOOS_SDK_PATH)/third_party/include/OpenNI2/Include\"/**",
					"\"$(GESTOOS_SDK_PATH)/include\"",
					"\"$(GESTOOS_SDK_PATH)/third_party/include\"",
				);
				INFOPLIST_FILE = "OnOffStatic-Info.plist";
				INSTALL_PATH = "$(HOME)/Applications";
				LD_RUNPATH_SEARCH_PATHS = "@executable_path/";
				LIBRARY_SEARCH_PATHS = (
					"$(inherited)",
					"$(PROJECT_DIR)",
					"\"$(GESTOOS_SDK_PATH)/third_party/lib\"",
					"\"$(GESTOOS_SDK_PATH)/lib\"",
				);
				OTHER_LDFLAGS = (
					"$(CINDER_PATH)/lib/libcinder.a",
					"-lOpenNI2",
					"$(GESTOOS_SDK_PATH)/lib/release/libfezoolib.a",
					"-lopencv_highgui.3.0",
					"-lopencv_objdetect.3.0",
					"-lopencv_imgproc.3.0",
					"-lopencv_imgcodecs.3.0",
					"-lopencv_core.3.0",
					"-lopencv_calib3d.3.0",
					"-lopencv_video.3.0",
					"-lopencv_flann.3.0",
					"-lopencv_features2d.3.0",
					"-lopencv_ml.3.0",
					"-lboost_program_options-mt",
					"-lboost_date_time-mt",
					"-lboost_filesystem-mt",
					"-lboost_system-mt",
					"-lboost_thread-mt",
					"-lboost_serialization-mt",
					"-lcurl.4",
					"-lfreenect2.0.1",
				);
				PRODUCT_NAME = OnOffStatic;
				STRIP_INSTALLED_PRODUCT = YES;
				USER_HEADER_SEARCH_PATHS = "$(CINDER_PATH)/include ../include";
				WRAPPER_EXTENSION = app;
			};
			name = Release;
		};
		C01FCF4F08A954540054247B /* Debug */ = {
			isa = XCBuildConfiguration;
			buildSettings = {
				ALWAYS_SEARCH_USER_PATHS = NO;
				ARCHS = (
					i386,
					x86_64,
				);
				CINDER_PATH = ../../..;
				CLANG_CXX_LANGUAGE_STANDARD = "c++0x";
				CLANG_CXX_LIBRARY = "libc++";
				GCC_INLINES_ARE_PRIVATE_EXTERN = YES;
				GCC_WARN_ABOUT_RETURN_TYPE = YES;
				GCC_WARN_UNUSED_VARIABLE = YES;
				HEADER_SEARCH_PATHS = "$(CINDER_PATH)/boost";
				MACOSX_DEPLOYMENT_TARGET = 10.7;
				ONLY_ACTIVE_ARCH = YES;
				SDKROOT = macosx;
				USER_HEADER_SEARCH_PATHS = "$(CINDER_PATH)/include ../include";
			};
			name = Debug;
		};
		C01FCF5008A954540054247B /* Release */ = {
			isa = XCBuildConfiguration;
			buildSettings = {
				ALWAYS_SEARCH_USER_PATHS = NO;
				ARCHS = (
					i386,
					x86_64,
				);
				CINDER_PATH = ../../..;
				CLANG_CXX_LANGUAGE_STANDARD = "c++0x";
				CLANG_CXX_LIBRARY = "libc++";
				GCC_INLINES_ARE_PRIVATE_EXTERN = YES;
				GCC_WARN_ABOUT_RETURN_TYPE = YES;
				GCC_WARN_UNUSED_VARIABLE = YES;
				HEADER_SEARCH_PATHS = "$(CINDER_PATH)/boost";
				MACOSX_DEPLOYMENT_TARGET = 10.7;
				ONLY_ACTIVE_ARCH = YES;
				SDKROOT = macosx;
				USER_HEADER_SEARCH_PATHS = "$(CINDER_PATH)/include ../include";
			};
			name = Release;
		};
/* End XCBuildConfiguration section */

/* Begin XCConfigurationList section */
		1FA853941B1DBC8300687554 /* Build configuration list for PBXNativeTarget "OnOffStatic" */ = {
			isa = XCConfigurationList;
			buildConfigurations = (
				1FA853951B1DBC8300687554 /* Debug */,
				1FA853961B1DBC8300687554 /* Release */,
			);
			defaultConfigurationIsVisible = 0;
			defaultConfigurationName = Release;
		};
		C01FCF4E08A954540054247B /* Build configuration list for PBXProject "OnOffStatic" */ = {
			isa = XCConfigurationList;
			buildConfigurations = (
				C01FCF4F08A954540054247B /* Debug */,
				C01FCF5008A954540054247B /* Release */,
			);
			defaultConfigurationIsVisible = 0;
			defaultConfigurationName = Release;
		};
/* End XCConfigurationList section */
	};
	rootObject = 29B97313FDCFA39411CA2CEA /* Project object */;
}
